<?xml version="1.0" encoding="UTF-8"?>
<Project ToolsVersion="12.0" xmlns="http://schemas.microsoft.com/developer/msbuild/2003">
  <ItemGroup>
    <ClCompile Include="E:\B\MITK-superbuild\MITK-build\Modules\IGTBase\autoload\IO\us_init.cpp">
      <Filter>== Source Files ==</Filter>
    </ClCompile>
    <ClCompile Include="E:\B\MITK\Modules\IGTBase\autoload\IO\mitkIGTBaseActivator.cpp">
      <Filter>== Source Files ==</Filter>
    </ClCompile>
    <ClCompile Include="E:\B\MITK\Modules\IGTBase\autoload\IO\mitkNavigationDataSetWriterXML.cpp">
      <Filter>== Source Files ==</Filter>
    </ClCompile>
    <ClCompile Include="E:\B\MITK\Modules\IGTBase\autoload\IO\mitkNavigationDataSetWriterCSV.cpp">
      <Filter>== Source Files ==</Filter>
    </ClCompile>
    <ClCompile Include="E:\B\MITK\Modules\IGTBase\autoload\IO\mitkNavigationDataReaderXML.cpp">
      <Filter>== Source Files ==</Filter>
    </ClCompile>
    <ClCompile Include="E:\B\MITK\Modules\IGTBase\autoload\IO\mitkNavigationDataReaderCSV.cpp">
      <Filter>== Source Files ==</Filter>
    </ClCompile>
  </ItemGroup>
  <ItemGroup>
    <ClInclude Include="E:\B\MITK\Modules\IGTBase\autoload\IO\mitkIGTBaseActivator.h">
      <Filter>== Header Files ==</Filter>
    </ClInclude>
    <ClInclude Include="E:\B\MITK\Modules\IGTBase\autoload\IO\mitkNavigationDataSetWriterXML.h">
      <Filter>== Header Files ==</Filter>
    </ClInclude>
    <ClInclude Include="E:\B\MITK\Modules\IGTBase\autoload\IO\mitkNavigationDataSetWriterCSV.h">
      <Filter>== Header Files ==</Filter>
    </ClInclude>
    <ClInclude Include="E:\B\MITK\Modules\IGTBase\autoload\IO\mitkNavigationDataReaderXML.h">
      <Filter>== Header Files ==</Filter>
    </ClInclude>
    <ClInclude Include="E:\B\MITK\Modules\IGTBase\autoload\IO\mitkNavigationDataReaderCSV.h">
      <Filter>== Header Files ==</Filter>
    </ClInclude>
  </ItemGroup>
  <ItemGroup>
    <CustomBuild Include="E:\B\MITK\Modules\IGTBase\autoload\IO\CMakeLists.txt" />
  </ItemGroup>
  <ItemGroup>
    <Filter Include="== Source Files ==">
      <UniqueIdentifier>{F74E9849-2BD8-37FC-AB16-9CC15E842EFB}</UniqueIdentifier>
    </Filter>
    <Filter Include="== Header Files ==">
      <UniqueIdentifier>{5CB12AE6-547A-3229-B71A-F7731BC56B56}</UniqueIdentifier>
    </Filter>
  </ItemGroup>
</Project>
