Microsoft Visual Studio Solution File, Format Version 12.00
# Visual Studio 2013
Project("{8BC9CEB8-8B4A-11D0-8D11-00A0C91BC942}") = "ALL_BUILD", "ALL_BUILD.vcxproj", "{1FA9D5EF-6E70-3395-A5D0-7DC083280670}"
	ProjectSection(ProjectDependencies) = postProject
		{11522B6F-7FCB-3AC7-A3FA-DA3ED4B4CA87} = {11522B6F-7FCB-3AC7-A3FA-DA3ED4B4CA87}
		{DD8B5137-7A0E-3123-B26F-A07A7B18C802} = {DD8B5137-7A0E-3123-B26F-A07A7B18C802}
		{09CE5AA7-61BB-3F0F-BE09-991CEC5D2829} = {09CE5AA7-61BB-3F0F-BE09-991CEC5D2829}
		{12FE2CFA-20EC-3973-91D4-D2F5BD0E2317} = {12FE2CFA-20EC-3973-91D4-D2F5BD0E2317}
		{0E47AC37-04C0-358F-8D43-85387CA4BA58} = {0E47AC37-04C0-358F-8D43-85387CA4BA58}
		{AD1E3338-8EC4-3256-9CEC-B5C662348D3C} = {AD1E3338-8EC4-3256-9CEC-B5C662348D3C}
		{1A1E2C88-A360-3B11-8B0F-E411BFAC9B92} = {1A1E2C88-A360-3B11-8B0F-E411BFAC9B92}
		{777FFCBB-3303-37B3-A8DB-3C225425BF78} = {777FFCBB-3303-37B3-A8DB-3C225425BF78}
		{9852C55E-069A-35E2-A395-DAF486827AB5} = {9852C55E-069A-35E2-A395-DAF486827AB5}
		{FB764000-C0FD-3377-9F0C-A818A05A2ACF} = {FB764000-C0FD-3377-9F0C-A818A05A2ACF}
		{9E60447E-ED86-318C-9284-691CFA566779} = {9E60447E-ED86-318C-9284-691CFA566779}
	EndProjectSection
EndProject
Project("{8BC9CEB8-8B4A-11D0-8D11-00A0C91BC942}") = "INSTALL", "INSTALL.vcxproj", "{FA9E2517-6467-36BF-A239-6564330ED7D1}"
	ProjectSection(ProjectDependencies) = postProject
		{1FA9D5EF-6E70-3395-A5D0-7DC083280670} = {1FA9D5EF-6E70-3395-A5D0-7DC083280670}
		{11522B6F-7FCB-3AC7-A3FA-DA3ED4B4CA87} = {11522B6F-7FCB-3AC7-A3FA-DA3ED4B4CA87}
	EndProjectSection
EndProject
Project("{8BC9CEB8-8B4A-11D0-8D11-00A0C91BC942}") = "RUN_TESTS", "RUN_TESTS.vcxproj", "{69D8ECED-BBD0-3B5D-8422-94009EBC1C73}"
	ProjectSection(ProjectDependencies) = postProject
		{11522B6F-7FCB-3AC7-A3FA-DA3ED4B4CA87} = {11522B6F-7FCB-3AC7-A3FA-DA3ED4B4CA87}
	EndProjectSection
EndProject
Project("{8BC9CEB8-8B4A-11D0-8D11-00A0C91BC942}") = "ZERO_CHECK", "..\\ZERO_CHECK.vcxproj", "{11522B6F-7FCB-3AC7-A3FA-DA3ED4B4CA87}"
	ProjectSection(ProjectDependencies) = postProject
	EndProjectSection
EndProject
Project("{8BC9CEB8-8B4A-11D0-8D11-00A0C91BC942}") = "charls", "..\dcmjpls\libcharls\charls.vcxproj", "{158D8993-2835-30DC-A0BF-C3ECA0AD7BB1}"
	ProjectSection(ProjectDependencies) = postProject
		{11522B6F-7FCB-3AC7-A3FA-DA3ED4B4CA87} = {11522B6F-7FCB-3AC7-A3FA-DA3ED4B4CA87}
	EndProjectSection
EndProject
Project("{8BC9CEB8-8B4A-11D0-8D11-00A0C91BC942}") = "dcmdata", "..\dcmdata\libsrc\dcmdata.vcxproj", "{EE2EE8FA-A564-3041-A61C-6CE160F1502D}"
	ProjectSection(ProjectDependencies) = postProject
		{11522B6F-7FCB-3AC7-A3FA-DA3ED4B4CA87} = {11522B6F-7FCB-3AC7-A3FA-DA3ED4B4CA87}
		{629E81B1-4C44-3BB8-B7FB-0C00F7A4BB10} = {629E81B1-4C44-3BB8-B7FB-0C00F7A4BB10}
		{6774B1D1-3C3B-38FB-A3AF-9DCA1A845257} = {6774B1D1-3C3B-38FB-A3AF-9DCA1A845257}
	EndProjectSection
EndProject
Project("{8BC9CEB8-8B4A-11D0-8D11-00A0C91BC942}") = "dcmimage", "..\dcmimage\libsrc\dcmimage.vcxproj", "{285DC978-D927-3F17-B442-B67B853B944B}"
	ProjectSection(ProjectDependencies) = postProject
		{11522B6F-7FCB-3AC7-A3FA-DA3ED4B4CA87} = {11522B6F-7FCB-3AC7-A3FA-DA3ED4B4CA87}
		{EE2EE8FA-A564-3041-A61C-6CE160F1502D} = {EE2EE8FA-A564-3041-A61C-6CE160F1502D}
		{D8410735-42C5-34F2-AB57-C96F4909C477} = {D8410735-42C5-34F2-AB57-C96F4909C477}
		{629E81B1-4C44-3BB8-B7FB-0C00F7A4BB10} = {629E81B1-4C44-3BB8-B7FB-0C00F7A4BB10}
		{6774B1D1-3C3B-38FB-A3AF-9DCA1A845257} = {6774B1D1-3C3B-38FB-A3AF-9DCA1A845257}
	EndProjectSection
EndProject
Project("{8BC9CEB8-8B4A-11D0-8D11-00A0C91BC942}") = "dcmimgle", "..\dcmimgle\libsrc\dcmimgle.vcxproj", "{D8410735-42C5-34F2-AB57-C96F4909C477}"
	ProjectSection(ProjectDependencies) = postProject
		{11522B6F-7FCB-3AC7-A3FA-DA3ED4B4CA87} = {11522B6F-7FCB-3AC7-A3FA-DA3ED4B4CA87}
		{EE2EE8FA-A564-3041-A61C-6CE160F1502D} = {EE2EE8FA-A564-3041-A61C-6CE160F1502D}
		{629E81B1-4C44-3BB8-B7FB-0C00F7A4BB10} = {629E81B1-4C44-3BB8-B7FB-0C00F7A4BB10}
		{6774B1D1-3C3B-38FB-A3AF-9DCA1A845257} = {6774B1D1-3C3B-38FB-A3AF-9DCA1A845257}
	EndProjectSection
EndProject
Project("{8BC9CEB8-8B4A-11D0-8D11-00A0C91BC942}") = "dcmjpeg", "..\dcmjpeg\libsrc\dcmjpeg.vcxproj", "{68BF4632-A826-3F30-A907-A5D9027624EF}"
	ProjectSection(ProjectDependencies) = postProject
		{11522B6F-7FCB-3AC7-A3FA-DA3ED4B4CA87} = {11522B6F-7FCB-3AC7-A3FA-DA3ED4B4CA87}
		{EE2EE8FA-A564-3041-A61C-6CE160F1502D} = {EE2EE8FA-A564-3041-A61C-6CE160F1502D}
		{285DC978-D927-3F17-B442-B67B853B944B} = {285DC978-D927-3F17-B442-B67B853B944B}
		{D8410735-42C5-34F2-AB57-C96F4909C477} = {D8410735-42C5-34F2-AB57-C96F4909C477}
		{B6E155AB-F71A-3B4D-A061-C3B5E6749D3E} = {B6E155AB-F71A-3B4D-A061-C3B5E6749D3E}
		{C804D518-1FB8-3DFB-A8A7-D2DD860E77ED} = {C804D518-1FB8-3DFB-A8A7-D2DD860E77ED}
		{83BBC85A-5069-3AE4-B9C4-C2419A150ABB} = {83BBC85A-5069-3AE4-B9C4-C2419A150ABB}
		{629E81B1-4C44-3BB8-B7FB-0C00F7A4BB10} = {629E81B1-4C44-3BB8-B7FB-0C00F7A4BB10}
		{6774B1D1-3C3B-38FB-A3AF-9DCA1A845257} = {6774B1D1-3C3B-38FB-A3AF-9DCA1A845257}
	EndProjectSection
EndProject
Project("{8BC9CEB8-8B4A-11D0-8D11-00A0C91BC942}") = "dcmjpls", "..\dcmjpls\libsrc\dcmjpls.vcxproj", "{FB6707F0-67AF-318C-A360-F283171E9261}"
	ProjectSection(ProjectDependencies) = postProject
		{11522B6F-7FCB-3AC7-A3FA-DA3ED4B4CA87} = {11522B6F-7FCB-3AC7-A3FA-DA3ED4B4CA87}
		{158D8993-2835-30DC-A0BF-C3ECA0AD7BB1} = {158D8993-2835-30DC-A0BF-C3ECA0AD7BB1}
		{EE2EE8FA-A564-3041-A61C-6CE160F1502D} = {EE2EE8FA-A564-3041-A61C-6CE160F1502D}
		{285DC978-D927-3F17-B442-B67B853B944B} = {285DC978-D927-3F17-B442-B67B853B944B}
		{D8410735-42C5-34F2-AB57-C96F4909C477} = {D8410735-42C5-34F2-AB57-C96F4909C477}
		{629E81B1-4C44-3BB8-B7FB-0C00F7A4BB10} = {629E81B1-4C44-3BB8-B7FB-0C00F7A4BB10}
		{6774B1D1-3C3B-38FB-A3AF-9DCA1A845257} = {6774B1D1-3C3B-38FB-A3AF-9DCA1A845257}
	EndProjectSection
EndProject
Project("{8BC9CEB8-8B4A-11D0-8D11-00A0C91BC942}") = "dcmnet", "libsrc\dcmnet.vcxproj", "{DD8B5137-7A0E-3123-B26F-A07A7B18C802}"
	ProjectSection(ProjectDependencies) = postProject
		{11522B6F-7FCB-3AC7-A3FA-DA3ED4B4CA87} = {11522B6F-7FCB-3AC7-A3FA-DA3ED4B4CA87}
		{EE2EE8FA-A564-3041-A61C-6CE160F1502D} = {EE2EE8FA-A564-3041-A61C-6CE160F1502D}
		{629E81B1-4C44-3BB8-B7FB-0C00F7A4BB10} = {629E81B1-4C44-3BB8-B7FB-0C00F7A4BB10}
		{6774B1D1-3C3B-38FB-A3AF-9DCA1A845257} = {6774B1D1-3C3B-38FB-A3AF-9DCA1A845257}
	EndProjectSection
EndProject
Project("{8BC9CEB8-8B4A-11D0-8D11-00A0C91BC942}") = "dcmnet_tests", "tests\dcmnet_tests.vcxproj", "{09CE5AA7-61BB-3F0F-BE09-991CEC5D2829}"
	ProjectSection(ProjectDependencies) = postProject
		{11522B6F-7FCB-3AC7-A3FA-DA3ED4B4CA87} = {11522B6F-7FCB-3AC7-A3FA-DA3ED4B4CA87}
		{EE2EE8FA-A564-3041-A61C-6CE160F1502D} = {EE2EE8FA-A564-3041-A61C-6CE160F1502D}
		{DD8B5137-7A0E-3123-B26F-A07A7B18C802} = {DD8B5137-7A0E-3123-B26F-A07A7B18C802}
		{629E81B1-4C44-3BB8-B7FB-0C00F7A4BB10} = {629E81B1-4C44-3BB8-B7FB-0C00F7A4BB10}
		{6774B1D1-3C3B-38FB-A3AF-9DCA1A845257} = {6774B1D1-3C3B-38FB-A3AF-9DCA1A845257}
	EndProjectSection
EndProject
Project("{8BC9CEB8-8B4A-11D0-8D11-00A0C91BC942}") = "dcmsend", "apps\dcmsend.vcxproj", "{12FE2CFA-20EC-3973-91D4-D2F5BD0E2317}"
	ProjectSection(ProjectDependencies) = postProject
		{11522B6F-7FCB-3AC7-A3FA-DA3ED4B4CA87} = {11522B6F-7FCB-3AC7-A3FA-DA3ED4B4CA87}
		{158D8993-2835-30DC-A0BF-C3ECA0AD7BB1} = {158D8993-2835-30DC-A0BF-C3ECA0AD7BB1}
		{EE2EE8FA-A564-3041-A61C-6CE160F1502D} = {EE2EE8FA-A564-3041-A61C-6CE160F1502D}
		{285DC978-D927-3F17-B442-B67B853B944B} = {285DC978-D927-3F17-B442-B67B853B944B}
		{D8410735-42C5-34F2-AB57-C96F4909C477} = {D8410735-42C5-34F2-AB57-C96F4909C477}
		{68BF4632-A826-3F30-A907-A5D9027624EF} = {68BF4632-A826-3F30-A907-A5D9027624EF}
		{FB6707F0-67AF-318C-A360-F283171E9261} = {FB6707F0-67AF-318C-A360-F283171E9261}
		{DD8B5137-7A0E-3123-B26F-A07A7B18C802} = {DD8B5137-7A0E-3123-B26F-A07A7B18C802}
		{B6E155AB-F71A-3B4D-A061-C3B5E6749D3E} = {B6E155AB-F71A-3B4D-A061-C3B5E6749D3E}
		{C804D518-1FB8-3DFB-A8A7-D2DD860E77ED} = {C804D518-1FB8-3DFB-A8A7-D2DD860E77ED}
		{83BBC85A-5069-3AE4-B9C4-C2419A150ABB} = {83BBC85A-5069-3AE4-B9C4-C2419A150ABB}
		{629E81B1-4C44-3BB8-B7FB-0C00F7A4BB10} = {629E81B1-4C44-3BB8-B7FB-0C00F7A4BB10}
		{6774B1D1-3C3B-38FB-A3AF-9DCA1A845257} = {6774B1D1-3C3B-38FB-A3AF-9DCA1A845257}
	EndProjectSection
EndProject
Project("{8BC9CEB8-8B4A-11D0-8D11-00A0C91BC942}") = "dcmtls", "..\dcmtls\libsrc\dcmtls.vcxproj", "{2FF04FD3-0620-344D-963C-CB6614017271}"
	ProjectSection(ProjectDependencies) = postProject
		{11522B6F-7FCB-3AC7-A3FA-DA3ED4B4CA87} = {11522B6F-7FCB-3AC7-A3FA-DA3ED4B4CA87}
		{EE2EE8FA-A564-3041-A61C-6CE160F1502D} = {EE2EE8FA-A564-3041-A61C-6CE160F1502D}
		{DD8B5137-7A0E-3123-B26F-A07A7B18C802} = {DD8B5137-7A0E-3123-B26F-A07A7B18C802}
		{629E81B1-4C44-3BB8-B7FB-0C00F7A4BB10} = {629E81B1-4C44-3BB8-B7FB-0C00F7A4BB10}
		{6774B1D1-3C3B-38FB-A3AF-9DCA1A845257} = {6774B1D1-3C3B-38FB-A3AF-9DCA1A845257}
	EndProjectSection
EndProject
Project("{8BC9CEB8-8B4A-11D0-8D11-00A0C91BC942}") = "echoscu", "apps\echoscu.vcxproj", "{0E47AC37-04C0-358F-8D43-85387CA4BA58}"
	ProjectSection(ProjectDependencies) = postProject
		{11522B6F-7FCB-3AC7-A3FA-DA3ED4B4CA87} = {11522B6F-7FCB-3AC7-A3FA-DA3ED4B4CA87}
		{EE2EE8FA-A564-3041-A61C-6CE160F1502D} = {EE2EE8FA-A564-3041-A61C-6CE160F1502D}
		{DD8B5137-7A0E-3123-B26F-A07A7B18C802} = {DD8B5137-7A0E-3123-B26F-A07A7B18C802}
		{2FF04FD3-0620-344D-963C-CB6614017271} = {2FF04FD3-0620-344D-963C-CB6614017271}
		{629E81B1-4C44-3BB8-B7FB-0C00F7A4BB10} = {629E81B1-4C44-3BB8-B7FB-0C00F7A4BB10}
		{6774B1D1-3C3B-38FB-A3AF-9DCA1A845257} = {6774B1D1-3C3B-38FB-A3AF-9DCA1A845257}
	EndProjectSection
EndProject
Project("{8BC9CEB8-8B4A-11D0-8D11-00A0C91BC942}") = "findscu", "apps\findscu.vcxproj", "{AD1E3338-8EC4-3256-9CEC-B5C662348D3C}"
	ProjectSection(ProjectDependencies) = postProject
		{11522B6F-7FCB-3AC7-A3FA-DA3ED4B4CA87} = {11522B6F-7FCB-3AC7-A3FA-DA3ED4B4CA87}
		{EE2EE8FA-A564-3041-A61C-6CE160F1502D} = {EE2EE8FA-A564-3041-A61C-6CE160F1502D}
		{DD8B5137-7A0E-3123-B26F-A07A7B18C802} = {DD8B5137-7A0E-3123-B26F-A07A7B18C802}
		{2FF04FD3-0620-344D-963C-CB6614017271} = {2FF04FD3-0620-344D-963C-CB6614017271}
		{629E81B1-4C44-3BB8-B7FB-0C00F7A4BB10} = {629E81B1-4C44-3BB8-B7FB-0C00F7A4BB10}
		{6774B1D1-3C3B-38FB-A3AF-9DCA1A845257} = {6774B1D1-3C3B-38FB-A3AF-9DCA1A845257}
	EndProjectSection
EndProject
Project("{8BC9CEB8-8B4A-11D0-8D11-00A0C91BC942}") = "getscu", "apps\getscu.vcxproj", "{1A1E2C88-A360-3B11-8B0F-E411BFAC9B92}"
	ProjectSection(ProjectDependencies) = postProject
		{11522B6F-7FCB-3AC7-A3FA-DA3ED4B4CA87} = {11522B6F-7FCB-3AC7-A3FA-DA3ED4B4CA87}
		{EE2EE8FA-A564-3041-A61C-6CE160F1502D} = {EE2EE8FA-A564-3041-A61C-6CE160F1502D}
		{DD8B5137-7A0E-3123-B26F-A07A7B18C802} = {DD8B5137-7A0E-3123-B26F-A07A7B18C802}
		{629E81B1-4C44-3BB8-B7FB-0C00F7A4BB10} = {629E81B1-4C44-3BB8-B7FB-0C00F7A4BB10}
		{6774B1D1-3C3B-38FB-A3AF-9DCA1A845257} = {6774B1D1-3C3B-38FB-A3AF-9DCA1A845257}
	EndProjectSection
EndProject
Project("{8BC9CEB8-8B4A-11D0-8D11-00A0C91BC942}") = "ijg12", "..\dcmjpeg\libijg12\ijg12.vcxproj", "{B6E155AB-F71A-3B4D-A061-C3B5E6749D3E}"
	ProjectSection(ProjectDependencies) = postProject
		{11522B6F-7FCB-3AC7-A3FA-DA3ED4B4CA87} = {11522B6F-7FCB-3AC7-A3FA-DA3ED4B4CA87}
	EndProjectSection
EndProject
Project("{8BC9CEB8-8B4A-11D0-8D11-00A0C91BC942}") = "ijg16", "..\dcmjpeg\libijg16\ijg16.vcxproj", "{C804D518-1FB8-3DFB-A8A7-D2DD860E77ED}"
	ProjectSection(ProjectDependencies) = postProject
		{11522B6F-7FCB-3AC7-A3FA-DA3ED4B4CA87} = {11522B6F-7FCB-3AC7-A3FA-DA3ED4B4CA87}
	EndProjectSection
EndProject
Project("{8BC9CEB8-8B4A-11D0-8D11-00A0C91BC942}") = "ijg8", "..\dcmjpeg\libijg8\ijg8.vcxproj", "{83BBC85A-5069-3AE4-B9C4-C2419A150ABB}"
	ProjectSection(ProjectDependencies) = postProject
		{11522B6F-7FCB-3AC7-A3FA-DA3ED4B4CA87} = {11522B6F-7FCB-3AC7-A3FA-DA3ED4B4CA87}
	EndProjectSection
EndProject
Project("{8BC9CEB8-8B4A-11D0-8D11-00A0C91BC942}") = "movescu", "apps\movescu.vcxproj", "{777FFCBB-3303-37B3-A8DB-3C225425BF78}"
	ProjectSection(ProjectDependencies) = postProject
		{11522B6F-7FCB-3AC7-A3FA-DA3ED4B4CA87} = {11522B6F-7FCB-3AC7-A3FA-DA3ED4B4CA87}
		{EE2EE8FA-A564-3041-A61C-6CE160F1502D} = {EE2EE8FA-A564-3041-A61C-6CE160F1502D}
		{DD8B5137-7A0E-3123-B26F-A07A7B18C802} = {DD8B5137-7A0E-3123-B26F-A07A7B18C802}
		{629E81B1-4C44-3BB8-B7FB-0C00F7A4BB10} = {629E81B1-4C44-3BB8-B7FB-0C00F7A4BB10}
		{6774B1D1-3C3B-38FB-A3AF-9DCA1A845257} = {6774B1D1-3C3B-38FB-A3AF-9DCA1A845257}
	EndProjectSection
EndProject
Project("{8BC9CEB8-8B4A-11D0-8D11-00A0C91BC942}") = "oflog", "..\oflog\libsrc\oflog.vcxproj", "{629E81B1-4C44-3BB8-B7FB-0C00F7A4BB10}"
	ProjectSection(ProjectDependencies) = postProject
		{11522B6F-7FCB-3AC7-A3FA-DA3ED4B4CA87} = {11522B6F-7FCB-3AC7-A3FA-DA3ED4B4CA87}
		{6774B1D1-3C3B-38FB-A3AF-9DCA1A845257} = {6774B1D1-3C3B-38FB-A3AF-9DCA1A845257}
	EndProjectSection
EndProject
Project("{8BC9CEB8-8B4A-11D0-8D11-00A0C91BC942}") = "ofstd", "..\ofstd\libsrc\ofstd.vcxproj", "{6774B1D1-3C3B-38FB-A3AF-9DCA1A845257}"
	ProjectSection(ProjectDependencies) = postProject
		{11522B6F-7FCB-3AC7-A3FA-DA3ED4B4CA87} = {11522B6F-7FCB-3AC7-A3FA-DA3ED4B4CA87}
	EndProjectSection
EndProject
Project("{8BC9CEB8-8B4A-11D0-8D11-00A0C91BC942}") = "storescp", "apps\storescp.vcxproj", "{9852C55E-069A-35E2-A395-DAF486827AB5}"
	ProjectSection(ProjectDependencies) = postProject
		{11522B6F-7FCB-3AC7-A3FA-DA3ED4B4CA87} = {11522B6F-7FCB-3AC7-A3FA-DA3ED4B4CA87}
		{EE2EE8FA-A564-3041-A61C-6CE160F1502D} = {EE2EE8FA-A564-3041-A61C-6CE160F1502D}
		{DD8B5137-7A0E-3123-B26F-A07A7B18C802} = {DD8B5137-7A0E-3123-B26F-A07A7B18C802}
		{2FF04FD3-0620-344D-963C-CB6614017271} = {2FF04FD3-0620-344D-963C-CB6614017271}
		{629E81B1-4C44-3BB8-B7FB-0C00F7A4BB10} = {629E81B1-4C44-3BB8-B7FB-0C00F7A4BB10}
		{6774B1D1-3C3B-38FB-A3AF-9DCA1A845257} = {6774B1D1-3C3B-38FB-A3AF-9DCA1A845257}
	EndProjectSection
EndProject
Project("{8BC9CEB8-8B4A-11D0-8D11-00A0C91BC942}") = "storescu", "apps\storescu.vcxproj", "{FB764000-C0FD-3377-9F0C-A818A05A2ACF}"
	ProjectSection(ProjectDependencies) = postProject
		{11522B6F-7FCB-3AC7-A3FA-DA3ED4B4CA87} = {11522B6F-7FCB-3AC7-A3FA-DA3ED4B4CA87}
		{EE2EE8FA-A564-3041-A61C-6CE160F1502D} = {EE2EE8FA-A564-3041-A61C-6CE160F1502D}
		{DD8B5137-7A0E-3123-B26F-A07A7B18C802} = {DD8B5137-7A0E-3123-B26F-A07A7B18C802}
		{2FF04FD3-0620-344D-963C-CB6614017271} = {2FF04FD3-0620-344D-963C-CB6614017271}
		{629E81B1-4C44-3BB8-B7FB-0C00F7A4BB10} = {629E81B1-4C44-3BB8-B7FB-0C00F7A4BB10}
		{6774B1D1-3C3B-38FB-A3AF-9DCA1A845257} = {6774B1D1-3C3B-38FB-A3AF-9DCA1A845257}
	EndProjectSection
EndProject
Project("{8BC9CEB8-8B4A-11D0-8D11-00A0C91BC942}") = "termscu", "apps\termscu.vcxproj", "{9E60447E-ED86-318C-9284-691CFA566779}"
	ProjectSection(ProjectDependencies) = postProject
		{11522B6F-7FCB-3AC7-A3FA-DA3ED4B4CA87} = {11522B6F-7FCB-3AC7-A3FA-DA3ED4B4CA87}
		{EE2EE8FA-A564-3041-A61C-6CE160F1502D} = {EE2EE8FA-A564-3041-A61C-6CE160F1502D}
		{DD8B5137-7A0E-3123-B26F-A07A7B18C802} = {DD8B5137-7A0E-3123-B26F-A07A7B18C802}
		{629E81B1-4C44-3BB8-B7FB-0C00F7A4BB10} = {629E81B1-4C44-3BB8-B7FB-0C00F7A4BB10}
		{6774B1D1-3C3B-38FB-A3AF-9DCA1A845257} = {6774B1D1-3C3B-38FB-A3AF-9DCA1A845257}
	EndProjectSection
EndProject
Global
	GlobalSection(SolutionConfigurationPlatforms) = preSolution
		Debug|Win32 = Debug|Win32
		Release|Win32 = Release|Win32
		MinSizeRel|Win32 = MinSizeRel|Win32
		RelWithDebInfo|Win32 = RelWithDebInfo|Win32
	EndGlobalSection
	GlobalSection(ProjectConfigurationPlatforms) = postSolution
		{1FA9D5EF-6E70-3395-A5D0-7DC083280670}.Debug|Win32.ActiveCfg = Debug|Win32
		{1FA9D5EF-6E70-3395-A5D0-7DC083280670}.Debug|Win32.Build.0 = Debug|Win32
		{1FA9D5EF-6E70-3395-A5D0-7DC083280670}.Release|Win32.ActiveCfg = Release|Win32
		{1FA9D5EF-6E70-3395-A5D0-7DC083280670}.Release|Win32.Build.0 = Release|Win32
		{1FA9D5EF-6E70-3395-A5D0-7DC083280670}.MinSizeRel|Win32.ActiveCfg = MinSizeRel|Win32
		{1FA9D5EF-6E70-3395-A5D0-7DC083280670}.MinSizeRel|Win32.Build.0 = MinSizeRel|Win32
		{1FA9D5EF-6E70-3395-A5D0-7DC083280670}.RelWithDebInfo|Win32.ActiveCfg = RelWithDebInfo|Win32
		{1FA9D5EF-6E70-3395-A5D0-7DC083280670}.RelWithDebInfo|Win32.Build.0 = RelWithDebInfo|Win32
		{FA9E2517-6467-36BF-A239-6564330ED7D1}.Debug|Win32.ActiveCfg = Debug|Win32
		{FA9E2517-6467-36BF-A239-6564330ED7D1}.Release|Win32.ActiveCfg = Release|Win32
		{FA9E2517-6467-36BF-A239-6564330ED7D1}.MinSizeRel|Win32.ActiveCfg = MinSizeRel|Win32
		{FA9E2517-6467-36BF-A239-6564330ED7D1}.RelWithDebInfo|Win32.ActiveCfg = RelWithDebInfo|Win32
		{69D8ECED-BBD0-3B5D-8422-94009EBC1C73}.Debug|Win32.ActiveCfg = Debug|Win32
		{69D8ECED-BBD0-3B5D-8422-94009EBC1C73}.Release|Win32.ActiveCfg = Release|Win32
		{69D8ECED-BBD0-3B5D-8422-94009EBC1C73}.MinSizeRel|Win32.ActiveCfg = MinSizeRel|Win32
		{69D8ECED-BBD0-3B5D-8422-94009EBC1C73}.RelWithDebInfo|Win32.ActiveCfg = RelWithDebInfo|Win32
		{11522B6F-7FCB-3AC7-A3FA-DA3ED4B4CA87}.Debug|Win32.ActiveCfg = Debug|Win32
		{11522B6F-7FCB-3AC7-A3FA-DA3ED4B4CA87}.Debug|Win32.Build.0 = Debug|Win32
		{11522B6F-7FCB-3AC7-A3FA-DA3ED4B4CA87}.Release|Win32.ActiveCfg = Release|Win32
		{11522B6F-7FCB-3AC7-A3FA-DA3ED4B4CA87}.Release|Win32.Build.0 = Release|Win32
		{11522B6F-7FCB-3AC7-A3FA-DA3ED4B4CA87}.MinSizeRel|Win32.ActiveCfg = MinSizeRel|Win32
		{11522B6F-7FCB-3AC7-A3FA-DA3ED4B4CA87}.MinSizeRel|Win32.Build.0 = MinSizeRel|Win32
		{11522B6F-7FCB-3AC7-A3FA-DA3ED4B4CA87}.RelWithDebInfo|Win32.ActiveCfg = RelWithDebInfo|Win32
		{11522B6F-7FCB-3AC7-A3FA-DA3ED4B4CA87}.RelWithDebInfo|Win32.Build.0 = RelWithDebInfo|Win32
		{158D8993-2835-30DC-A0BF-C3ECA0AD7BB1}.Debug|Win32.ActiveCfg = Debug|Win32
		{158D8993-2835-30DC-A0BF-C3ECA0AD7BB1}.Debug|Win32.Build.0 = Debug|Win32
		{158D8993-2835-30DC-A0BF-C3ECA0AD7BB1}.Release|Win32.ActiveCfg = Release|Win32
		{158D8993-2835-30DC-A0BF-C3ECA0AD7BB1}.Release|Win32.Build.0 = Release|Win32
		{158D8993-2835-30DC-A0BF-C3ECA0AD7BB1}.MinSizeRel|Win32.ActiveCfg = MinSizeRel|Win32
		{158D8993-2835-30DC-A0BF-C3ECA0AD7BB1}.MinSizeRel|Win32.Build.0 = MinSizeRel|Win32
		{158D8993-2835-30DC-A0BF-C3ECA0AD7BB1}.RelWithDebInfo|Win32.ActiveCfg = RelWithDebInfo|Win32
		{158D8993-2835-30DC-A0BF-C3ECA0AD7BB1}.RelWithDebInfo|Win32.Build.0 = RelWithDebInfo|Win32
		{EE2EE8FA-A564-3041-A61C-6CE160F1502D}.Debug|Win32.ActiveCfg = Debug|Win32
		{EE2EE8FA-A564-3041-A61C-6CE160F1502D}.Debug|Win32.Build.0 = Debug|Win32
		{EE2EE8FA-A564-3041-A61C-6CE160F1502D}.Release|Win32.ActiveCfg = Release|Win32
		{EE2EE8FA-A564-3041-A61C-6CE160F1502D}.Release|Win32.Build.0 = Release|Win32
		{EE2EE8FA-A564-3041-A61C-6CE160F1502D}.MinSizeRel|Win32.ActiveCfg = MinSizeRel|Win32
		{EE2EE8FA-A564-3041-A61C-6CE160F1502D}.MinSizeRel|Win32.Build.0 = MinSizeRel|Win32
		{EE2EE8FA-A564-3041-A61C-6CE160F1502D}.RelWithDebInfo|Win32.ActiveCfg = RelWithDebInfo|Win32
		{EE2EE8FA-A564-3041-A61C-6CE160F1502D}.RelWithDebInfo|Win32.Build.0 = RelWithDebInfo|Win32
		{285DC978-D927-3F17-B442-B67B853B944B}.Debug|Win32.ActiveCfg = Debug|Win32
		{285DC978-D927-3F17-B442-B67B853B944B}.Debug|Win32.Build.0 = Debug|Win32
		{285DC978-D927-3F17-B442-B67B853B944B}.Release|Win32.ActiveCfg = Release|Win32
		{285DC978-D927-3F17-B442-B67B853B944B}.Release|Win32.Build.0 = Release|Win32
		{285DC978-D927-3F17-B442-B67B853B944B}.MinSizeRel|Win32.ActiveCfg = MinSizeRel|Win32
		{285DC978-D927-3F17-B442-B67B853B944B}.MinSizeRel|Win32.Build.0 = MinSizeRel|Win32
		{285DC978-D927-3F17-B442-B67B853B944B}.RelWithDebInfo|Win32.ActiveCfg = RelWithDebInfo|Win32
		{285DC978-D927-3F17-B442-B67B853B944B}.RelWithDebInfo|Win32.Build.0 = RelWithDebInfo|Win32
		{D8410735-42C5-34F2-AB57-C96F4909C477}.Debug|Win32.ActiveCfg = Debug|Win32
		{D8410735-42C5-34F2-AB57-C96F4909C477}.Debug|Win32.Build.0 = Debug|Win32
		{D8410735-42C5-34F2-AB57-C96F4909C477}.Release|Win32.ActiveCfg = Release|Win32
		{D8410735-42C5-34F2-AB57-C96F4909C477}.Release|Win32.Build.0 = Release|Win32
		{D8410735-42C5-34F2-AB57-C96F4909C477}.MinSizeRel|Win32.ActiveCfg = MinSizeRel|Win32
		{D8410735-42C5-34F2-AB57-C96F4909C477}.MinSizeRel|Win32.Build.0 = MinSizeRel|Win32
		{D8410735-42C5-34F2-AB57-C96F4909C477}.RelWithDebInfo|Win32.ActiveCfg = RelWithDebInfo|Win32
		{D8410735-42C5-34F2-AB57-C96F4909C477}.RelWithDebInfo|Win32.Build.0 = RelWithDebInfo|Win32
		{68BF4632-A826-3F30-A907-A5D9027624EF}.Debug|Win32.ActiveCfg = Debug|Win32
		{68BF4632-A826-3F30-A907-A5D9027624EF}.Debug|Win32.Build.0 = Debug|Win32
		{68BF4632-A826-3F30-A907-A5D9027624EF}.Release|Win32.ActiveCfg = Release|Win32
		{68BF4632-A826-3F30-A907-A5D9027624EF}.Release|Win32.Build.0 = Release|Win32
		{68BF4632-A826-3F30-A907-A5D9027624EF}.MinSizeRel|Win32.ActiveCfg = MinSizeRel|Win32
		{68BF4632-A826-3F30-A907-A5D9027624EF}.MinSizeRel|Win32.Build.0 = MinSizeRel|Win32
		{68BF4632-A826-3F30-A907-A5D9027624EF}.RelWithDebInfo|Win32.ActiveCfg = RelWithDebInfo|Win32
		{68BF4632-A826-3F30-A907-A5D9027624EF}.RelWithDebInfo|Win32.Build.0 = RelWithDebInfo|Win32
		{FB6707F0-67AF-318C-A360-F283171E9261}.Debug|Win32.ActiveCfg = Debug|Win32
		{FB6707F0-67AF-318C-A360-F283171E9261}.Debug|Win32.Build.0 = Debug|Win32
		{FB6707F0-67AF-318C-A360-F283171E9261}.Release|Win32.ActiveCfg = Release|Win32
		{FB6707F0-67AF-318C-A360-F283171E9261}.Release|Win32.Build.0 = Release|Win32
		{FB6707F0-67AF-318C-A360-F283171E9261}.MinSizeRel|Win32.ActiveCfg = MinSizeRel|Win32
		{FB6707F0-67AF-318C-A360-F283171E9261}.MinSizeRel|Win32.Build.0 = MinSizeRel|Win32
		{FB6707F0-67AF-318C-A360-F283171E9261}.RelWithDebInfo|Win32.ActiveCfg = RelWithDebInfo|Win32
		{FB6707F0-67AF-318C-A360-F283171E9261}.RelWithDebInfo|Win32.Build.0 = RelWithDebInfo|Win32
		{DD8B5137-7A0E-3123-B26F-A07A7B18C802}.Debug|Win32.ActiveCfg = Debug|Win32
		{DD8B5137-7A0E-3123-B26F-A07A7B18C802}.Debug|Win32.Build.0 = Debug|Win32
		{DD8B5137-7A0E-3123-B26F-A07A7B18C802}.Release|Win32.ActiveCfg = Release|Win32
		{DD8B5137-7A0E-3123-B26F-A07A7B18C802}.Release|Win32.Build.0 = Release|Win32
		{DD8B5137-7A0E-3123-B26F-A07A7B18C802}.MinSizeRel|Win32.ActiveCfg = MinSizeRel|Win32
		{DD8B5137-7A0E-3123-B26F-A07A7B18C802}.MinSizeRel|Win32.Build.0 = MinSizeRel|Win32
		{DD8B5137-7A0E-3123-B26F-A07A7B18C802}.RelWithDebInfo|Win32.ActiveCfg = RelWithDebInfo|Win32
		{DD8B5137-7A0E-3123-B26F-A07A7B18C802}.RelWithDebInfo|Win32.Build.0 = RelWithDebInfo|Win32
		{09CE5AA7-61BB-3F0F-BE09-991CEC5D2829}.Debug|Win32.ActiveCfg = Debug|Win32
		{09CE5AA7-61BB-3F0F-BE09-991CEC5D2829}.Debug|Win32.Build.0 = Debug|Win32
		{09CE5AA7-61BB-3F0F-BE09-991CEC5D2829}.Release|Win32.ActiveCfg = Release|Win32
		{09CE5AA7-61BB-3F0F-BE09-991CEC5D2829}.Release|Win32.Build.0 = Release|Win32
		{09CE5AA7-61BB-3F0F-BE09-991CEC5D2829}.MinSizeRel|Win32.ActiveCfg = MinSizeRel|Win32
		{09CE5AA7-61BB-3F0F-BE09-991CEC5D2829}.MinSizeRel|Win32.Build.0 = MinSizeRel|Win32
		{09CE5AA7-61BB-3F0F-BE09-991CEC5D2829}.RelWithDebInfo|Win32.ActiveCfg = RelWithDebInfo|Win32
		{09CE5AA7-61BB-3F0F-BE09-991CEC5D2829}.RelWithDebInfo|Win32.Build.0 = RelWithDebInfo|Win32
		{12FE2CFA-20EC-3973-91D4-D2F5BD0E2317}.Debug|Win32.ActiveCfg = Debug|Win32
		{12FE2CFA-20EC-3973-91D4-D2F5BD0E2317}.Debug|Win32.Build.0 = Debug|Win32
		{12FE2CFA-20EC-3973-91D4-D2F5BD0E2317}.Release|Win32.ActiveCfg = Release|Win32
		{12FE2CFA-20EC-3973-91D4-D2F5BD0E2317}.Release|Win32.Build.0 = Release|Win32
		{12FE2CFA-20EC-3973-91D4-D2F5BD0E2317}.MinSizeRel|Win32.ActiveCfg = MinSizeRel|Win32
		{12FE2CFA-20EC-3973-91D4-D2F5BD0E2317}.MinSizeRel|Win32.Build.0 = MinSizeRel|Win32
		{12FE2CFA-20EC-3973-91D4-D2F5BD0E2317}.RelWithDebInfo|Win32.ActiveCfg = RelWithDebInfo|Win32
		{12FE2CFA-20EC-3973-91D4-D2F5BD0E2317}.RelWithDebInfo|Win32.Build.0 = RelWithDebInfo|Win32
		{2FF04FD3-0620-344D-963C-CB6614017271}.Debug|Win32.ActiveCfg = Debug|Win32
		{2FF04FD3-0620-344D-963C-CB6614017271}.Debug|Win32.Build.0 = Debug|Win32
		{2FF04FD3-0620-344D-963C-CB6614017271}.Release|Win32.ActiveCfg = Release|Win32
		{2FF04FD3-0620-344D-963C-CB6614017271}.Release|Win32.Build.0 = Release|Win32
		{2FF04FD3-0620-344D-963C-CB6614017271}.MinSizeRel|Win32.ActiveCfg = MinSizeRel|Win32
		{2FF04FD3-0620-344D-963C-CB6614017271}.MinSizeRel|Win32.Build.0 = MinSizeRel|Win32
		{2FF04FD3-0620-344D-963C-CB6614017271}.RelWithDebInfo|Win32.ActiveCfg = RelWithDebInfo|Win32
		{2FF04FD3-0620-344D-963C-CB6614017271}.RelWithDebInfo|Win32.Build.0 = RelWithDebInfo|Win32
		{0E47AC37-04C0-358F-8D43-85387CA4BA58}.Debug|Win32.ActiveCfg = Debug|Win32
		{0E47AC37-04C0-358F-8D43-85387CA4BA58}.Debug|Win32.Build.0 = Debug|Win32
		{0E47AC37-04C0-358F-8D43-85387CA4BA58}.Release|Win32.ActiveCfg = Release|Win32
		{0E47AC37-04C0-358F-8D43-85387CA4BA58}.Release|Win32.Build.0 = Release|Win32
		{0E47AC37-04C0-358F-8D43-85387CA4BA58}.MinSizeRel|Win32.ActiveCfg = MinSizeRel|Win32
		{0E47AC37-04C0-358F-8D43-85387CA4BA58}.MinSizeRel|Win32.Build.0 = MinSizeRel|Win32
		{0E47AC37-04C0-358F-8D43-85387CA4BA58}.RelWithDebInfo|Win32.ActiveCfg = RelWithDebInfo|Win32
		{0E47AC37-04C0-358F-8D43-85387CA4BA58}.RelWithDebInfo|Win32.Build.0 = RelWithDebInfo|Win32
		{AD1E3338-8EC4-3256-9CEC-B5C662348D3C}.Debug|Win32.ActiveCfg = Debug|Win32
		{AD1E3338-8EC4-3256-9CEC-B5C662348D3C}.Debug|Win32.Build.0 = Debug|Win32
		{AD1E3338-8EC4-3256-9CEC-B5C662348D3C}.Release|Win32.ActiveCfg = Release|Win32
		{AD1E3338-8EC4-3256-9CEC-B5C662348D3C}.Release|Win32.Build.0 = Release|Win32
		{AD1E3338-8EC4-3256-9CEC-B5C662348D3C}.MinSizeRel|Win32.ActiveCfg = MinSizeRel|Win32
		{AD1E3338-8EC4-3256-9CEC-B5C662348D3C}.MinSizeRel|Win32.Build.0 = MinSizeRel|Win32
		{AD1E3338-8EC4-3256-9CEC-B5C662348D3C}.RelWithDebInfo|Win32.ActiveCfg = RelWithDebInfo|Win32
		{AD1E3338-8EC4-3256-9CEC-B5C662348D3C}.RelWithDebInfo|Win32.Build.0 = RelWithDebInfo|Win32
		{1A1E2C88-A360-3B11-8B0F-E411BFAC9B92}.Debug|Win32.ActiveCfg = Debug|Win32
		{1A1E2C88-A360-3B11-8B0F-E411BFAC9B92}.Debug|Win32.Build.0 = Debug|Win32
		{1A1E2C88-A360-3B11-8B0F-E411BFAC9B92}.Release|Win32.ActiveCfg = Release|Win32
		{1A1E2C88-A360-3B11-8B0F-E411BFAC9B92}.Release|Win32.Build.0 = Release|Win32
		{1A1E2C88-A360-3B11-8B0F-E411BFAC9B92}.MinSizeRel|Win32.ActiveCfg = MinSizeRel|Win32
		{1A1E2C88-A360-3B11-8B0F-E411BFAC9B92}.MinSizeRel|Win32.Build.0 = MinSizeRel|Win32
		{1A1E2C88-A360-3B11-8B0F-E411BFAC9B92}.RelWithDebInfo|Win32.ActiveCfg = RelWithDebInfo|Win32
		{1A1E2C88-A360-3B11-8B0F-E411BFAC9B92}.RelWithDebInfo|Win32.Build.0 = RelWithDebInfo|Win32
		{B6E155AB-F71A-3B4D-A061-C3B5E6749D3E}.Debug|Win32.ActiveCfg = Debug|Win32
		{B6E155AB-F71A-3B4D-A061-C3B5E6749D3E}.Debug|Win32.Build.0 = Debug|Win32
		{B6E155AB-F71A-3B4D-A061-C3B5E6749D3E}.Release|Win32.ActiveCfg = Release|Win32
		{B6E155AB-F71A-3B4D-A061-C3B5E6749D3E}.Release|Win32.Build.0 = Release|Win32
		{B6E155AB-F71A-3B4D-A061-C3B5E6749D3E}.MinSizeRel|Win32.ActiveCfg = MinSizeRel|Win32
		{B6E155AB-F71A-3B4D-A061-C3B5E6749D3E}.MinSizeRel|Win32.Build.0 = MinSizeRel|Win32
		{B6E155AB-F71A-3B4D-A061-C3B5E6749D3E}.RelWithDebInfo|Win32.ActiveCfg = RelWithDebInfo|Win32
		{B6E155AB-F71A-3B4D-A061-C3B5E6749D3E}.RelWithDebInfo|Win32.Build.0 = RelWithDebInfo|Win32
		{C804D518-1FB8-3DFB-A8A7-D2DD860E77ED}.Debug|Win32.ActiveCfg = Debug|Win32
		{C804D518-1FB8-3DFB-A8A7-D2DD860E77ED}.Debug|Win32.Build.0 = Debug|Win32
		{C804D518-1FB8-3DFB-A8A7-D2DD860E77ED}.Release|Win32.ActiveCfg = Release|Win32
		{C804D518-1FB8-3DFB-A8A7-D2DD860E77ED}.Release|Win32.Build.0 = Release|Win32
		{C804D518-1FB8-3DFB-A8A7-D2DD860E77ED}.MinSizeRel|Win32.ActiveCfg = MinSizeRel|Win32
		{C804D518-1FB8-3DFB-A8A7-D2DD860E77ED}.MinSizeRel|Win32.Build.0 = MinSizeRel|Win32
		{C804D518-1FB8-3DFB-A8A7-D2DD860E77ED}.RelWithDebInfo|Win32.ActiveCfg = RelWithDebInfo|Win32
		{C804D518-1FB8-3DFB-A8A7-D2DD860E77ED}.RelWithDebInfo|Win32.Build.0 = RelWithDebInfo|Win32
		{83BBC85A-5069-3AE4-B9C4-C2419A150ABB}.Debug|Win32.ActiveCfg = Debug|Win32
		{83BBC85A-5069-3AE4-B9C4-C2419A150ABB}.Debug|Win32.Build.0 = Debug|Win32
		{83BBC85A-5069-3AE4-B9C4-C2419A150ABB}.Release|Win32.ActiveCfg = Release|Win32
		{83BBC85A-5069-3AE4-B9C4-C2419A150ABB}.Release|Win32.Build.0 = Release|Win32
		{83BBC85A-5069-3AE4-B9C4-C2419A150ABB}.MinSizeRel|Win32.ActiveCfg = MinSizeRel|Win32
		{83BBC85A-5069-3AE4-B9C4-C2419A150ABB}.MinSizeRel|Win32.Build.0 = MinSizeRel|Win32
		{83BBC85A-5069-3AE4-B9C4-C2419A150ABB}.RelWithDebInfo|Win32.ActiveCfg = RelWithDebInfo|Win32
		{83BBC85A-5069-3AE4-B9C4-C2419A150ABB}.RelWithDebInfo|Win32.Build.0 = RelWithDebInfo|Win32
		{777FFCBB-3303-37B3-A8DB-3C225425BF78}.Debug|Win32.ActiveCfg = Debug|Win32
		{777FFCBB-3303-37B3-A8DB-3C225425BF78}.Debug|Win32.Build.0 = Debug|Win32
		{777FFCBB-3303-37B3-A8DB-3C225425BF78}.Release|Win32.ActiveCfg = Release|Win32
		{777FFCBB-3303-37B3-A8DB-3C225425BF78}.Release|Win32.Build.0 = Release|Win32
		{777FFCBB-3303-37B3-A8DB-3C225425BF78}.MinSizeRel|Win32.ActiveCfg = MinSizeRel|Win32
		{777FFCBB-3303-37B3-A8DB-3C225425BF78}.MinSizeRel|Win32.Build.0 = MinSizeRel|Win32
		{777FFCBB-3303-37B3-A8DB-3C225425BF78}.RelWithDebInfo|Win32.ActiveCfg = RelWithDebInfo|Win32
		{777FFCBB-3303-37B3-A8DB-3C225425BF78}.RelWithDebInfo|Win32.Build.0 = RelWithDebInfo|Win32
		{629E81B1-4C44-3BB8-B7FB-0C00F7A4BB10}.Debug|Win32.ActiveCfg = Debug|Win32
		{629E81B1-4C44-3BB8-B7FB-0C00F7A4BB10}.Debug|Win32.Build.0 = Debug|Win32
		{629E81B1-4C44-3BB8-B7FB-0C00F7A4BB10}.Release|Win32.ActiveCfg = Release|Win32
		{629E81B1-4C44-3BB8-B7FB-0C00F7A4BB10}.Release|Win32.Build.0 = Release|Win32
		{629E81B1-4C44-3BB8-B7FB-0C00F7A4BB10}.MinSizeRel|Win32.ActiveCfg = MinSizeRel|Win32
		{629E81B1-4C44-3BB8-B7FB-0C00F7A4BB10}.MinSizeRel|Win32.Build.0 = MinSizeRel|Win32
		{629E81B1-4C44-3BB8-B7FB-0C00F7A4BB10}.RelWithDebInfo|Win32.ActiveCfg = RelWithDebInfo|Win32
		{629E81B1-4C44-3BB8-B7FB-0C00F7A4BB10}.RelWithDebInfo|Win32.Build.0 = RelWithDebInfo|Win32
		{6774B1D1-3C3B-38FB-A3AF-9DCA1A845257}.Debug|Win32.ActiveCfg = Debug|Win32
		{6774B1D1-3C3B-38FB-A3AF-9DCA1A845257}.Debug|Win32.Build.0 = Debug|Win32
		{6774B1D1-3C3B-38FB-A3AF-9DCA1A845257}.Release|Win32.ActiveCfg = Release|Win32
		{6774B1D1-3C3B-38FB-A3AF-9DCA1A845257}.Release|Win32.Build.0 = Release|Win32
		{6774B1D1-3C3B-38FB-A3AF-9DCA1A845257}.MinSizeRel|Win32.ActiveCfg = MinSizeRel|Win32
		{6774B1D1-3C3B-38FB-A3AF-9DCA1A845257}.MinSizeRel|Win32.Build.0 = MinSizeRel|Win32
		{6774B1D1-3C3B-38FB-A3AF-9DCA1A845257}.RelWithDebInfo|Win32.ActiveCfg = RelWithDebInfo|Win32
		{6774B1D1-3C3B-38FB-A3AF-9DCA1A845257}.RelWithDebInfo|Win32.Build.0 = RelWithDebInfo|Win32
		{9852C55E-069A-35E2-A395-DAF486827AB5}.Debug|Win32.ActiveCfg = Debug|Win32
		{9852C55E-069A-35E2-A395-DAF486827AB5}.Debug|Win32.Build.0 = Debug|Win32
		{9852C55E-069A-35E2-A395-DAF486827AB5}.Release|Win32.ActiveCfg = Release|Win32
		{9852C55E-069A-35E2-A395-DAF486827AB5}.Release|Win32.Build.0 = Release|Win32
		{9852C55E-069A-35E2-A395-DAF486827AB5}.MinSizeRel|Win32.ActiveCfg = MinSizeRel|Win32
		{9852C55E-069A-35E2-A395-DAF486827AB5}.MinSizeRel|Win32.Build.0 = MinSizeRel|Win32
		{9852C55E-069A-35E2-A395-DAF486827AB5}.RelWithDebInfo|Win32.ActiveCfg = RelWithDebInfo|Win32
		{9852C55E-069A-35E2-A395-DAF486827AB5}.RelWithDebInfo|Win32.Build.0 = RelWithDebInfo|Win32
		{FB764000-C0FD-3377-9F0C-A818A05A2ACF}.Debug|Win32.ActiveCfg = Debug|Win32
		{FB764000-C0FD-3377-9F0C-A818A05A2ACF}.Debug|Win32.Build.0 = Debug|Win32
		{FB764000-C0FD-3377-9F0C-A818A05A2ACF}.Release|Win32.ActiveCfg = Release|Win32
		{FB764000-C0FD-3377-9F0C-A818A05A2ACF}.Release|Win32.Build.0 = Release|Win32
		{FB764000-C0FD-3377-9F0C-A818A05A2ACF}.MinSizeRel|Win32.ActiveCfg = MinSizeRel|Win32
		{FB764000-C0FD-3377-9F0C-A818A05A2ACF}.MinSizeRel|Win32.Build.0 = MinSizeRel|Win32
		{FB764000-C0FD-3377-9F0C-A818A05A2ACF}.RelWithDebInfo|Win32.ActiveCfg = RelWithDebInfo|Win32
		{FB764000-C0FD-3377-9F0C-A818A05A2ACF}.RelWithDebInfo|Win32.Build.0 = RelWithDebInfo|Win32
		{9E60447E-ED86-318C-9284-691CFA566779}.Debug|Win32.ActiveCfg = Debug|Win32
		{9E60447E-ED86-318C-9284-691CFA566779}.Debug|Win32.Build.0 = Debug|Win32
		{9E60447E-ED86-318C-9284-691CFA566779}.Release|Win32.ActiveCfg = Release|Win32
		{9E60447E-ED86-318C-9284-691CFA566779}.Release|Win32.Build.0 = Release|Win32
		{9E60447E-ED86-318C-9284-691CFA566779}.MinSizeRel|Win32.ActiveCfg = MinSizeRel|Win32
		{9E60447E-ED86-318C-9284-691CFA566779}.MinSizeRel|Win32.Build.0 = MinSizeRel|Win32
		{9E60447E-ED86-318C-9284-691CFA566779}.RelWithDebInfo|Win32.ActiveCfg = RelWithDebInfo|Win32
		{9E60447E-ED86-318C-9284-691CFA566779}.RelWithDebInfo|Win32.Build.0 = RelWithDebInfo|Win32
	EndGlobalSection
	GlobalSection(ExtensibilityGlobals) = postSolution
	EndGlobalSection
	GlobalSection(ExtensibilityAddIns) = postSolution
	EndGlobalSection
EndGlobal
