Microsoft Visual Studio Solution File, Format Version 12.00
# Visual Studio 2013
Project("{8BC9CEB8-8B4A-11D0-8D11-00A0C91BC942}") = "ALL_BUILD", "ALL_BUILD.vcxproj", "{55F407E3-35D9-3547-B530-BF0D9AA90ED4}"
	ProjectSection(ProjectDependencies) = postProject
		{227EECDC-5B12-3D7B-B8EE-CA5E0F878184} = {227EECDC-5B12-3D7B-B8EE-CA5E0F878184}
		{FA6C309F-EA39-3D32-8067-36D902228DC2} = {FA6C309F-EA39-3D32-8067-36D902228DC2}
		{01E06427-16CC-3381-BEE7-DD9665DD847B} = {01E06427-16CC-3381-BEE7-DD9665DD847B}
		{811631E0-E872-3C34-8C7C-33F537A54651} = {811631E0-E872-3C34-8C7C-33F537A54651}
		{98C94F6F-F12C-3384-B60E-99AA7B7ECA40} = {98C94F6F-F12C-3384-B60E-99AA7B7ECA40}
	EndProjectSection
EndProject
Project("{8BC9CEB8-8B4A-11D0-8D11-00A0C91BC942}") = "MITK", "MITK.vcxproj", "{227EECDC-5B12-3D7B-B8EE-CA5E0F878184}"
	ProjectSection(ProjectDependencies) = postProject
		{98C94F6F-F12C-3384-B60E-99AA7B7ECA40} = {98C94F6F-F12C-3384-B60E-99AA7B7ECA40}
	EndProjectSection
EndProject
Project("{8BC9CEB8-8B4A-11D0-8D11-00A0C91BC942}") = "MyProject", "MyProject.vcxproj", "{060BABE1-1C9A-35BF-9E37-05A843A535C1}"
	ProjectSection(ProjectDependencies) = postProject
		{98C94F6F-F12C-3384-B60E-99AA7B7ECA40} = {98C94F6F-F12C-3384-B60E-99AA7B7ECA40}
	EndProjectSection
EndProject
Project("{8BC9CEB8-8B4A-11D0-8D11-00A0C91BC942}") = "MyProject-Configure", "MyProject-Configure.vcxproj", "{FA6C309F-EA39-3D32-8067-36D902228DC2}"
	ProjectSection(ProjectDependencies) = postProject
		{01E06427-16CC-3381-BEE7-DD9665DD847B} = {01E06427-16CC-3381-BEE7-DD9665DD847B}
		{98C94F6F-F12C-3384-B60E-99AA7B7ECA40} = {98C94F6F-F12C-3384-B60E-99AA7B7ECA40}
	EndProjectSection
EndProject
Project("{8BC9CEB8-8B4A-11D0-8D11-00A0C91BC942}") = "MyProject-Utilities", "MyProject-Utilities.vcxproj", "{01E06427-16CC-3381-BEE7-DD9665DD847B}"
	ProjectSection(ProjectDependencies) = postProject
		{227EECDC-5B12-3D7B-B8EE-CA5E0F878184} = {227EECDC-5B12-3D7B-B8EE-CA5E0F878184}
		{98C94F6F-F12C-3384-B60E-99AA7B7ECA40} = {98C94F6F-F12C-3384-B60E-99AA7B7ECA40}
	EndProjectSection
EndProject
Project("{8BC9CEB8-8B4A-11D0-8D11-00A0C91BC942}") = "MyProject-build", "MyProject-build.vcxproj", "{811631E0-E872-3C34-8C7C-33F537A54651}"
	ProjectSection(ProjectDependencies) = postProject
		{FA6C309F-EA39-3D32-8067-36D902228DC2} = {FA6C309F-EA39-3D32-8067-36D902228DC2}
		{98C94F6F-F12C-3384-B60E-99AA7B7ECA40} = {98C94F6F-F12C-3384-B60E-99AA7B7ECA40}
	EndProjectSection
EndProject
Project("{8BC9CEB8-8B4A-11D0-8D11-00A0C91BC942}") = "ZERO_CHECK", "ZERO_CHECK.vcxproj", "{98C94F6F-F12C-3384-B60E-99AA7B7ECA40}"
	ProjectSection(ProjectDependencies) = postProject
	EndProjectSection
EndProject
Global
	GlobalSection(SolutionConfigurationPlatforms) = preSolution
		Debug|Win32 = Debug|Win32
		Release|Win32 = Release|Win32
		MinSizeRel|Win32 = MinSizeRel|Win32
		RelWithDebInfo|Win32 = RelWithDebInfo|Win32
	EndGlobalSection
	GlobalSection(ProjectConfigurationPlatforms) = postSolution
		{55F407E3-35D9-3547-B530-BF0D9AA90ED4}.Debug|Win32.ActiveCfg = Debug|Win32
		{55F407E3-35D9-3547-B530-BF0D9AA90ED4}.Release|Win32.ActiveCfg = Release|Win32
		{55F407E3-35D9-3547-B530-BF0D9AA90ED4}.MinSizeRel|Win32.ActiveCfg = MinSizeRel|Win32
		{55F407E3-35D9-3547-B530-BF0D9AA90ED4}.RelWithDebInfo|Win32.ActiveCfg = RelWithDebInfo|Win32
		{227EECDC-5B12-3D7B-B8EE-CA5E0F878184}.Debug|Win32.ActiveCfg = Debug|Win32
		{227EECDC-5B12-3D7B-B8EE-CA5E0F878184}.Debug|Win32.Build.0 = Debug|Win32
		{227EECDC-5B12-3D7B-B8EE-CA5E0F878184}.Release|Win32.ActiveCfg = Release|Win32
		{227EECDC-5B12-3D7B-B8EE-CA5E0F878184}.Release|Win32.Build.0 = Release|Win32
		{227EECDC-5B12-3D7B-B8EE-CA5E0F878184}.MinSizeRel|Win32.ActiveCfg = MinSizeRel|Win32
		{227EECDC-5B12-3D7B-B8EE-CA5E0F878184}.MinSizeRel|Win32.Build.0 = MinSizeRel|Win32
		{227EECDC-5B12-3D7B-B8EE-CA5E0F878184}.RelWithDebInfo|Win32.ActiveCfg = RelWithDebInfo|Win32
		{227EECDC-5B12-3D7B-B8EE-CA5E0F878184}.RelWithDebInfo|Win32.Build.0 = RelWithDebInfo|Win32
		{060BABE1-1C9A-35BF-9E37-05A843A535C1}.Debug|Win32.ActiveCfg = Debug|Win32
		{060BABE1-1C9A-35BF-9E37-05A843A535C1}.Release|Win32.ActiveCfg = Release|Win32
		{060BABE1-1C9A-35BF-9E37-05A843A535C1}.MinSizeRel|Win32.ActiveCfg = MinSizeRel|Win32
		{060BABE1-1C9A-35BF-9E37-05A843A535C1}.RelWithDebInfo|Win32.ActiveCfg = RelWithDebInfo|Win32
		{FA6C309F-EA39-3D32-8067-36D902228DC2}.Debug|Win32.ActiveCfg = Debug|Win32
		{FA6C309F-EA39-3D32-8067-36D902228DC2}.Debug|Win32.Build.0 = Debug|Win32
		{FA6C309F-EA39-3D32-8067-36D902228DC2}.Release|Win32.ActiveCfg = Release|Win32
		{FA6C309F-EA39-3D32-8067-36D902228DC2}.Release|Win32.Build.0 = Release|Win32
		{FA6C309F-EA39-3D32-8067-36D902228DC2}.MinSizeRel|Win32.ActiveCfg = MinSizeRel|Win32
		{FA6C309F-EA39-3D32-8067-36D902228DC2}.MinSizeRel|Win32.Build.0 = MinSizeRel|Win32
		{FA6C309F-EA39-3D32-8067-36D902228DC2}.RelWithDebInfo|Win32.ActiveCfg = RelWithDebInfo|Win32
		{FA6C309F-EA39-3D32-8067-36D902228DC2}.RelWithDebInfo|Win32.Build.0 = RelWithDebInfo|Win32
		{01E06427-16CC-3381-BEE7-DD9665DD847B}.Debug|Win32.ActiveCfg = Debug|Win32
		{01E06427-16CC-3381-BEE7-DD9665DD847B}.Debug|Win32.Build.0 = Debug|Win32
		{01E06427-16CC-3381-BEE7-DD9665DD847B}.Release|Win32.ActiveCfg = Release|Win32
		{01E06427-16CC-3381-BEE7-DD9665DD847B}.Release|Win32.Build.0 = Release|Win32
		{01E06427-16CC-3381-BEE7-DD9665DD847B}.MinSizeRel|Win32.ActiveCfg = MinSizeRel|Win32
		{01E06427-16CC-3381-BEE7-DD9665DD847B}.MinSizeRel|Win32.Build.0 = MinSizeRel|Win32
		{01E06427-16CC-3381-BEE7-DD9665DD847B}.RelWithDebInfo|Win32.ActiveCfg = RelWithDebInfo|Win32
		{01E06427-16CC-3381-BEE7-DD9665DD847B}.RelWithDebInfo|Win32.Build.0 = RelWithDebInfo|Win32
		{811631E0-E872-3C34-8C7C-33F537A54651}.Debug|Win32.ActiveCfg = Debug|Win32
		{811631E0-E872-3C34-8C7C-33F537A54651}.Debug|Win32.Build.0 = Debug|Win32
		{811631E0-E872-3C34-8C7C-33F537A54651}.Release|Win32.ActiveCfg = Release|Win32
		{811631E0-E872-3C34-8C7C-33F537A54651}.Release|Win32.Build.0 = Release|Win32
		{811631E0-E872-3C34-8C7C-33F537A54651}.MinSizeRel|Win32.ActiveCfg = MinSizeRel|Win32
		{811631E0-E872-3C34-8C7C-33F537A54651}.MinSizeRel|Win32.Build.0 = MinSizeRel|Win32
		{811631E0-E872-3C34-8C7C-33F537A54651}.RelWithDebInfo|Win32.ActiveCfg = RelWithDebInfo|Win32
		{811631E0-E872-3C34-8C7C-33F537A54651}.RelWithDebInfo|Win32.Build.0 = RelWithDebInfo|Win32
		{98C94F6F-F12C-3384-B60E-99AA7B7ECA40}.Debug|Win32.ActiveCfg = Debug|Win32
		{98C94F6F-F12C-3384-B60E-99AA7B7ECA40}.Debug|Win32.Build.0 = Debug|Win32
		{98C94F6F-F12C-3384-B60E-99AA7B7ECA40}.Release|Win32.ActiveCfg = Release|Win32
		{98C94F6F-F12C-3384-B60E-99AA7B7ECA40}.Release|Win32.Build.0 = Release|Win32
		{98C94F6F-F12C-3384-B60E-99AA7B7ECA40}.MinSizeRel|Win32.ActiveCfg = MinSizeRel|Win32
		{98C94F6F-F12C-3384-B60E-99AA7B7ECA40}.MinSizeRel|Win32.Build.0 = MinSizeRel|Win32
		{98C94F6F-F12C-3384-B60E-99AA7B7ECA40}.RelWithDebInfo|Win32.ActiveCfg = RelWithDebInfo|Win32
		{98C94F6F-F12C-3384-B60E-99AA7B7ECA40}.RelWithDebInfo|Win32.Build.0 = RelWithDebInfo|Win32
	EndGlobalSection
	GlobalSection(ExtensibilityGlobals) = postSolution
	EndGlobalSection
	GlobalSection(ExtensibilityAddIns) = postSolution
	EndGlobalSection
EndGlobal
