Microsoft Visual Studio Solution File, Format Version 12.00
# Visual Studio 2013
Project("{8BC9CEB8-8B4A-11D0-8D11-00A0C91BC942}") = "ALL_BUILD", "ALL_BUILD.vcxproj", "{9D5AC256-C711-3E50-B71C-D8F6C83D43D8}"
	ProjectSection(ProjectDependencies) = postProject
		{1C240850-4F50-3334-846D-944F0541ADC4} = {1C240850-4F50-3334-846D-944F0541ADC4}
		{39A3E094-FC68-3CE9-9E85-88A272859955} = {39A3E094-FC68-3CE9-9E85-88A272859955}
		{7716DC9D-76A8-3C48-8C13-6351D12A7D95} = {7716DC9D-76A8-3C48-8C13-6351D12A7D95}
		{BDE12A88-11C3-340D-98D7-A975D8875FC7} = {BDE12A88-11C3-340D-98D7-A975D8875FC7}
	EndProjectSection
EndProject
Project("{8BC9CEB8-8B4A-11D0-8D11-00A0C91BC942}") = "CTK", "CTK.vcxproj", "{1C240850-4F50-3334-846D-944F0541ADC4}"
	ProjectSection(ProjectDependencies) = postProject
		{39A3E094-FC68-3CE9-9E85-88A272859955} = {39A3E094-FC68-3CE9-9E85-88A272859955}
		{7716DC9D-76A8-3C48-8C13-6351D12A7D95} = {7716DC9D-76A8-3C48-8C13-6351D12A7D95}
		{BDE12A88-11C3-340D-98D7-A975D8875FC7} = {BDE12A88-11C3-340D-98D7-A975D8875FC7}
	EndProjectSection
EndProject
Project("{8BC9CEB8-8B4A-11D0-8D11-00A0C91BC942}") = "CTK-configure", "CTK-configure.vcxproj", "{0D434E6A-737F-3D34-B25E-7F11F4C83E5B}"
	ProjectSection(ProjectDependencies) = postProject
		{39A3E094-FC68-3CE9-9E85-88A272859955} = {39A3E094-FC68-3CE9-9E85-88A272859955}
		{7716DC9D-76A8-3C48-8C13-6351D12A7D95} = {7716DC9D-76A8-3C48-8C13-6351D12A7D95}
		{BDE12A88-11C3-340D-98D7-A975D8875FC7} = {BDE12A88-11C3-340D-98D7-A975D8875FC7}
	EndProjectSection
EndProject
Project("{8BC9CEB8-8B4A-11D0-8D11-00A0C91BC942}") = "DCMTK", "DCMTK.vcxproj", "{39A3E094-FC68-3CE9-9E85-88A272859955}"
	ProjectSection(ProjectDependencies) = postProject
		{7716DC9D-76A8-3C48-8C13-6351D12A7D95} = {7716DC9D-76A8-3C48-8C13-6351D12A7D95}
	EndProjectSection
EndProject
Project("{8BC9CEB8-8B4A-11D0-8D11-00A0C91BC942}") = "INSTALL", "INSTALL.vcxproj", "{8A86069D-E71C-3502-952F-20E8A7B6DD65}"
	ProjectSection(ProjectDependencies) = postProject
		{9D5AC256-C711-3E50-B71C-D8F6C83D43D8} = {9D5AC256-C711-3E50-B71C-D8F6C83D43D8}
		{7716DC9D-76A8-3C48-8C13-6351D12A7D95} = {7716DC9D-76A8-3C48-8C13-6351D12A7D95}
	EndProjectSection
EndProject
Project("{8BC9CEB8-8B4A-11D0-8D11-00A0C91BC942}") = "ZERO_CHECK", "ZERO_CHECK.vcxproj", "{7716DC9D-76A8-3C48-8C13-6351D12A7D95}"
	ProjectSection(ProjectDependencies) = postProject
	EndProjectSection
EndProject
Project("{8BC9CEB8-8B4A-11D0-8D11-00A0C91BC942}") = "qRestAPI", "qRestAPI.vcxproj", "{BDE12A88-11C3-340D-98D7-A975D8875FC7}"
	ProjectSection(ProjectDependencies) = postProject
		{7716DC9D-76A8-3C48-8C13-6351D12A7D95} = {7716DC9D-76A8-3C48-8C13-6351D12A7D95}
	EndProjectSection
EndProject
Global
	GlobalSection(SolutionConfigurationPlatforms) = preSolution
		Debug|Win32 = Debug|Win32
		Release|Win32 = Release|Win32
		MinSizeRel|Win32 = MinSizeRel|Win32
		RelWithDebInfo|Win32 = RelWithDebInfo|Win32
	EndGlobalSection
	GlobalSection(ProjectConfigurationPlatforms) = postSolution
		{9D5AC256-C711-3E50-B71C-D8F6C83D43D8}.Debug|Win32.ActiveCfg = Debug|Win32
		{9D5AC256-C711-3E50-B71C-D8F6C83D43D8}.Debug|Win32.Build.0 = Debug|Win32
		{9D5AC256-C711-3E50-B71C-D8F6C83D43D8}.Release|Win32.ActiveCfg = Release|Win32
		{9D5AC256-C711-3E50-B71C-D8F6C83D43D8}.Release|Win32.Build.0 = Release|Win32
		{9D5AC256-C711-3E50-B71C-D8F6C83D43D8}.MinSizeRel|Win32.ActiveCfg = MinSizeRel|Win32
		{9D5AC256-C711-3E50-B71C-D8F6C83D43D8}.MinSizeRel|Win32.Build.0 = MinSizeRel|Win32
		{9D5AC256-C711-3E50-B71C-D8F6C83D43D8}.RelWithDebInfo|Win32.ActiveCfg = RelWithDebInfo|Win32
		{9D5AC256-C711-3E50-B71C-D8F6C83D43D8}.RelWithDebInfo|Win32.Build.0 = RelWithDebInfo|Win32
		{1C240850-4F50-3334-846D-944F0541ADC4}.Debug|Win32.ActiveCfg = Debug|Win32
		{1C240850-4F50-3334-846D-944F0541ADC4}.Debug|Win32.Build.0 = Debug|Win32
		{1C240850-4F50-3334-846D-944F0541ADC4}.Release|Win32.ActiveCfg = Release|Win32
		{1C240850-4F50-3334-846D-944F0541ADC4}.Release|Win32.Build.0 = Release|Win32
		{1C240850-4F50-3334-846D-944F0541ADC4}.MinSizeRel|Win32.ActiveCfg = MinSizeRel|Win32
		{1C240850-4F50-3334-846D-944F0541ADC4}.MinSizeRel|Win32.Build.0 = MinSizeRel|Win32
		{1C240850-4F50-3334-846D-944F0541ADC4}.RelWithDebInfo|Win32.ActiveCfg = RelWithDebInfo|Win32
		{1C240850-4F50-3334-846D-944F0541ADC4}.RelWithDebInfo|Win32.Build.0 = RelWithDebInfo|Win32
		{0D434E6A-737F-3D34-B25E-7F11F4C83E5B}.Debug|Win32.ActiveCfg = Debug|Win32
		{0D434E6A-737F-3D34-B25E-7F11F4C83E5B}.Release|Win32.ActiveCfg = Release|Win32
		{0D434E6A-737F-3D34-B25E-7F11F4C83E5B}.MinSizeRel|Win32.ActiveCfg = MinSizeRel|Win32
		{0D434E6A-737F-3D34-B25E-7F11F4C83E5B}.RelWithDebInfo|Win32.ActiveCfg = RelWithDebInfo|Win32
		{39A3E094-FC68-3CE9-9E85-88A272859955}.Debug|Win32.ActiveCfg = Debug|Win32
		{39A3E094-FC68-3CE9-9E85-88A272859955}.Debug|Win32.Build.0 = Debug|Win32
		{39A3E094-FC68-3CE9-9E85-88A272859955}.Release|Win32.ActiveCfg = Release|Win32
		{39A3E094-FC68-3CE9-9E85-88A272859955}.Release|Win32.Build.0 = Release|Win32
		{39A3E094-FC68-3CE9-9E85-88A272859955}.MinSizeRel|Win32.ActiveCfg = MinSizeRel|Win32
		{39A3E094-FC68-3CE9-9E85-88A272859955}.MinSizeRel|Win32.Build.0 = MinSizeRel|Win32
		{39A3E094-FC68-3CE9-9E85-88A272859955}.RelWithDebInfo|Win32.ActiveCfg = RelWithDebInfo|Win32
		{39A3E094-FC68-3CE9-9E85-88A272859955}.RelWithDebInfo|Win32.Build.0 = RelWithDebInfo|Win32
		{8A86069D-E71C-3502-952F-20E8A7B6DD65}.Debug|Win32.ActiveCfg = Debug|Win32
		{8A86069D-E71C-3502-952F-20E8A7B6DD65}.Release|Win32.ActiveCfg = Release|Win32
		{8A86069D-E71C-3502-952F-20E8A7B6DD65}.MinSizeRel|Win32.ActiveCfg = MinSizeRel|Win32
		{8A86069D-E71C-3502-952F-20E8A7B6DD65}.RelWithDebInfo|Win32.ActiveCfg = RelWithDebInfo|Win32
		{7716DC9D-76A8-3C48-8C13-6351D12A7D95}.Debug|Win32.ActiveCfg = Debug|Win32
		{7716DC9D-76A8-3C48-8C13-6351D12A7D95}.Debug|Win32.Build.0 = Debug|Win32
		{7716DC9D-76A8-3C48-8C13-6351D12A7D95}.Release|Win32.ActiveCfg = Release|Win32
		{7716DC9D-76A8-3C48-8C13-6351D12A7D95}.Release|Win32.Build.0 = Release|Win32
		{7716DC9D-76A8-3C48-8C13-6351D12A7D95}.MinSizeRel|Win32.ActiveCfg = MinSizeRel|Win32
		{7716DC9D-76A8-3C48-8C13-6351D12A7D95}.MinSizeRel|Win32.Build.0 = MinSizeRel|Win32
		{7716DC9D-76A8-3C48-8C13-6351D12A7D95}.RelWithDebInfo|Win32.ActiveCfg = RelWithDebInfo|Win32
		{7716DC9D-76A8-3C48-8C13-6351D12A7D95}.RelWithDebInfo|Win32.Build.0 = RelWithDebInfo|Win32
		{BDE12A88-11C3-340D-98D7-A975D8875FC7}.Debug|Win32.ActiveCfg = Debug|Win32
		{BDE12A88-11C3-340D-98D7-A975D8875FC7}.Debug|Win32.Build.0 = Debug|Win32
		{BDE12A88-11C3-340D-98D7-A975D8875FC7}.Release|Win32.ActiveCfg = Release|Win32
		{BDE12A88-11C3-340D-98D7-A975D8875FC7}.Release|Win32.Build.0 = Release|Win32
		{BDE12A88-11C3-340D-98D7-A975D8875FC7}.MinSizeRel|Win32.ActiveCfg = MinSizeRel|Win32
		{BDE12A88-11C3-340D-98D7-A975D8875FC7}.MinSizeRel|Win32.Build.0 = MinSizeRel|Win32
		{BDE12A88-11C3-340D-98D7-A975D8875FC7}.RelWithDebInfo|Win32.ActiveCfg = RelWithDebInfo|Win32
		{BDE12A88-11C3-340D-98D7-A975D8875FC7}.RelWithDebInfo|Win32.Build.0 = RelWithDebInfo|Win32
	EndGlobalSection
	GlobalSection(ExtensibilityGlobals) = postSolution
	EndGlobalSection
	GlobalSection(ExtensibilityAddIns) = postSolution
	EndGlobalSection
EndGlobal
