<?xml version="1.0" encoding="UTF-8"?>
<Project ToolsVersion="12.0" xmlns="http://schemas.microsoft.com/developer/msbuild/2003">
  <ItemGroup>
    <ClCompile Include="E:\B\MITK-superbuild\MITK-build\Modules\DICOMReader\us_init.cpp">
      <Filter>== Source Files ==</Filter>
    </ClCompile>
    <ClCompile Include="E:\B\MITK\Modules\DICOMReader\src\mitkDICOMFileReader.cpp">
      <Filter>== Source Files ==</Filter>
    </ClCompile>
    <ClCompile Include="E:\B\MITK\Modules\DICOMReader\src\mitkDICOMGDCMTagScanner.cpp">
      <Filter>== Source Files ==</Filter>
    </ClCompile>
    <ClCompile Include="E:\B\MITK\Modules\DICOMReader\src\mitkDICOMImageBlockDescriptor.cpp">
      <Filter>== Source Files ==</Filter>
    </ClCompile>
    <ClCompile Include="E:\B\MITK\Modules\DICOMReader\src\mitkDICOMITKSeriesGDCMReader.cpp">
      <Filter>== Source Files ==</Filter>
    </ClCompile>
    <ClCompile Include="E:\B\MITK\Modules\DICOMReader\src\mitkDICOMDatasetSorter.cpp">
      <Filter>== Source Files ==</Filter>
    </ClCompile>
    <ClCompile Include="E:\B\MITK\Modules\DICOMReader\src\mitkDICOMTagBasedSorter.cpp">
      <Filter>== Source Files ==</Filter>
    </ClCompile>
    <ClCompile Include="E:\B\MITK\Modules\DICOMReader\src\mitkDICOMGDCMImageFrameInfo.cpp">
      <Filter>== Source Files ==</Filter>
    </ClCompile>
    <ClCompile Include="E:\B\MITK\Modules\DICOMReader\src\mitkDICOMImageFrameInfo.cpp">
      <Filter>== Source Files ==</Filter>
    </ClCompile>
    <ClCompile Include="E:\B\MITK\Modules\DICOMReader\src\mitkDICOMSortCriterion.cpp">
      <Filter>== Source Files ==</Filter>
    </ClCompile>
    <ClCompile Include="E:\B\MITK\Modules\DICOMReader\src\mitkDICOMSortByTag.cpp">
      <Filter>== Source Files ==</Filter>
    </ClCompile>
    <ClCompile Include="E:\B\MITK\Modules\DICOMReader\src\mitkITKDICOMSeriesReaderHelper.cpp">
      <Filter>== Source Files ==</Filter>
    </ClCompile>
    <ClCompile Include="E:\B\MITK\Modules\DICOMReader\src\mitkEquiDistantBlocksSorter.cpp">
      <Filter>== Source Files ==</Filter>
    </ClCompile>
    <ClCompile Include="E:\B\MITK\Modules\DICOMReader\src\mitkNormalDirectionConsistencySorter.cpp">
      <Filter>== Source Files ==</Filter>
    </ClCompile>
    <ClCompile Include="E:\B\MITK\Modules\DICOMReader\src\mitkSortByImagePositionPatient.cpp">
      <Filter>== Source Files ==</Filter>
    </ClCompile>
    <ClCompile Include="E:\B\MITK\Modules\DICOMReader\src\mitkGantryTiltInformation.cpp">
      <Filter>== Source Files ==</Filter>
    </ClCompile>
    <ClCompile Include="E:\B\MITK\Modules\DICOMReader\src\mitkClassicDICOMSeriesReader.cpp">
      <Filter>== Source Files ==</Filter>
    </ClCompile>
    <ClCompile Include="E:\B\MITK\Modules\DICOMReader\src\mitkThreeDnTDICOMSeriesReader.cpp">
      <Filter>== Source Files ==</Filter>
    </ClCompile>
    <ClCompile Include="E:\B\MITK\Modules\DICOMReader\src\mitkDICOMTag.cpp">
      <Filter>== Source Files ==</Filter>
    </ClCompile>
    <ClCompile Include="E:\B\MITK\Modules\DICOMReader\src\mitkDICOMTagCache.cpp">
      <Filter>== Source Files ==</Filter>
    </ClCompile>
    <ClCompile Include="E:\B\MITK\Modules\DICOMReader\src\mitkDICOMEnums.cpp">
      <Filter>== Source Files ==</Filter>
    </ClCompile>
    <ClCompile Include="E:\B\MITK\Modules\DICOMReader\src\mitkDICOMReaderConfigurator.cpp">
      <Filter>== Source Files ==</Filter>
    </ClCompile>
    <ClCompile Include="E:\B\MITK\Modules\DICOMReader\src\mitkDICOMFileReaderSelector.cpp">
      <Filter>== Source Files ==</Filter>
    </ClCompile>
    <ClCompile Include="E:\B\MITK-superbuild\MITK-build\Modules\DICOMReader\us_MitkDICOMReader\us_resources.cpp">
      <Filter>== Source Files ==</Filter>
    </ClCompile>
  </ItemGroup>
  <ItemGroup>
    <ClInclude Include="E:\B\MITK\Modules\DICOMReader\include\mitkClassicDICOMSeriesReader.h">
      <Filter>== Header Files ==</Filter>
    </ClInclude>
    <ClInclude Include="E:\B\MITK\Modules\DICOMReader\include\mitkDICOMDatasetAccess.h">
      <Filter>== Header Files ==</Filter>
    </ClInclude>
    <ClInclude Include="E:\B\MITK\Modules\DICOMReader\include\mitkDICOMDatasetSorter.h">
      <Filter>== Header Files ==</Filter>
    </ClInclude>
    <ClInclude Include="E:\B\MITK\Modules\DICOMReader\include\mitkDICOMEnums.h">
      <Filter>== Header Files ==</Filter>
    </ClInclude>
    <ClInclude Include="E:\B\MITK\Modules\DICOMReader\include\mitkDICOMFileReader.h">
      <Filter>== Header Files ==</Filter>
    </ClInclude>
    <ClInclude Include="E:\B\MITK\Modules\DICOMReader\include\mitkDICOMFileReaderSelector.h">
      <Filter>== Header Files ==</Filter>
    </ClInclude>
    <ClInclude Include="E:\B\MITK\Modules\DICOMReader\include\mitkDICOMGDCMImageFrameInfo.h">
      <Filter>== Header Files ==</Filter>
    </ClInclude>
    <ClInclude Include="E:\B\MITK\Modules\DICOMReader\include\mitkDICOMGDCMTagScanner.h">
      <Filter>== Header Files ==</Filter>
    </ClInclude>
    <ClInclude Include="E:\B\MITK\Modules\DICOMReader\include\mitkDICOMImageBlockDescriptor.h">
      <Filter>== Header Files ==</Filter>
    </ClInclude>
    <ClInclude Include="E:\B\MITK\Modules\DICOMReader\include\mitkDICOMImageFrameInfo.h">
      <Filter>== Header Files ==</Filter>
    </ClInclude>
    <ClInclude Include="E:\B\MITK\Modules\DICOMReader\include\mitkDICOMITKSeriesGDCMReader.h">
      <Filter>== Header Files ==</Filter>
    </ClInclude>
    <ClInclude Include="E:\B\MITK\Modules\DICOMReader\include\mitkDICOMReaderConfigurator.h">
      <Filter>== Header Files ==</Filter>
    </ClInclude>
    <ClInclude Include="E:\B\MITK\Modules\DICOMReader\include\mitkDICOMSortByTag.h">
      <Filter>== Header Files ==</Filter>
    </ClInclude>
    <ClInclude Include="E:\B\MITK\Modules\DICOMReader\include\mitkDICOMSortCriterion.h">
      <Filter>== Header Files ==</Filter>
    </ClInclude>
    <ClInclude Include="E:\B\MITK\Modules\DICOMReader\include\mitkDICOMTag.h">
      <Filter>== Header Files ==</Filter>
    </ClInclude>
    <ClInclude Include="E:\B\MITK\Modules\DICOMReader\include\mitkDICOMTagBasedSorter.h">
      <Filter>== Header Files ==</Filter>
    </ClInclude>
    <ClInclude Include="E:\B\MITK\Modules\DICOMReader\include\mitkDICOMTagCache.h">
      <Filter>== Header Files ==</Filter>
    </ClInclude>
    <ClInclude Include="E:\B\MITK\Modules\DICOMReader\include\mitkEquiDistantBlocksSorter.h">
      <Filter>== Header Files ==</Filter>
    </ClInclude>
    <ClInclude Include="E:\B\MITK\Modules\DICOMReader\include\mitkGantryTiltInformation.h">
      <Filter>== Header Files ==</Filter>
    </ClInclude>
    <ClInclude Include="E:\B\MITK\Modules\DICOMReader\include\mitkITKDICOMSeriesReaderHelper.h">
      <Filter>== Header Files ==</Filter>
    </ClInclude>
    <ClInclude Include="E:\B\MITK\Modules\DICOMReader\include\mitkITKDICOMSeriesReaderHelper.txx">
      <Filter>== Header Files ==</Filter>
    </ClInclude>
    <ClInclude Include="E:\B\MITK\Modules\DICOMReader\include\mitkNormalDirectionConsistencySorter.h">
      <Filter>== Header Files ==</Filter>
    </ClInclude>
    <ClInclude Include="E:\B\MITK\Modules\DICOMReader\include\mitkSortByImagePositionPatient.h">
      <Filter>== Header Files ==</Filter>
    </ClInclude>
    <ClInclude Include="E:\B\MITK\Modules\DICOMReader\include\mitkThreeDnTDICOMSeriesReader.h">
      <Filter>== Header Files ==</Filter>
    </ClInclude>
  </ItemGroup>
  <ItemGroup>
    <CustomBuild Include="E:\B\MITK\Modules\DICOMReader\CMakeLists.txt" />
    <CustomBuild Include="E:\B\MITK-superbuild\MITK-build\CMakeFiles\13c8a02d94d67aba89daf9c2c63d7dbb\res_0.zip.rule">
      <Filter>CMake Rules</Filter>
    </CustomBuild>
    <CustomBuild Include="E:\B\MITK-superbuild\MITK-build\CMakeFiles\13c8a02d94d67aba89daf9c2c63d7dbb\us_resources.cpp.rule">
      <Filter>CMake Rules</Filter>
    </CustomBuild>
  </ItemGroup>
  <ItemGroup>
    <Filter Include="CMake Rules">
      <UniqueIdentifier>{F9D7BD44-F46A-3074-94FA-ACB39BC09607}</UniqueIdentifier>
    </Filter>
    <Filter Include="== Source Files ==">
      <UniqueIdentifier>{F74E9849-2BD8-37FC-AB16-9CC15E842EFB}</UniqueIdentifier>
    </Filter>
    <Filter Include="== Header Files ==">
      <UniqueIdentifier>{5CB12AE6-547A-3229-B71A-F7731BC56B56}</UniqueIdentifier>
    </Filter>
  </ItemGroup>
</Project>
