Microsoft Visual Studio Solution File, Format Version 12.00
# Visual Studio 2013
Project("{8BC9CEB8-8B4A-11D0-8D11-00A0C91BC942}") = "ALL_BUILD", "ALL_BUILD.vcxproj", "{D385DA4F-066C-3958-A108-30C086A82473}"
	ProjectSection(ProjectDependencies) = postProject
		{4DF8ADA5-05F7-371F-89D3-26AE8F2DE970} = {4DF8ADA5-05F7-371F-89D3-26AE8F2DE970}
		{DA77BB08-230A-3B05-BDB3-2E2946824DAB} = {DA77BB08-230A-3B05-BDB3-2E2946824DAB}
	EndProjectSection
EndProject
Project("{8BC9CEB8-8B4A-11D0-8D11-00A0C91BC942}") = "CppMicroServices", "..\..\Modules\CppMicroServices\core\CppMicroServices.vcxproj", "{3D35C589-E55A-3756-A9BC-5E6EA8B1A461}"
	ProjectSection(ProjectDependencies) = postProject
		{4DF8ADA5-05F7-371F-89D3-26AE8F2DE970} = {4DF8ADA5-05F7-371F-89D3-26AE8F2DE970}
		{6EC649BE-3C0C-3A57-8FFC-F32A3AFAA460} = {6EC649BE-3C0C-3A57-8FFC-F32A3AFAA460}
	EndProjectSection
EndProject
Project("{8BC9CEB8-8B4A-11D0-8D11-00A0C91BC942}") = "INSTALL", "INSTALL.vcxproj", "{A75813C1-0B29-37E5-A1F9-8CF9D7D6FD21}"
	ProjectSection(ProjectDependencies) = postProject
		{D385DA4F-066C-3958-A108-30C086A82473} = {D385DA4F-066C-3958-A108-30C086A82473}
		{4DF8ADA5-05F7-371F-89D3-26AE8F2DE970} = {4DF8ADA5-05F7-371F-89D3-26AE8F2DE970}
	EndProjectSection
EndProject
Project("{8BC9CEB8-8B4A-11D0-8D11-00A0C91BC942}") = "MitkAlgorithmsExt", "..\..\Modules\AlgorithmsExt\MitkAlgorithmsExt.vcxproj", "{F2F185B2-B1A2-36AF-B0DC-084C1C694757}"
	ProjectSection(ProjectDependencies) = postProject
		{3D35C589-E55A-3756-A9BC-5E6EA8B1A461} = {3D35C589-E55A-3756-A9BC-5E6EA8B1A461}
		{3064DD4E-557A-37BF-8D64-F58A4E70C154} = {3064DD4E-557A-37BF-8D64-F58A4E70C154}
		{78FE3CF4-A6C4-37F3-8CDC-AA72600C7AA9} = {78FE3CF4-A6C4-37F3-8CDC-AA72600C7AA9}
		{76725FD7-E307-399C-AD9A-63FAC5C28666} = {76725FD7-E307-399C-AD9A-63FAC5C28666}
		{4DF8ADA5-05F7-371F-89D3-26AE8F2DE970} = {4DF8ADA5-05F7-371F-89D3-26AE8F2DE970}
		{6CD965AA-5968-3DF7-BF46-F66A629E33A0} = {6CD965AA-5968-3DF7-BF46-F66A629E33A0}
	EndProjectSection
EndProject
Project("{8BC9CEB8-8B4A-11D0-8D11-00A0C91BC942}") = "MitkCore", "..\..\Modules\Core\MitkCore.vcxproj", "{3064DD4E-557A-37BF-8D64-F58A4E70C154}"
	ProjectSection(ProjectDependencies) = postProject
		{3D35C589-E55A-3756-A9BC-5E6EA8B1A461} = {3D35C589-E55A-3756-A9BC-5E6EA8B1A461}
		{4DF8ADA5-05F7-371F-89D3-26AE8F2DE970} = {4DF8ADA5-05F7-371F-89D3-26AE8F2DE970}
		{6CD965AA-5968-3DF7-BF46-F66A629E33A0} = {6CD965AA-5968-3DF7-BF46-F66A629E33A0}
		{6EC649BE-3C0C-3A57-8FFC-F32A3AFAA460} = {6EC649BE-3C0C-3A57-8FFC-F32A3AFAA460}
	EndProjectSection
EndProject
Project("{8BC9CEB8-8B4A-11D0-8D11-00A0C91BC942}") = "MitkDataTypesExt", "..\..\Modules\DataTypesExt\MitkDataTypesExt.vcxproj", "{78FE3CF4-A6C4-37F3-8CDC-AA72600C7AA9}"
	ProjectSection(ProjectDependencies) = postProject
		{3D35C589-E55A-3756-A9BC-5E6EA8B1A461} = {3D35C589-E55A-3756-A9BC-5E6EA8B1A461}
		{3064DD4E-557A-37BF-8D64-F58A4E70C154} = {3064DD4E-557A-37BF-8D64-F58A4E70C154}
		{4DF8ADA5-05F7-371F-89D3-26AE8F2DE970} = {4DF8ADA5-05F7-371F-89D3-26AE8F2DE970}
		{6CD965AA-5968-3DF7-BF46-F66A629E33A0} = {6CD965AA-5968-3DF7-BF46-F66A629E33A0}
		{6EC649BE-3C0C-3A57-8FFC-F32A3AFAA460} = {6EC649BE-3C0C-3A57-8FFC-F32A3AFAA460}
	EndProjectSection
EndProject
Project("{8BC9CEB8-8B4A-11D0-8D11-00A0C91BC942}") = "MitkImageExtraction", "..\..\Modules\ImageExtraction\MitkImageExtraction.vcxproj", "{1C3FD0D3-C068-38FF-857C-BE6558DA8CD4}"
	ProjectSection(ProjectDependencies) = postProject
		{3D35C589-E55A-3756-A9BC-5E6EA8B1A461} = {3D35C589-E55A-3756-A9BC-5E6EA8B1A461}
		{F2F185B2-B1A2-36AF-B0DC-084C1C694757} = {F2F185B2-B1A2-36AF-B0DC-084C1C694757}
		{3064DD4E-557A-37BF-8D64-F58A4E70C154} = {3064DD4E-557A-37BF-8D64-F58A4E70C154}
		{78FE3CF4-A6C4-37F3-8CDC-AA72600C7AA9} = {78FE3CF4-A6C4-37F3-8CDC-AA72600C7AA9}
		{76725FD7-E307-399C-AD9A-63FAC5C28666} = {76725FD7-E307-399C-AD9A-63FAC5C28666}
		{4DF8ADA5-05F7-371F-89D3-26AE8F2DE970} = {4DF8ADA5-05F7-371F-89D3-26AE8F2DE970}
		{6CD965AA-5968-3DF7-BF46-F66A629E33A0} = {6CD965AA-5968-3DF7-BF46-F66A629E33A0}
	EndProjectSection
EndProject
Project("{8BC9CEB8-8B4A-11D0-8D11-00A0C91BC942}") = "MitkImageStatistics", "..\..\Modules\ImageStatistics\MitkImageStatistics.vcxproj", "{025743CB-8360-3A1A-A60F-04E90A6627D8}"
	ProjectSection(ProjectDependencies) = postProject
		{3D35C589-E55A-3756-A9BC-5E6EA8B1A461} = {3D35C589-E55A-3756-A9BC-5E6EA8B1A461}
		{F2F185B2-B1A2-36AF-B0DC-084C1C694757} = {F2F185B2-B1A2-36AF-B0DC-084C1C694757}
		{3064DD4E-557A-37BF-8D64-F58A4E70C154} = {3064DD4E-557A-37BF-8D64-F58A4E70C154}
		{78FE3CF4-A6C4-37F3-8CDC-AA72600C7AA9} = {78FE3CF4-A6C4-37F3-8CDC-AA72600C7AA9}
		{1C3FD0D3-C068-38FF-857C-BE6558DA8CD4} = {1C3FD0D3-C068-38FF-857C-BE6558DA8CD4}
		{76725FD7-E307-399C-AD9A-63FAC5C28666} = {76725FD7-E307-399C-AD9A-63FAC5C28666}
		{F29C01AB-5418-3D4F-A352-217830B1C06A} = {F29C01AB-5418-3D4F-A352-217830B1C06A}
		{99EDB1D2-2A2E-34FD-AA6B-F8481FA2F100} = {99EDB1D2-2A2E-34FD-AA6B-F8481FA2F100}
		{3698B0FE-E8A2-368E-8581-FBBDA330F14C} = {3698B0FE-E8A2-368E-8581-FBBDA330F14C}
		{4DF8ADA5-05F7-371F-89D3-26AE8F2DE970} = {4DF8ADA5-05F7-371F-89D3-26AE8F2DE970}
		{6CD965AA-5968-3DF7-BF46-F66A629E33A0} = {6CD965AA-5968-3DF7-BF46-F66A629E33A0}
	EndProjectSection
EndProject
Project("{8BC9CEB8-8B4A-11D0-8D11-00A0C91BC942}") = "MitkLegacyGL", "..\..\Modules\LegacyGL\MitkLegacyGL.vcxproj", "{76725FD7-E307-399C-AD9A-63FAC5C28666}"
	ProjectSection(ProjectDependencies) = postProject
		{3D35C589-E55A-3756-A9BC-5E6EA8B1A461} = {3D35C589-E55A-3756-A9BC-5E6EA8B1A461}
		{3064DD4E-557A-37BF-8D64-F58A4E70C154} = {3064DD4E-557A-37BF-8D64-F58A4E70C154}
		{4DF8ADA5-05F7-371F-89D3-26AE8F2DE970} = {4DF8ADA5-05F7-371F-89D3-26AE8F2DE970}
		{6CD965AA-5968-3DF7-BF46-F66A629E33A0} = {6CD965AA-5968-3DF7-BF46-F66A629E33A0}
	EndProjectSection
EndProject
Project("{8BC9CEB8-8B4A-11D0-8D11-00A0C91BC942}") = "MitkOverlays", "..\..\Modules\Overlays\MitkOverlays.vcxproj", "{F29C01AB-5418-3D4F-A352-217830B1C06A}"
	ProjectSection(ProjectDependencies) = postProject
		{3D35C589-E55A-3756-A9BC-5E6EA8B1A461} = {3D35C589-E55A-3756-A9BC-5E6EA8B1A461}
		{3064DD4E-557A-37BF-8D64-F58A4E70C154} = {3064DD4E-557A-37BF-8D64-F58A4E70C154}
		{4DF8ADA5-05F7-371F-89D3-26AE8F2DE970} = {4DF8ADA5-05F7-371F-89D3-26AE8F2DE970}
		{6CD965AA-5968-3DF7-BF46-F66A629E33A0} = {6CD965AA-5968-3DF7-BF46-F66A629E33A0}
	EndProjectSection
EndProject
Project("{8BC9CEB8-8B4A-11D0-8D11-00A0C91BC942}") = "MitkPlanarFigure", "..\..\Modules\PlanarFigure\MitkPlanarFigure.vcxproj", "{99EDB1D2-2A2E-34FD-AA6B-F8481FA2F100}"
	ProjectSection(ProjectDependencies) = postProject
		{3D35C589-E55A-3756-A9BC-5E6EA8B1A461} = {3D35C589-E55A-3756-A9BC-5E6EA8B1A461}
		{3064DD4E-557A-37BF-8D64-F58A4E70C154} = {3064DD4E-557A-37BF-8D64-F58A4E70C154}
		{76725FD7-E307-399C-AD9A-63FAC5C28666} = {76725FD7-E307-399C-AD9A-63FAC5C28666}
		{F29C01AB-5418-3D4F-A352-217830B1C06A} = {F29C01AB-5418-3D4F-A352-217830B1C06A}
		{3698B0FE-E8A2-368E-8581-FBBDA330F14C} = {3698B0FE-E8A2-368E-8581-FBBDA330F14C}
		{4DF8ADA5-05F7-371F-89D3-26AE8F2DE970} = {4DF8ADA5-05F7-371F-89D3-26AE8F2DE970}
		{6CD965AA-5968-3DF7-BF46-F66A629E33A0} = {6CD965AA-5968-3DF7-BF46-F66A629E33A0}
		{6EC649BE-3C0C-3A57-8FFC-F32A3AFAA460} = {6EC649BE-3C0C-3A57-8FFC-F32A3AFAA460}
	EndProjectSection
EndProject
Project("{8BC9CEB8-8B4A-11D0-8D11-00A0C91BC942}") = "MitkQtWidgets", "..\..\Modules\QtWidgets\MitkQtWidgets.vcxproj", "{5E4EDF1E-F283-36E9-AABC-9D4DFC336DF9}"
	ProjectSection(ProjectDependencies) = postProject
		{3D35C589-E55A-3756-A9BC-5E6EA8B1A461} = {3D35C589-E55A-3756-A9BC-5E6EA8B1A461}
		{3064DD4E-557A-37BF-8D64-F58A4E70C154} = {3064DD4E-557A-37BF-8D64-F58A4E70C154}
		{76725FD7-E307-399C-AD9A-63FAC5C28666} = {76725FD7-E307-399C-AD9A-63FAC5C28666}
		{F29C01AB-5418-3D4F-A352-217830B1C06A} = {F29C01AB-5418-3D4F-A352-217830B1C06A}
		{99EDB1D2-2A2E-34FD-AA6B-F8481FA2F100} = {99EDB1D2-2A2E-34FD-AA6B-F8481FA2F100}
		{3698B0FE-E8A2-368E-8581-FBBDA330F14C} = {3698B0FE-E8A2-368E-8581-FBBDA330F14C}
		{4DF8ADA5-05F7-371F-89D3-26AE8F2DE970} = {4DF8ADA5-05F7-371F-89D3-26AE8F2DE970}
		{6CD965AA-5968-3DF7-BF46-F66A629E33A0} = {6CD965AA-5968-3DF7-BF46-F66A629E33A0}
	EndProjectSection
EndProject
Project("{8BC9CEB8-8B4A-11D0-8D11-00A0C91BC942}") = "MitkQtWidgetsExt", "..\..\Modules\QtWidgetsExt\MitkQtWidgetsExt.vcxproj", "{74A1E2E2-0454-3D2B-B8B4-4139263798D7}"
	ProjectSection(ProjectDependencies) = postProject
		{3D35C589-E55A-3756-A9BC-5E6EA8B1A461} = {3D35C589-E55A-3756-A9BC-5E6EA8B1A461}
		{F2F185B2-B1A2-36AF-B0DC-084C1C694757} = {F2F185B2-B1A2-36AF-B0DC-084C1C694757}
		{3064DD4E-557A-37BF-8D64-F58A4E70C154} = {3064DD4E-557A-37BF-8D64-F58A4E70C154}
		{78FE3CF4-A6C4-37F3-8CDC-AA72600C7AA9} = {78FE3CF4-A6C4-37F3-8CDC-AA72600C7AA9}
		{1C3FD0D3-C068-38FF-857C-BE6558DA8CD4} = {1C3FD0D3-C068-38FF-857C-BE6558DA8CD4}
		{025743CB-8360-3A1A-A60F-04E90A6627D8} = {025743CB-8360-3A1A-A60F-04E90A6627D8}
		{76725FD7-E307-399C-AD9A-63FAC5C28666} = {76725FD7-E307-399C-AD9A-63FAC5C28666}
		{F29C01AB-5418-3D4F-A352-217830B1C06A} = {F29C01AB-5418-3D4F-A352-217830B1C06A}
		{99EDB1D2-2A2E-34FD-AA6B-F8481FA2F100} = {99EDB1D2-2A2E-34FD-AA6B-F8481FA2F100}
		{5E4EDF1E-F283-36E9-AABC-9D4DFC336DF9} = {5E4EDF1E-F283-36E9-AABC-9D4DFC336DF9}
		{3698B0FE-E8A2-368E-8581-FBBDA330F14C} = {3698B0FE-E8A2-368E-8581-FBBDA330F14C}
		{4DF8ADA5-05F7-371F-89D3-26AE8F2DE970} = {4DF8ADA5-05F7-371F-89D3-26AE8F2DE970}
		{6CD965AA-5968-3DF7-BF46-F66A629E33A0} = {6CD965AA-5968-3DF7-BF46-F66A629E33A0}
	EndProjectSection
EndProject
Project("{8BC9CEB8-8B4A-11D0-8D11-00A0C91BC942}") = "MitkSceneSerializationBase", "..\..\Modules\SceneSerializationBase\MitkSceneSerializationBase.vcxproj", "{3698B0FE-E8A2-368E-8581-FBBDA330F14C}"
	ProjectSection(ProjectDependencies) = postProject
		{3D35C589-E55A-3756-A9BC-5E6EA8B1A461} = {3D35C589-E55A-3756-A9BC-5E6EA8B1A461}
		{3064DD4E-557A-37BF-8D64-F58A4E70C154} = {3064DD4E-557A-37BF-8D64-F58A4E70C154}
		{4DF8ADA5-05F7-371F-89D3-26AE8F2DE970} = {4DF8ADA5-05F7-371F-89D3-26AE8F2DE970}
		{6CD965AA-5968-3DF7-BF46-F66A629E33A0} = {6CD965AA-5968-3DF7-BF46-F66A629E33A0}
	EndProjectSection
EndProject
Project("{8BC9CEB8-8B4A-11D0-8D11-00A0C91BC942}") = "PACKAGE", "PACKAGE.vcxproj", "{271861A0-AF60-30EB-808C-31781628247E}"
	ProjectSection(ProjectDependencies) = postProject
		{D385DA4F-066C-3958-A108-30C086A82473} = {D385DA4F-066C-3958-A108-30C086A82473}
		{4DF8ADA5-05F7-371F-89D3-26AE8F2DE970} = {4DF8ADA5-05F7-371F-89D3-26AE8F2DE970}
	EndProjectSection
EndProject
Project("{8BC9CEB8-8B4A-11D0-8D11-00A0C91BC942}") = "ZERO_CHECK", "..\..\\ZERO_CHECK.vcxproj", "{4DF8ADA5-05F7-371F-89D3-26AE8F2DE970}"
	ProjectSection(ProjectDependencies) = postProject
	EndProjectSection
EndProject
Project("{8BC9CEB8-8B4A-11D0-8D11-00A0C91BC942}") = "mbilog", "..\..\Utilities\mbilog\mbilog.vcxproj", "{6CD965AA-5968-3DF7-BF46-F66A629E33A0}"
	ProjectSection(ProjectDependencies) = postProject
		{4DF8ADA5-05F7-371F-89D3-26AE8F2DE970} = {4DF8ADA5-05F7-371F-89D3-26AE8F2DE970}
	EndProjectSection
EndProject
Project("{8BC9CEB8-8B4A-11D0-8D11-00A0C91BC942}") = "org_blueberry_core_commands", "..\org.blueberry.core.commands\org_blueberry_core_commands.vcxproj", "{98F4DB95-F9B4-3978-AA71-A1310D16DD9F}"
	ProjectSection(ProjectDependencies) = postProject
		{4DF8ADA5-05F7-371F-89D3-26AE8F2DE970} = {4DF8ADA5-05F7-371F-89D3-26AE8F2DE970}
		{6CD965AA-5968-3DF7-BF46-F66A629E33A0} = {6CD965AA-5968-3DF7-BF46-F66A629E33A0}
		{4CFF49C7-F64E-3F58-A20A-775591DE2733} = {4CFF49C7-F64E-3F58-A20A-775591DE2733}
	EndProjectSection
EndProject
Project("{8BC9CEB8-8B4A-11D0-8D11-00A0C91BC942}") = "org_blueberry_core_expressions", "..\org.blueberry.core.expressions\org_blueberry_core_expressions.vcxproj", "{161FE943-8828-3AB0-BDE7-B81ABC1C5E80}"
	ProjectSection(ProjectDependencies) = postProject
		{4DF8ADA5-05F7-371F-89D3-26AE8F2DE970} = {4DF8ADA5-05F7-371F-89D3-26AE8F2DE970}
		{6CD965AA-5968-3DF7-BF46-F66A629E33A0} = {6CD965AA-5968-3DF7-BF46-F66A629E33A0}
		{4CFF49C7-F64E-3F58-A20A-775591DE2733} = {4CFF49C7-F64E-3F58-A20A-775591DE2733}
	EndProjectSection
EndProject
Project("{8BC9CEB8-8B4A-11D0-8D11-00A0C91BC942}") = "org_blueberry_core_runtime", "..\org.blueberry.core.runtime\org_blueberry_core_runtime.vcxproj", "{4CFF49C7-F64E-3F58-A20A-775591DE2733}"
	ProjectSection(ProjectDependencies) = postProject
		{4DF8ADA5-05F7-371F-89D3-26AE8F2DE970} = {4DF8ADA5-05F7-371F-89D3-26AE8F2DE970}
		{6CD965AA-5968-3DF7-BF46-F66A629E33A0} = {6CD965AA-5968-3DF7-BF46-F66A629E33A0}
	EndProjectSection
EndProject
Project("{8BC9CEB8-8B4A-11D0-8D11-00A0C91BC942}") = "org_blueberry_ui_qt", "..\org.blueberry.ui.qt\org_blueberry_ui_qt.vcxproj", "{770470F7-4CCF-3FE0-AA53-735BC404161C}"
	ProjectSection(ProjectDependencies) = postProject
		{4DF8ADA5-05F7-371F-89D3-26AE8F2DE970} = {4DF8ADA5-05F7-371F-89D3-26AE8F2DE970}
		{6CD965AA-5968-3DF7-BF46-F66A629E33A0} = {6CD965AA-5968-3DF7-BF46-F66A629E33A0}
		{98F4DB95-F9B4-3978-AA71-A1310D16DD9F} = {98F4DB95-F9B4-3978-AA71-A1310D16DD9F}
		{161FE943-8828-3AB0-BDE7-B81ABC1C5E80} = {161FE943-8828-3AB0-BDE7-B81ABC1C5E80}
		{4CFF49C7-F64E-3F58-A20A-775591DE2733} = {4CFF49C7-F64E-3F58-A20A-775591DE2733}
	EndProjectSection
EndProject
Project("{8BC9CEB8-8B4A-11D0-8D11-00A0C91BC942}") = "org_mitk_core_services", "..\org.mitk.core.services\org_mitk_core_services.vcxproj", "{FDCAC13C-90BC-3FE3-AD59-BD3A81801DF6}"
	ProjectSection(ProjectDependencies) = postProject
		{3D35C589-E55A-3756-A9BC-5E6EA8B1A461} = {3D35C589-E55A-3756-A9BC-5E6EA8B1A461}
		{3064DD4E-557A-37BF-8D64-F58A4E70C154} = {3064DD4E-557A-37BF-8D64-F58A4E70C154}
		{4DF8ADA5-05F7-371F-89D3-26AE8F2DE970} = {4DF8ADA5-05F7-371F-89D3-26AE8F2DE970}
		{6CD965AA-5968-3DF7-BF46-F66A629E33A0} = {6CD965AA-5968-3DF7-BF46-F66A629E33A0}
		{4CFF49C7-F64E-3F58-A20A-775591DE2733} = {4CFF49C7-F64E-3F58-A20A-775591DE2733}
	EndProjectSection
EndProject
Project("{8BC9CEB8-8B4A-11D0-8D11-00A0C91BC942}") = "org_mitk_gui_common", "..\org.mitk.gui.common\org_mitk_gui_common.vcxproj", "{ADD3DC48-8C34-3FA6-B519-491C8A80F9EB}"
	ProjectSection(ProjectDependencies) = postProject
		{3D35C589-E55A-3756-A9BC-5E6EA8B1A461} = {3D35C589-E55A-3756-A9BC-5E6EA8B1A461}
		{3064DD4E-557A-37BF-8D64-F58A4E70C154} = {3064DD4E-557A-37BF-8D64-F58A4E70C154}
		{76725FD7-E307-399C-AD9A-63FAC5C28666} = {76725FD7-E307-399C-AD9A-63FAC5C28666}
		{F29C01AB-5418-3D4F-A352-217830B1C06A} = {F29C01AB-5418-3D4F-A352-217830B1C06A}
		{99EDB1D2-2A2E-34FD-AA6B-F8481FA2F100} = {99EDB1D2-2A2E-34FD-AA6B-F8481FA2F100}
		{5E4EDF1E-F283-36E9-AABC-9D4DFC336DF9} = {5E4EDF1E-F283-36E9-AABC-9D4DFC336DF9}
		{3698B0FE-E8A2-368E-8581-FBBDA330F14C} = {3698B0FE-E8A2-368E-8581-FBBDA330F14C}
		{4DF8ADA5-05F7-371F-89D3-26AE8F2DE970} = {4DF8ADA5-05F7-371F-89D3-26AE8F2DE970}
		{6CD965AA-5968-3DF7-BF46-F66A629E33A0} = {6CD965AA-5968-3DF7-BF46-F66A629E33A0}
		{98F4DB95-F9B4-3978-AA71-A1310D16DD9F} = {98F4DB95-F9B4-3978-AA71-A1310D16DD9F}
		{161FE943-8828-3AB0-BDE7-B81ABC1C5E80} = {161FE943-8828-3AB0-BDE7-B81ABC1C5E80}
		{4CFF49C7-F64E-3F58-A20A-775591DE2733} = {4CFF49C7-F64E-3F58-A20A-775591DE2733}
		{770470F7-4CCF-3FE0-AA53-735BC404161C} = {770470F7-4CCF-3FE0-AA53-735BC404161C}
		{FDCAC13C-90BC-3FE3-AD59-BD3A81801DF6} = {FDCAC13C-90BC-3FE3-AD59-BD3A81801DF6}
	EndProjectSection
EndProject
Project("{8BC9CEB8-8B4A-11D0-8D11-00A0C91BC942}") = "org_mitk_gui_qt_common", "..\org.mitk.gui.qt.common\org_mitk_gui_qt_common.vcxproj", "{07F31475-81B1-3842-B1C4-69F789D1FC55}"
	ProjectSection(ProjectDependencies) = postProject
		{3D35C589-E55A-3756-A9BC-5E6EA8B1A461} = {3D35C589-E55A-3756-A9BC-5E6EA8B1A461}
		{3064DD4E-557A-37BF-8D64-F58A4E70C154} = {3064DD4E-557A-37BF-8D64-F58A4E70C154}
		{76725FD7-E307-399C-AD9A-63FAC5C28666} = {76725FD7-E307-399C-AD9A-63FAC5C28666}
		{F29C01AB-5418-3D4F-A352-217830B1C06A} = {F29C01AB-5418-3D4F-A352-217830B1C06A}
		{99EDB1D2-2A2E-34FD-AA6B-F8481FA2F100} = {99EDB1D2-2A2E-34FD-AA6B-F8481FA2F100}
		{5E4EDF1E-F283-36E9-AABC-9D4DFC336DF9} = {5E4EDF1E-F283-36E9-AABC-9D4DFC336DF9}
		{3698B0FE-E8A2-368E-8581-FBBDA330F14C} = {3698B0FE-E8A2-368E-8581-FBBDA330F14C}
		{4DF8ADA5-05F7-371F-89D3-26AE8F2DE970} = {4DF8ADA5-05F7-371F-89D3-26AE8F2DE970}
		{6CD965AA-5968-3DF7-BF46-F66A629E33A0} = {6CD965AA-5968-3DF7-BF46-F66A629E33A0}
		{98F4DB95-F9B4-3978-AA71-A1310D16DD9F} = {98F4DB95-F9B4-3978-AA71-A1310D16DD9F}
		{161FE943-8828-3AB0-BDE7-B81ABC1C5E80} = {161FE943-8828-3AB0-BDE7-B81ABC1C5E80}
		{4CFF49C7-F64E-3F58-A20A-775591DE2733} = {4CFF49C7-F64E-3F58-A20A-775591DE2733}
		{770470F7-4CCF-3FE0-AA53-735BC404161C} = {770470F7-4CCF-3FE0-AA53-735BC404161C}
		{FDCAC13C-90BC-3FE3-AD59-BD3A81801DF6} = {FDCAC13C-90BC-3FE3-AD59-BD3A81801DF6}
		{ADD3DC48-8C34-3FA6-B519-491C8A80F9EB} = {ADD3DC48-8C34-3FA6-B519-491C8A80F9EB}
	EndProjectSection
EndProject
Project("{8BC9CEB8-8B4A-11D0-8D11-00A0C91BC942}") = "org_mitk_gui_qt_properties", "org_mitk_gui_qt_properties.vcxproj", "{DA77BB08-230A-3B05-BDB3-2E2946824DAB}"
	ProjectSection(ProjectDependencies) = postProject
		{3D35C589-E55A-3756-A9BC-5E6EA8B1A461} = {3D35C589-E55A-3756-A9BC-5E6EA8B1A461}
		{F2F185B2-B1A2-36AF-B0DC-084C1C694757} = {F2F185B2-B1A2-36AF-B0DC-084C1C694757}
		{3064DD4E-557A-37BF-8D64-F58A4E70C154} = {3064DD4E-557A-37BF-8D64-F58A4E70C154}
		{78FE3CF4-A6C4-37F3-8CDC-AA72600C7AA9} = {78FE3CF4-A6C4-37F3-8CDC-AA72600C7AA9}
		{1C3FD0D3-C068-38FF-857C-BE6558DA8CD4} = {1C3FD0D3-C068-38FF-857C-BE6558DA8CD4}
		{025743CB-8360-3A1A-A60F-04E90A6627D8} = {025743CB-8360-3A1A-A60F-04E90A6627D8}
		{76725FD7-E307-399C-AD9A-63FAC5C28666} = {76725FD7-E307-399C-AD9A-63FAC5C28666}
		{F29C01AB-5418-3D4F-A352-217830B1C06A} = {F29C01AB-5418-3D4F-A352-217830B1C06A}
		{99EDB1D2-2A2E-34FD-AA6B-F8481FA2F100} = {99EDB1D2-2A2E-34FD-AA6B-F8481FA2F100}
		{5E4EDF1E-F283-36E9-AABC-9D4DFC336DF9} = {5E4EDF1E-F283-36E9-AABC-9D4DFC336DF9}
		{74A1E2E2-0454-3D2B-B8B4-4139263798D7} = {74A1E2E2-0454-3D2B-B8B4-4139263798D7}
		{3698B0FE-E8A2-368E-8581-FBBDA330F14C} = {3698B0FE-E8A2-368E-8581-FBBDA330F14C}
		{4DF8ADA5-05F7-371F-89D3-26AE8F2DE970} = {4DF8ADA5-05F7-371F-89D3-26AE8F2DE970}
		{6CD965AA-5968-3DF7-BF46-F66A629E33A0} = {6CD965AA-5968-3DF7-BF46-F66A629E33A0}
		{98F4DB95-F9B4-3978-AA71-A1310D16DD9F} = {98F4DB95-F9B4-3978-AA71-A1310D16DD9F}
		{161FE943-8828-3AB0-BDE7-B81ABC1C5E80} = {161FE943-8828-3AB0-BDE7-B81ABC1C5E80}
		{4CFF49C7-F64E-3F58-A20A-775591DE2733} = {4CFF49C7-F64E-3F58-A20A-775591DE2733}
		{770470F7-4CCF-3FE0-AA53-735BC404161C} = {770470F7-4CCF-3FE0-AA53-735BC404161C}
		{FDCAC13C-90BC-3FE3-AD59-BD3A81801DF6} = {FDCAC13C-90BC-3FE3-AD59-BD3A81801DF6}
		{ADD3DC48-8C34-3FA6-B519-491C8A80F9EB} = {ADD3DC48-8C34-3FA6-B519-491C8A80F9EB}
		{07F31475-81B1-3842-B1C4-69F789D1FC55} = {07F31475-81B1-3842-B1C4-69F789D1FC55}
	EndProjectSection
EndProject
Project("{8BC9CEB8-8B4A-11D0-8D11-00A0C91BC942}") = "usResourceCompiler", "..\..\Modules\CppMicroServices\tools\usResourceCompiler.vcxproj", "{6EC649BE-3C0C-3A57-8FFC-F32A3AFAA460}"
	ProjectSection(ProjectDependencies) = postProject
		{4DF8ADA5-05F7-371F-89D3-26AE8F2DE970} = {4DF8ADA5-05F7-371F-89D3-26AE8F2DE970}
	EndProjectSection
EndProject
Global
	GlobalSection(SolutionConfigurationPlatforms) = preSolution
		Debug|Win32 = Debug|Win32
		Release|Win32 = Release|Win32
		MinSizeRel|Win32 = MinSizeRel|Win32
		RelWithDebInfo|Win32 = RelWithDebInfo|Win32
	EndGlobalSection
	GlobalSection(ProjectConfigurationPlatforms) = postSolution
		{D385DA4F-066C-3958-A108-30C086A82473}.Debug|Win32.ActiveCfg = Debug|Win32
		{D385DA4F-066C-3958-A108-30C086A82473}.Debug|Win32.Build.0 = Debug|Win32
		{D385DA4F-066C-3958-A108-30C086A82473}.Release|Win32.ActiveCfg = Release|Win32
		{D385DA4F-066C-3958-A108-30C086A82473}.Release|Win32.Build.0 = Release|Win32
		{D385DA4F-066C-3958-A108-30C086A82473}.MinSizeRel|Win32.ActiveCfg = MinSizeRel|Win32
		{D385DA4F-066C-3958-A108-30C086A82473}.MinSizeRel|Win32.Build.0 = MinSizeRel|Win32
		{D385DA4F-066C-3958-A108-30C086A82473}.RelWithDebInfo|Win32.ActiveCfg = RelWithDebInfo|Win32
		{D385DA4F-066C-3958-A108-30C086A82473}.RelWithDebInfo|Win32.Build.0 = RelWithDebInfo|Win32
		{3D35C589-E55A-3756-A9BC-5E6EA8B1A461}.Debug|Win32.ActiveCfg = Debug|Win32
		{3D35C589-E55A-3756-A9BC-5E6EA8B1A461}.Debug|Win32.Build.0 = Debug|Win32
		{3D35C589-E55A-3756-A9BC-5E6EA8B1A461}.Release|Win32.ActiveCfg = Release|Win32
		{3D35C589-E55A-3756-A9BC-5E6EA8B1A461}.Release|Win32.Build.0 = Release|Win32
		{3D35C589-E55A-3756-A9BC-5E6EA8B1A461}.MinSizeRel|Win32.ActiveCfg = MinSizeRel|Win32
		{3D35C589-E55A-3756-A9BC-5E6EA8B1A461}.MinSizeRel|Win32.Build.0 = MinSizeRel|Win32
		{3D35C589-E55A-3756-A9BC-5E6EA8B1A461}.RelWithDebInfo|Win32.ActiveCfg = RelWithDebInfo|Win32
		{3D35C589-E55A-3756-A9BC-5E6EA8B1A461}.RelWithDebInfo|Win32.Build.0 = RelWithDebInfo|Win32
		{A75813C1-0B29-37E5-A1F9-8CF9D7D6FD21}.Debug|Win32.ActiveCfg = Debug|Win32
		{A75813C1-0B29-37E5-A1F9-8CF9D7D6FD21}.Release|Win32.ActiveCfg = Release|Win32
		{A75813C1-0B29-37E5-A1F9-8CF9D7D6FD21}.MinSizeRel|Win32.ActiveCfg = MinSizeRel|Win32
		{A75813C1-0B29-37E5-A1F9-8CF9D7D6FD21}.RelWithDebInfo|Win32.ActiveCfg = RelWithDebInfo|Win32
		{F2F185B2-B1A2-36AF-B0DC-084C1C694757}.Debug|Win32.ActiveCfg = Debug|Win32
		{F2F185B2-B1A2-36AF-B0DC-084C1C694757}.Debug|Win32.Build.0 = Debug|Win32
		{F2F185B2-B1A2-36AF-B0DC-084C1C694757}.Release|Win32.ActiveCfg = Release|Win32
		{F2F185B2-B1A2-36AF-B0DC-084C1C694757}.Release|Win32.Build.0 = Release|Win32
		{F2F185B2-B1A2-36AF-B0DC-084C1C694757}.MinSizeRel|Win32.ActiveCfg = MinSizeRel|Win32
		{F2F185B2-B1A2-36AF-B0DC-084C1C694757}.MinSizeRel|Win32.Build.0 = MinSizeRel|Win32
		{F2F185B2-B1A2-36AF-B0DC-084C1C694757}.RelWithDebInfo|Win32.ActiveCfg = RelWithDebInfo|Win32
		{F2F185B2-B1A2-36AF-B0DC-084C1C694757}.RelWithDebInfo|Win32.Build.0 = RelWithDebInfo|Win32
		{3064DD4E-557A-37BF-8D64-F58A4E70C154}.Debug|Win32.ActiveCfg = Debug|Win32
		{3064DD4E-557A-37BF-8D64-F58A4E70C154}.Debug|Win32.Build.0 = Debug|Win32
		{3064DD4E-557A-37BF-8D64-F58A4E70C154}.Release|Win32.ActiveCfg = Release|Win32
		{3064DD4E-557A-37BF-8D64-F58A4E70C154}.Release|Win32.Build.0 = Release|Win32
		{3064DD4E-557A-37BF-8D64-F58A4E70C154}.MinSizeRel|Win32.ActiveCfg = MinSizeRel|Win32
		{3064DD4E-557A-37BF-8D64-F58A4E70C154}.MinSizeRel|Win32.Build.0 = MinSizeRel|Win32
		{3064DD4E-557A-37BF-8D64-F58A4E70C154}.RelWithDebInfo|Win32.ActiveCfg = RelWithDebInfo|Win32
		{3064DD4E-557A-37BF-8D64-F58A4E70C154}.RelWithDebInfo|Win32.Build.0 = RelWithDebInfo|Win32
		{78FE3CF4-A6C4-37F3-8CDC-AA72600C7AA9}.Debug|Win32.ActiveCfg = Debug|Win32
		{78FE3CF4-A6C4-37F3-8CDC-AA72600C7AA9}.Debug|Win32.Build.0 = Debug|Win32
		{78FE3CF4-A6C4-37F3-8CDC-AA72600C7AA9}.Release|Win32.ActiveCfg = Release|Win32
		{78FE3CF4-A6C4-37F3-8CDC-AA72600C7AA9}.Release|Win32.Build.0 = Release|Win32
		{78FE3CF4-A6C4-37F3-8CDC-AA72600C7AA9}.MinSizeRel|Win32.ActiveCfg = MinSizeRel|Win32
		{78FE3CF4-A6C4-37F3-8CDC-AA72600C7AA9}.MinSizeRel|Win32.Build.0 = MinSizeRel|Win32
		{78FE3CF4-A6C4-37F3-8CDC-AA72600C7AA9}.RelWithDebInfo|Win32.ActiveCfg = RelWithDebInfo|Win32
		{78FE3CF4-A6C4-37F3-8CDC-AA72600C7AA9}.RelWithDebInfo|Win32.Build.0 = RelWithDebInfo|Win32
		{1C3FD0D3-C068-38FF-857C-BE6558DA8CD4}.Debug|Win32.ActiveCfg = Debug|Win32
		{1C3FD0D3-C068-38FF-857C-BE6558DA8CD4}.Debug|Win32.Build.0 = Debug|Win32
		{1C3FD0D3-C068-38FF-857C-BE6558DA8CD4}.Release|Win32.ActiveCfg = Release|Win32
		{1C3FD0D3-C068-38FF-857C-BE6558DA8CD4}.Release|Win32.Build.0 = Release|Win32
		{1C3FD0D3-C068-38FF-857C-BE6558DA8CD4}.MinSizeRel|Win32.ActiveCfg = MinSizeRel|Win32
		{1C3FD0D3-C068-38FF-857C-BE6558DA8CD4}.MinSizeRel|Win32.Build.0 = MinSizeRel|Win32
		{1C3FD0D3-C068-38FF-857C-BE6558DA8CD4}.RelWithDebInfo|Win32.ActiveCfg = RelWithDebInfo|Win32
		{1C3FD0D3-C068-38FF-857C-BE6558DA8CD4}.RelWithDebInfo|Win32.Build.0 = RelWithDebInfo|Win32
		{025743CB-8360-3A1A-A60F-04E90A6627D8}.Debug|Win32.ActiveCfg = Debug|Win32
		{025743CB-8360-3A1A-A60F-04E90A6627D8}.Debug|Win32.Build.0 = Debug|Win32
		{025743CB-8360-3A1A-A60F-04E90A6627D8}.Release|Win32.ActiveCfg = Release|Win32
		{025743CB-8360-3A1A-A60F-04E90A6627D8}.Release|Win32.Build.0 = Release|Win32
		{025743CB-8360-3A1A-A60F-04E90A6627D8}.MinSizeRel|Win32.ActiveCfg = MinSizeRel|Win32
		{025743CB-8360-3A1A-A60F-04E90A6627D8}.MinSizeRel|Win32.Build.0 = MinSizeRel|Win32
		{025743CB-8360-3A1A-A60F-04E90A6627D8}.RelWithDebInfo|Win32.ActiveCfg = RelWithDebInfo|Win32
		{025743CB-8360-3A1A-A60F-04E90A6627D8}.RelWithDebInfo|Win32.Build.0 = RelWithDebInfo|Win32
		{76725FD7-E307-399C-AD9A-63FAC5C28666}.Debug|Win32.ActiveCfg = Debug|Win32
		{76725FD7-E307-399C-AD9A-63FAC5C28666}.Debug|Win32.Build.0 = Debug|Win32
		{76725FD7-E307-399C-AD9A-63FAC5C28666}.Release|Win32.ActiveCfg = Release|Win32
		{76725FD7-E307-399C-AD9A-63FAC5C28666}.Release|Win32.Build.0 = Release|Win32
		{76725FD7-E307-399C-AD9A-63FAC5C28666}.MinSizeRel|Win32.ActiveCfg = MinSizeRel|Win32
		{76725FD7-E307-399C-AD9A-63FAC5C28666}.MinSizeRel|Win32.Build.0 = MinSizeRel|Win32
		{76725FD7-E307-399C-AD9A-63FAC5C28666}.RelWithDebInfo|Win32.ActiveCfg = RelWithDebInfo|Win32
		{76725FD7-E307-399C-AD9A-63FAC5C28666}.RelWithDebInfo|Win32.Build.0 = RelWithDebInfo|Win32
		{F29C01AB-5418-3D4F-A352-217830B1C06A}.Debug|Win32.ActiveCfg = Debug|Win32
		{F29C01AB-5418-3D4F-A352-217830B1C06A}.Debug|Win32.Build.0 = Debug|Win32
		{F29C01AB-5418-3D4F-A352-217830B1C06A}.Release|Win32.ActiveCfg = Release|Win32
		{F29C01AB-5418-3D4F-A352-217830B1C06A}.Release|Win32.Build.0 = Release|Win32
		{F29C01AB-5418-3D4F-A352-217830B1C06A}.MinSizeRel|Win32.ActiveCfg = MinSizeRel|Win32
		{F29C01AB-5418-3D4F-A352-217830B1C06A}.MinSizeRel|Win32.Build.0 = MinSizeRel|Win32
		{F29C01AB-5418-3D4F-A352-217830B1C06A}.RelWithDebInfo|Win32.ActiveCfg = RelWithDebInfo|Win32
		{F29C01AB-5418-3D4F-A352-217830B1C06A}.RelWithDebInfo|Win32.Build.0 = RelWithDebInfo|Win32
		{99EDB1D2-2A2E-34FD-AA6B-F8481FA2F100}.Debug|Win32.ActiveCfg = Debug|Win32
		{99EDB1D2-2A2E-34FD-AA6B-F8481FA2F100}.Debug|Win32.Build.0 = Debug|Win32
		{99EDB1D2-2A2E-34FD-AA6B-F8481FA2F100}.Release|Win32.ActiveCfg = Release|Win32
		{99EDB1D2-2A2E-34FD-AA6B-F8481FA2F100}.Release|Win32.Build.0 = Release|Win32
		{99EDB1D2-2A2E-34FD-AA6B-F8481FA2F100}.MinSizeRel|Win32.ActiveCfg = MinSizeRel|Win32
		{99EDB1D2-2A2E-34FD-AA6B-F8481FA2F100}.MinSizeRel|Win32.Build.0 = MinSizeRel|Win32
		{99EDB1D2-2A2E-34FD-AA6B-F8481FA2F100}.RelWithDebInfo|Win32.ActiveCfg = RelWithDebInfo|Win32
		{99EDB1D2-2A2E-34FD-AA6B-F8481FA2F100}.RelWithDebInfo|Win32.Build.0 = RelWithDebInfo|Win32
		{5E4EDF1E-F283-36E9-AABC-9D4DFC336DF9}.Debug|Win32.ActiveCfg = Debug|Win32
		{5E4EDF1E-F283-36E9-AABC-9D4DFC336DF9}.Debug|Win32.Build.0 = Debug|Win32
		{5E4EDF1E-F283-36E9-AABC-9D4DFC336DF9}.Release|Win32.ActiveCfg = Release|Win32
		{5E4EDF1E-F283-36E9-AABC-9D4DFC336DF9}.Release|Win32.Build.0 = Release|Win32
		{5E4EDF1E-F283-36E9-AABC-9D4DFC336DF9}.MinSizeRel|Win32.ActiveCfg = MinSizeRel|Win32
		{5E4EDF1E-F283-36E9-AABC-9D4DFC336DF9}.MinSizeRel|Win32.Build.0 = MinSizeRel|Win32
		{5E4EDF1E-F283-36E9-AABC-9D4DFC336DF9}.RelWithDebInfo|Win32.ActiveCfg = RelWithDebInfo|Win32
		{5E4EDF1E-F283-36E9-AABC-9D4DFC336DF9}.RelWithDebInfo|Win32.Build.0 = RelWithDebInfo|Win32
		{74A1E2E2-0454-3D2B-B8B4-4139263798D7}.Debug|Win32.ActiveCfg = Debug|Win32
		{74A1E2E2-0454-3D2B-B8B4-4139263798D7}.Debug|Win32.Build.0 = Debug|Win32
		{74A1E2E2-0454-3D2B-B8B4-4139263798D7}.Release|Win32.ActiveCfg = Release|Win32
		{74A1E2E2-0454-3D2B-B8B4-4139263798D7}.Release|Win32.Build.0 = Release|Win32
		{74A1E2E2-0454-3D2B-B8B4-4139263798D7}.MinSizeRel|Win32.ActiveCfg = MinSizeRel|Win32
		{74A1E2E2-0454-3D2B-B8B4-4139263798D7}.MinSizeRel|Win32.Build.0 = MinSizeRel|Win32
		{74A1E2E2-0454-3D2B-B8B4-4139263798D7}.RelWithDebInfo|Win32.ActiveCfg = RelWithDebInfo|Win32
		{74A1E2E2-0454-3D2B-B8B4-4139263798D7}.RelWithDebInfo|Win32.Build.0 = RelWithDebInfo|Win32
		{3698B0FE-E8A2-368E-8581-FBBDA330F14C}.Debug|Win32.ActiveCfg = Debug|Win32
		{3698B0FE-E8A2-368E-8581-FBBDA330F14C}.Debug|Win32.Build.0 = Debug|Win32
		{3698B0FE-E8A2-368E-8581-FBBDA330F14C}.Release|Win32.ActiveCfg = Release|Win32
		{3698B0FE-E8A2-368E-8581-FBBDA330F14C}.Release|Win32.Build.0 = Release|Win32
		{3698B0FE-E8A2-368E-8581-FBBDA330F14C}.MinSizeRel|Win32.ActiveCfg = MinSizeRel|Win32
		{3698B0FE-E8A2-368E-8581-FBBDA330F14C}.MinSizeRel|Win32.Build.0 = MinSizeRel|Win32
		{3698B0FE-E8A2-368E-8581-FBBDA330F14C}.RelWithDebInfo|Win32.ActiveCfg = RelWithDebInfo|Win32
		{3698B0FE-E8A2-368E-8581-FBBDA330F14C}.RelWithDebInfo|Win32.Build.0 = RelWithDebInfo|Win32
		{271861A0-AF60-30EB-808C-31781628247E}.Debug|Win32.ActiveCfg = Debug|Win32
		{271861A0-AF60-30EB-808C-31781628247E}.Release|Win32.ActiveCfg = Release|Win32
		{271861A0-AF60-30EB-808C-31781628247E}.MinSizeRel|Win32.ActiveCfg = MinSizeRel|Win32
		{271861A0-AF60-30EB-808C-31781628247E}.RelWithDebInfo|Win32.ActiveCfg = RelWithDebInfo|Win32
		{4DF8ADA5-05F7-371F-89D3-26AE8F2DE970}.Debug|Win32.ActiveCfg = Debug|Win32
		{4DF8ADA5-05F7-371F-89D3-26AE8F2DE970}.Debug|Win32.Build.0 = Debug|Win32
		{4DF8ADA5-05F7-371F-89D3-26AE8F2DE970}.Release|Win32.ActiveCfg = Release|Win32
		{4DF8ADA5-05F7-371F-89D3-26AE8F2DE970}.Release|Win32.Build.0 = Release|Win32
		{4DF8ADA5-05F7-371F-89D3-26AE8F2DE970}.MinSizeRel|Win32.ActiveCfg = MinSizeRel|Win32
		{4DF8ADA5-05F7-371F-89D3-26AE8F2DE970}.MinSizeRel|Win32.Build.0 = MinSizeRel|Win32
		{4DF8ADA5-05F7-371F-89D3-26AE8F2DE970}.RelWithDebInfo|Win32.ActiveCfg = RelWithDebInfo|Win32
		{4DF8ADA5-05F7-371F-89D3-26AE8F2DE970}.RelWithDebInfo|Win32.Build.0 = RelWithDebInfo|Win32
		{6CD965AA-5968-3DF7-BF46-F66A629E33A0}.Debug|Win32.ActiveCfg = Debug|Win32
		{6CD965AA-5968-3DF7-BF46-F66A629E33A0}.Debug|Win32.Build.0 = Debug|Win32
		{6CD965AA-5968-3DF7-BF46-F66A629E33A0}.Release|Win32.ActiveCfg = Release|Win32
		{6CD965AA-5968-3DF7-BF46-F66A629E33A0}.Release|Win32.Build.0 = Release|Win32
		{6CD965AA-5968-3DF7-BF46-F66A629E33A0}.MinSizeRel|Win32.ActiveCfg = MinSizeRel|Win32
		{6CD965AA-5968-3DF7-BF46-F66A629E33A0}.MinSizeRel|Win32.Build.0 = MinSizeRel|Win32
		{6CD965AA-5968-3DF7-BF46-F66A629E33A0}.RelWithDebInfo|Win32.ActiveCfg = RelWithDebInfo|Win32
		{6CD965AA-5968-3DF7-BF46-F66A629E33A0}.RelWithDebInfo|Win32.Build.0 = RelWithDebInfo|Win32
		{98F4DB95-F9B4-3978-AA71-A1310D16DD9F}.Debug|Win32.ActiveCfg = Debug|Win32
		{98F4DB95-F9B4-3978-AA71-A1310D16DD9F}.Debug|Win32.Build.0 = Debug|Win32
		{98F4DB95-F9B4-3978-AA71-A1310D16DD9F}.Release|Win32.ActiveCfg = Release|Win32
		{98F4DB95-F9B4-3978-AA71-A1310D16DD9F}.Release|Win32.Build.0 = Release|Win32
		{98F4DB95-F9B4-3978-AA71-A1310D16DD9F}.MinSizeRel|Win32.ActiveCfg = MinSizeRel|Win32
		{98F4DB95-F9B4-3978-AA71-A1310D16DD9F}.MinSizeRel|Win32.Build.0 = MinSizeRel|Win32
		{98F4DB95-F9B4-3978-AA71-A1310D16DD9F}.RelWithDebInfo|Win32.ActiveCfg = RelWithDebInfo|Win32
		{98F4DB95-F9B4-3978-AA71-A1310D16DD9F}.RelWithDebInfo|Win32.Build.0 = RelWithDebInfo|Win32
		{161FE943-8828-3AB0-BDE7-B81ABC1C5E80}.Debug|Win32.ActiveCfg = Debug|Win32
		{161FE943-8828-3AB0-BDE7-B81ABC1C5E80}.Debug|Win32.Build.0 = Debug|Win32
		{161FE943-8828-3AB0-BDE7-B81ABC1C5E80}.Release|Win32.ActiveCfg = Release|Win32
		{161FE943-8828-3AB0-BDE7-B81ABC1C5E80}.Release|Win32.Build.0 = Release|Win32
		{161FE943-8828-3AB0-BDE7-B81ABC1C5E80}.MinSizeRel|Win32.ActiveCfg = MinSizeRel|Win32
		{161FE943-8828-3AB0-BDE7-B81ABC1C5E80}.MinSizeRel|Win32.Build.0 = MinSizeRel|Win32
		{161FE943-8828-3AB0-BDE7-B81ABC1C5E80}.RelWithDebInfo|Win32.ActiveCfg = RelWithDebInfo|Win32
		{161FE943-8828-3AB0-BDE7-B81ABC1C5E80}.RelWithDebInfo|Win32.Build.0 = RelWithDebInfo|Win32
		{4CFF49C7-F64E-3F58-A20A-775591DE2733}.Debug|Win32.ActiveCfg = Debug|Win32
		{4CFF49C7-F64E-3F58-A20A-775591DE2733}.Debug|Win32.Build.0 = Debug|Win32
		{4CFF49C7-F64E-3F58-A20A-775591DE2733}.Release|Win32.ActiveCfg = Release|Win32
		{4CFF49C7-F64E-3F58-A20A-775591DE2733}.Release|Win32.Build.0 = Release|Win32
		{4CFF49C7-F64E-3F58-A20A-775591DE2733}.MinSizeRel|Win32.ActiveCfg = MinSizeRel|Win32
		{4CFF49C7-F64E-3F58-A20A-775591DE2733}.MinSizeRel|Win32.Build.0 = MinSizeRel|Win32
		{4CFF49C7-F64E-3F58-A20A-775591DE2733}.RelWithDebInfo|Win32.ActiveCfg = RelWithDebInfo|Win32
		{4CFF49C7-F64E-3F58-A20A-775591DE2733}.RelWithDebInfo|Win32.Build.0 = RelWithDebInfo|Win32
		{770470F7-4CCF-3FE0-AA53-735BC404161C}.Debug|Win32.ActiveCfg = Debug|Win32
		{770470F7-4CCF-3FE0-AA53-735BC404161C}.Debug|Win32.Build.0 = Debug|Win32
		{770470F7-4CCF-3FE0-AA53-735BC404161C}.Release|Win32.ActiveCfg = Release|Win32
		{770470F7-4CCF-3FE0-AA53-735BC404161C}.Release|Win32.Build.0 = Release|Win32
		{770470F7-4CCF-3FE0-AA53-735BC404161C}.MinSizeRel|Win32.ActiveCfg = MinSizeRel|Win32
		{770470F7-4CCF-3FE0-AA53-735BC404161C}.MinSizeRel|Win32.Build.0 = MinSizeRel|Win32
		{770470F7-4CCF-3FE0-AA53-735BC404161C}.RelWithDebInfo|Win32.ActiveCfg = RelWithDebInfo|Win32
		{770470F7-4CCF-3FE0-AA53-735BC404161C}.RelWithDebInfo|Win32.Build.0 = RelWithDebInfo|Win32
		{FDCAC13C-90BC-3FE3-AD59-BD3A81801DF6}.Debug|Win32.ActiveCfg = Debug|Win32
		{FDCAC13C-90BC-3FE3-AD59-BD3A81801DF6}.Debug|Win32.Build.0 = Debug|Win32
		{FDCAC13C-90BC-3FE3-AD59-BD3A81801DF6}.Release|Win32.ActiveCfg = Release|Win32
		{FDCAC13C-90BC-3FE3-AD59-BD3A81801DF6}.Release|Win32.Build.0 = Release|Win32
		{FDCAC13C-90BC-3FE3-AD59-BD3A81801DF6}.MinSizeRel|Win32.ActiveCfg = MinSizeRel|Win32
		{FDCAC13C-90BC-3FE3-AD59-BD3A81801DF6}.MinSizeRel|Win32.Build.0 = MinSizeRel|Win32
		{FDCAC13C-90BC-3FE3-AD59-BD3A81801DF6}.RelWithDebInfo|Win32.ActiveCfg = RelWithDebInfo|Win32
		{FDCAC13C-90BC-3FE3-AD59-BD3A81801DF6}.RelWithDebInfo|Win32.Build.0 = RelWithDebInfo|Win32
		{ADD3DC48-8C34-3FA6-B519-491C8A80F9EB}.Debug|Win32.ActiveCfg = Debug|Win32
		{ADD3DC48-8C34-3FA6-B519-491C8A80F9EB}.Debug|Win32.Build.0 = Debug|Win32
		{ADD3DC48-8C34-3FA6-B519-491C8A80F9EB}.Release|Win32.ActiveCfg = Release|Win32
		{ADD3DC48-8C34-3FA6-B519-491C8A80F9EB}.Release|Win32.Build.0 = Release|Win32
		{ADD3DC48-8C34-3FA6-B519-491C8A80F9EB}.MinSizeRel|Win32.ActiveCfg = MinSizeRel|Win32
		{ADD3DC48-8C34-3FA6-B519-491C8A80F9EB}.MinSizeRel|Win32.Build.0 = MinSizeRel|Win32
		{ADD3DC48-8C34-3FA6-B519-491C8A80F9EB}.RelWithDebInfo|Win32.ActiveCfg = RelWithDebInfo|Win32
		{ADD3DC48-8C34-3FA6-B519-491C8A80F9EB}.RelWithDebInfo|Win32.Build.0 = RelWithDebInfo|Win32
		{07F31475-81B1-3842-B1C4-69F789D1FC55}.Debug|Win32.ActiveCfg = Debug|Win32
		{07F31475-81B1-3842-B1C4-69F789D1FC55}.Debug|Win32.Build.0 = Debug|Win32
		{07F31475-81B1-3842-B1C4-69F789D1FC55}.Release|Win32.ActiveCfg = Release|Win32
		{07F31475-81B1-3842-B1C4-69F789D1FC55}.Release|Win32.Build.0 = Release|Win32
		{07F31475-81B1-3842-B1C4-69F789D1FC55}.MinSizeRel|Win32.ActiveCfg = MinSizeRel|Win32
		{07F31475-81B1-3842-B1C4-69F789D1FC55}.MinSizeRel|Win32.Build.0 = MinSizeRel|Win32
		{07F31475-81B1-3842-B1C4-69F789D1FC55}.RelWithDebInfo|Win32.ActiveCfg = RelWithDebInfo|Win32
		{07F31475-81B1-3842-B1C4-69F789D1FC55}.RelWithDebInfo|Win32.Build.0 = RelWithDebInfo|Win32
		{DA77BB08-230A-3B05-BDB3-2E2946824DAB}.Debug|Win32.ActiveCfg = Debug|Win32
		{DA77BB08-230A-3B05-BDB3-2E2946824DAB}.Debug|Win32.Build.0 = Debug|Win32
		{DA77BB08-230A-3B05-BDB3-2E2946824DAB}.Release|Win32.ActiveCfg = Release|Win32
		{DA77BB08-230A-3B05-BDB3-2E2946824DAB}.Release|Win32.Build.0 = Release|Win32
		{DA77BB08-230A-3B05-BDB3-2E2946824DAB}.MinSizeRel|Win32.ActiveCfg = MinSizeRel|Win32
		{DA77BB08-230A-3B05-BDB3-2E2946824DAB}.MinSizeRel|Win32.Build.0 = MinSizeRel|Win32
		{DA77BB08-230A-3B05-BDB3-2E2946824DAB}.RelWithDebInfo|Win32.ActiveCfg = RelWithDebInfo|Win32
		{DA77BB08-230A-3B05-BDB3-2E2946824DAB}.RelWithDebInfo|Win32.Build.0 = RelWithDebInfo|Win32
		{6EC649BE-3C0C-3A57-8FFC-F32A3AFAA460}.Debug|Win32.ActiveCfg = Debug|Win32
		{6EC649BE-3C0C-3A57-8FFC-F32A3AFAA460}.Debug|Win32.Build.0 = Debug|Win32
		{6EC649BE-3C0C-3A57-8FFC-F32A3AFAA460}.Release|Win32.ActiveCfg = Release|Win32
		{6EC649BE-3C0C-3A57-8FFC-F32A3AFAA460}.Release|Win32.Build.0 = Release|Win32
		{6EC649BE-3C0C-3A57-8FFC-F32A3AFAA460}.MinSizeRel|Win32.ActiveCfg = MinSizeRel|Win32
		{6EC649BE-3C0C-3A57-8FFC-F32A3AFAA460}.MinSizeRel|Win32.Build.0 = MinSizeRel|Win32
		{6EC649BE-3C0C-3A57-8FFC-F32A3AFAA460}.RelWithDebInfo|Win32.ActiveCfg = RelWithDebInfo|Win32
		{6EC649BE-3C0C-3A57-8FFC-F32A3AFAA460}.RelWithDebInfo|Win32.Build.0 = RelWithDebInfo|Win32
	EndGlobalSection
	GlobalSection(ExtensibilityGlobals) = postSolution
	EndGlobalSection
	GlobalSection(ExtensibilityAddIns) = postSolution
	EndGlobalSection
EndGlobal
