<?xml version="1.0" encoding="UTF-8"?>
<Project ToolsVersion="12.0" xmlns="http://schemas.microsoft.com/developer/msbuild/2003">
  <ItemGroup>
    <ClCompile Include="E:\B\MITK-superbuild\ep\src\VTK\GUISupport\QtWebkit\vtkQtRichTextView.cxx">
      <Filter>Source Files</Filter>
    </ClCompile>
    <ClCompile Include="E:\B\MITK-superbuild\ep\src\VTK-build\GUISupport\QtWebkit\moc_vtkQtRichTextView.cpp">
      <Filter>Source Files</Filter>
    </ClCompile>
  </ItemGroup>
  <ItemGroup>
    <ClInclude Include="E:\B\MITK-superbuild\ep\src\VTK-build\GUISupport\QtWebkit\ui_vtkQtRichTextView.h">
      <Filter>Header Files</Filter>
    </ClInclude>
    <ClInclude Include="E:\B\MITK-superbuild\ep\src\VTK\GUISupport\QtWebkit\vtkQtRichTextView.h">
      <Filter>Header Files</Filter>
    </ClInclude>
    <ClInclude Include="E:\B\MITK-superbuild\ep\src\VTK-build\GUISupport\QtWebkit\vtkGUISupportQtWebkitModule.h">
      <Filter>Header Files</Filter>
    </ClInclude>
  </ItemGroup>
  <ItemGroup>
    <CustomBuild Include="E:\B\MITK-superbuild\ep\src\VTK\GUISupport\QtWebkit\CMakeLists.txt" />
    <CustomBuild Include="E:\B\MITK-superbuild\ep\src\VTK\GUISupport\QtWebkit\vtkQtRichTextView.ui" />
    <CustomBuild Include="E:\B\MITK-superbuild\ep\src\VTK-build\CMakeFiles\f77f0db317a4bf81e9333133563ed12e\moc_vtkQtRichTextView.cpp.rule">
      <Filter>CMake Rules</Filter>
    </CustomBuild>
  </ItemGroup>
  <ItemGroup>
    <Filter Include="Source Files">
      <UniqueIdentifier>{600A26B5-F89A-37EA-9908-FE6BF3F03878}</UniqueIdentifier>
    </Filter>
    <Filter Include="Header Files">
      <UniqueIdentifier>{A7EEA7A8-D9C7-33D9-A983-4D5FA2209263}</UniqueIdentifier>
    </Filter>
    <Filter Include="CMake Rules">
      <UniqueIdentifier>{16181622-4972-3E85-A9D4-4E8A5388273B}</UniqueIdentifier>
    </Filter>
  </ItemGroup>
</Project>
