<?xml version="1.0" encoding="UTF-8"?>
<Project ToolsVersion="12.0" xmlns="http://schemas.microsoft.com/developer/msbuild/2003">
  <ItemGroup>
    <ClCompile Include="E:\B\MITK-superbuild\ep\src\VTK\Common\System\vtkClientSocket.cxx">
      <Filter>Source Files</Filter>
    </ClCompile>
    <ClCompile Include="E:\B\MITK-superbuild\ep\src\VTK\Common\System\vtkDirectory.cxx">
      <Filter>Source Files</Filter>
    </ClCompile>
    <ClCompile Include="E:\B\MITK-superbuild\ep\src\VTK\Common\System\vtkServerSocket.cxx">
      <Filter>Source Files</Filter>
    </ClCompile>
    <ClCompile Include="E:\B\MITK-superbuild\ep\src\VTK\Common\System\vtkSocket.cxx">
      <Filter>Source Files</Filter>
    </ClCompile>
    <ClCompile Include="E:\B\MITK-superbuild\ep\src\VTK\Common\System\vtkSocketCollection.cxx">
      <Filter>Source Files</Filter>
    </ClCompile>
    <ClCompile Include="E:\B\MITK-superbuild\ep\src\VTK\Common\System\vtkThreadMessager.cxx">
      <Filter>Source Files</Filter>
    </ClCompile>
    <ClCompile Include="E:\B\MITK-superbuild\ep\src\VTK\Common\System\vtkTimerLog.cxx">
      <Filter>Source Files</Filter>
    </ClCompile>
    <ClCompile Include="E:\B\MITK-superbuild\ep\src\VTK-build\Common\System\vtkCommonSystemInstantiator.cxx">
      <Filter>Source Files</Filter>
    </ClCompile>
  </ItemGroup>
  <ItemGroup>
    <ClInclude Include="E:\B\MITK-superbuild\ep\src\VTK\Common\System\vtkClientSocket.h">
      <Filter>Header Files</Filter>
    </ClInclude>
    <ClInclude Include="E:\B\MITK-superbuild\ep\src\VTK\Common\System\vtkDirectory.h">
      <Filter>Header Files</Filter>
    </ClInclude>
    <ClInclude Include="E:\B\MITK-superbuild\ep\src\VTK\Common\System\vtkServerSocket.h">
      <Filter>Header Files</Filter>
    </ClInclude>
    <ClInclude Include="E:\B\MITK-superbuild\ep\src\VTK\Common\System\vtkSocket.h">
      <Filter>Header Files</Filter>
    </ClInclude>
    <ClInclude Include="E:\B\MITK-superbuild\ep\src\VTK\Common\System\vtkSocketCollection.h">
      <Filter>Header Files</Filter>
    </ClInclude>
    <ClInclude Include="E:\B\MITK-superbuild\ep\src\VTK\Common\System\vtkThreadMessager.h">
      <Filter>Header Files</Filter>
    </ClInclude>
    <ClInclude Include="E:\B\MITK-superbuild\ep\src\VTK\Common\System\vtkTimerLog.h">
      <Filter>Header Files</Filter>
    </ClInclude>
    <ClInclude Include="E:\B\MITK-superbuild\ep\src\VTK-build\Common\System\vtkCommonSystemModule.h">
      <Filter>Header Files</Filter>
    </ClInclude>
    <ClInclude Include="E:\B\MITK-superbuild\ep\src\VTK-build\Common\System\vtkCommonSystemInstantiator.h">
      <Filter>Header Files</Filter>
    </ClInclude>
  </ItemGroup>
  <ItemGroup>
    <CustomBuild Include="E:\B\MITK-superbuild\ep\src\VTK\Common\System\CMakeLists.txt" />
  </ItemGroup>
  <ItemGroup>
    <Filter Include="Source Files">
      <UniqueIdentifier>{600A26B5-F89A-37EA-9908-FE6BF3F03878}</UniqueIdentifier>
    </Filter>
    <Filter Include="Header Files">
      <UniqueIdentifier>{A7EEA7A8-D9C7-33D9-A983-4D5FA2209263}</UniqueIdentifier>
    </Filter>
  </ItemGroup>
</Project>
