Microsoft Visual Studio Solution File, Format Version 12.00
# Visual Studio 2013
Project("{8BC9CEB8-8B4A-11D0-8D11-00A0C91BC942}") = "ALL_BUILD", "ALL_BUILD.vcxproj", "{1FA9D5EF-6E70-3395-A5D0-7DC083280670}"
	ProjectSection(ProjectDependencies) = postProject
		{11522B6F-7FCB-3AC7-A3FA-DA3ED4B4CA87} = {11522B6F-7FCB-3AC7-A3FA-DA3ED4B4CA87}
		{9AA464A1-A5D5-368A-92D5-D5102A7C6D5B} = {9AA464A1-A5D5-368A-92D5-D5102A7C6D5B}
		{D8410735-42C5-34F2-AB57-C96F4909C477} = {D8410735-42C5-34F2-AB57-C96F4909C477}
		{3A5F84CA-061A-301C-89A0-9EEC6DA0EBD2} = {3A5F84CA-061A-301C-89A0-9EEC6DA0EBD2}
		{B7BF92B8-035F-39F2-9546-4AB0EA898A86} = {B7BF92B8-035F-39F2-9546-4AB0EA898A86}
	EndProjectSection
EndProject
Project("{8BC9CEB8-8B4A-11D0-8D11-00A0C91BC942}") = "INSTALL", "INSTALL.vcxproj", "{FA9E2517-6467-36BF-A239-6564330ED7D1}"
	ProjectSection(ProjectDependencies) = postProject
		{1FA9D5EF-6E70-3395-A5D0-7DC083280670} = {1FA9D5EF-6E70-3395-A5D0-7DC083280670}
		{11522B6F-7FCB-3AC7-A3FA-DA3ED4B4CA87} = {11522B6F-7FCB-3AC7-A3FA-DA3ED4B4CA87}
	EndProjectSection
EndProject
Project("{8BC9CEB8-8B4A-11D0-8D11-00A0C91BC942}") = "RUN_TESTS", "RUN_TESTS.vcxproj", "{69D8ECED-BBD0-3B5D-8422-94009EBC1C73}"
	ProjectSection(ProjectDependencies) = postProject
		{11522B6F-7FCB-3AC7-A3FA-DA3ED4B4CA87} = {11522B6F-7FCB-3AC7-A3FA-DA3ED4B4CA87}
	EndProjectSection
EndProject
Project("{8BC9CEB8-8B4A-11D0-8D11-00A0C91BC942}") = "ZERO_CHECK", "..\\ZERO_CHECK.vcxproj", "{11522B6F-7FCB-3AC7-A3FA-DA3ED4B4CA87}"
	ProjectSection(ProjectDependencies) = postProject
	EndProjectSection
EndProject
Project("{8BC9CEB8-8B4A-11D0-8D11-00A0C91BC942}") = "dcmdata", "..\dcmdata\libsrc\dcmdata.vcxproj", "{EE2EE8FA-A564-3041-A61C-6CE160F1502D}"
	ProjectSection(ProjectDependencies) = postProject
		{11522B6F-7FCB-3AC7-A3FA-DA3ED4B4CA87} = {11522B6F-7FCB-3AC7-A3FA-DA3ED4B4CA87}
		{629E81B1-4C44-3BB8-B7FB-0C00F7A4BB10} = {629E81B1-4C44-3BB8-B7FB-0C00F7A4BB10}
		{6774B1D1-3C3B-38FB-A3AF-9DCA1A845257} = {6774B1D1-3C3B-38FB-A3AF-9DCA1A845257}
	EndProjectSection
EndProject
Project("{8BC9CEB8-8B4A-11D0-8D11-00A0C91BC942}") = "dcmdspfn", "apps\dcmdspfn.vcxproj", "{9AA464A1-A5D5-368A-92D5-D5102A7C6D5B}"
	ProjectSection(ProjectDependencies) = postProject
		{11522B6F-7FCB-3AC7-A3FA-DA3ED4B4CA87} = {11522B6F-7FCB-3AC7-A3FA-DA3ED4B4CA87}
		{EE2EE8FA-A564-3041-A61C-6CE160F1502D} = {EE2EE8FA-A564-3041-A61C-6CE160F1502D}
		{D8410735-42C5-34F2-AB57-C96F4909C477} = {D8410735-42C5-34F2-AB57-C96F4909C477}
		{629E81B1-4C44-3BB8-B7FB-0C00F7A4BB10} = {629E81B1-4C44-3BB8-B7FB-0C00F7A4BB10}
		{6774B1D1-3C3B-38FB-A3AF-9DCA1A845257} = {6774B1D1-3C3B-38FB-A3AF-9DCA1A845257}
	EndProjectSection
EndProject
Project("{8BC9CEB8-8B4A-11D0-8D11-00A0C91BC942}") = "dcmimgle", "libsrc\dcmimgle.vcxproj", "{D8410735-42C5-34F2-AB57-C96F4909C477}"
	ProjectSection(ProjectDependencies) = postProject
		{11522B6F-7FCB-3AC7-A3FA-DA3ED4B4CA87} = {11522B6F-7FCB-3AC7-A3FA-DA3ED4B4CA87}
		{EE2EE8FA-A564-3041-A61C-6CE160F1502D} = {EE2EE8FA-A564-3041-A61C-6CE160F1502D}
		{629E81B1-4C44-3BB8-B7FB-0C00F7A4BB10} = {629E81B1-4C44-3BB8-B7FB-0C00F7A4BB10}
		{6774B1D1-3C3B-38FB-A3AF-9DCA1A845257} = {6774B1D1-3C3B-38FB-A3AF-9DCA1A845257}
	EndProjectSection
EndProject
Project("{8BC9CEB8-8B4A-11D0-8D11-00A0C91BC942}") = "dcod2lum", "apps\dcod2lum.vcxproj", "{3A5F84CA-061A-301C-89A0-9EEC6DA0EBD2}"
	ProjectSection(ProjectDependencies) = postProject
		{11522B6F-7FCB-3AC7-A3FA-DA3ED4B4CA87} = {11522B6F-7FCB-3AC7-A3FA-DA3ED4B4CA87}
		{EE2EE8FA-A564-3041-A61C-6CE160F1502D} = {EE2EE8FA-A564-3041-A61C-6CE160F1502D}
		{D8410735-42C5-34F2-AB57-C96F4909C477} = {D8410735-42C5-34F2-AB57-C96F4909C477}
		{629E81B1-4C44-3BB8-B7FB-0C00F7A4BB10} = {629E81B1-4C44-3BB8-B7FB-0C00F7A4BB10}
		{6774B1D1-3C3B-38FB-A3AF-9DCA1A845257} = {6774B1D1-3C3B-38FB-A3AF-9DCA1A845257}
	EndProjectSection
EndProject
Project("{8BC9CEB8-8B4A-11D0-8D11-00A0C91BC942}") = "dconvlum", "apps\dconvlum.vcxproj", "{B7BF92B8-035F-39F2-9546-4AB0EA898A86}"
	ProjectSection(ProjectDependencies) = postProject
		{11522B6F-7FCB-3AC7-A3FA-DA3ED4B4CA87} = {11522B6F-7FCB-3AC7-A3FA-DA3ED4B4CA87}
		{EE2EE8FA-A564-3041-A61C-6CE160F1502D} = {EE2EE8FA-A564-3041-A61C-6CE160F1502D}
		{D8410735-42C5-34F2-AB57-C96F4909C477} = {D8410735-42C5-34F2-AB57-C96F4909C477}
		{629E81B1-4C44-3BB8-B7FB-0C00F7A4BB10} = {629E81B1-4C44-3BB8-B7FB-0C00F7A4BB10}
		{6774B1D1-3C3B-38FB-A3AF-9DCA1A845257} = {6774B1D1-3C3B-38FB-A3AF-9DCA1A845257}
	EndProjectSection
EndProject
Project("{8BC9CEB8-8B4A-11D0-8D11-00A0C91BC942}") = "oflog", "..\oflog\libsrc\oflog.vcxproj", "{629E81B1-4C44-3BB8-B7FB-0C00F7A4BB10}"
	ProjectSection(ProjectDependencies) = postProject
		{11522B6F-7FCB-3AC7-A3FA-DA3ED4B4CA87} = {11522B6F-7FCB-3AC7-A3FA-DA3ED4B4CA87}
		{6774B1D1-3C3B-38FB-A3AF-9DCA1A845257} = {6774B1D1-3C3B-38FB-A3AF-9DCA1A845257}
	EndProjectSection
EndProject
Project("{8BC9CEB8-8B4A-11D0-8D11-00A0C91BC942}") = "ofstd", "..\ofstd\libsrc\ofstd.vcxproj", "{6774B1D1-3C3B-38FB-A3AF-9DCA1A845257}"
	ProjectSection(ProjectDependencies) = postProject
		{11522B6F-7FCB-3AC7-A3FA-DA3ED4B4CA87} = {11522B6F-7FCB-3AC7-A3FA-DA3ED4B4CA87}
	EndProjectSection
EndProject
Global
	GlobalSection(SolutionConfigurationPlatforms) = preSolution
		Debug|Win32 = Debug|Win32
		Release|Win32 = Release|Win32
		MinSizeRel|Win32 = MinSizeRel|Win32
		RelWithDebInfo|Win32 = RelWithDebInfo|Win32
	EndGlobalSection
	GlobalSection(ProjectConfigurationPlatforms) = postSolution
		{1FA9D5EF-6E70-3395-A5D0-7DC083280670}.Debug|Win32.ActiveCfg = Debug|Win32
		{1FA9D5EF-6E70-3395-A5D0-7DC083280670}.Debug|Win32.Build.0 = Debug|Win32
		{1FA9D5EF-6E70-3395-A5D0-7DC083280670}.Release|Win32.ActiveCfg = Release|Win32
		{1FA9D5EF-6E70-3395-A5D0-7DC083280670}.Release|Win32.Build.0 = Release|Win32
		{1FA9D5EF-6E70-3395-A5D0-7DC083280670}.MinSizeRel|Win32.ActiveCfg = MinSizeRel|Win32
		{1FA9D5EF-6E70-3395-A5D0-7DC083280670}.MinSizeRel|Win32.Build.0 = MinSizeRel|Win32
		{1FA9D5EF-6E70-3395-A5D0-7DC083280670}.RelWithDebInfo|Win32.ActiveCfg = RelWithDebInfo|Win32
		{1FA9D5EF-6E70-3395-A5D0-7DC083280670}.RelWithDebInfo|Win32.Build.0 = RelWithDebInfo|Win32
		{FA9E2517-6467-36BF-A239-6564330ED7D1}.Debug|Win32.ActiveCfg = Debug|Win32
		{FA9E2517-6467-36BF-A239-6564330ED7D1}.Release|Win32.ActiveCfg = Release|Win32
		{FA9E2517-6467-36BF-A239-6564330ED7D1}.MinSizeRel|Win32.ActiveCfg = MinSizeRel|Win32
		{FA9E2517-6467-36BF-A239-6564330ED7D1}.RelWithDebInfo|Win32.ActiveCfg = RelWithDebInfo|Win32
		{69D8ECED-BBD0-3B5D-8422-94009EBC1C73}.Debug|Win32.ActiveCfg = Debug|Win32
		{69D8ECED-BBD0-3B5D-8422-94009EBC1C73}.Release|Win32.ActiveCfg = Release|Win32
		{69D8ECED-BBD0-3B5D-8422-94009EBC1C73}.MinSizeRel|Win32.ActiveCfg = MinSizeRel|Win32
		{69D8ECED-BBD0-3B5D-8422-94009EBC1C73}.RelWithDebInfo|Win32.ActiveCfg = RelWithDebInfo|Win32
		{11522B6F-7FCB-3AC7-A3FA-DA3ED4B4CA87}.Debug|Win32.ActiveCfg = Debug|Win32
		{11522B6F-7FCB-3AC7-A3FA-DA3ED4B4CA87}.Debug|Win32.Build.0 = Debug|Win32
		{11522B6F-7FCB-3AC7-A3FA-DA3ED4B4CA87}.Release|Win32.ActiveCfg = Release|Win32
		{11522B6F-7FCB-3AC7-A3FA-DA3ED4B4CA87}.Release|Win32.Build.0 = Release|Win32
		{11522B6F-7FCB-3AC7-A3FA-DA3ED4B4CA87}.MinSizeRel|Win32.ActiveCfg = MinSizeRel|Win32
		{11522B6F-7FCB-3AC7-A3FA-DA3ED4B4CA87}.MinSizeRel|Win32.Build.0 = MinSizeRel|Win32
		{11522B6F-7FCB-3AC7-A3FA-DA3ED4B4CA87}.RelWithDebInfo|Win32.ActiveCfg = RelWithDebInfo|Win32
		{11522B6F-7FCB-3AC7-A3FA-DA3ED4B4CA87}.RelWithDebInfo|Win32.Build.0 = RelWithDebInfo|Win32
		{EE2EE8FA-A564-3041-A61C-6CE160F1502D}.Debug|Win32.ActiveCfg = Debug|Win32
		{EE2EE8FA-A564-3041-A61C-6CE160F1502D}.Debug|Win32.Build.0 = Debug|Win32
		{EE2EE8FA-A564-3041-A61C-6CE160F1502D}.Release|Win32.ActiveCfg = Release|Win32
		{EE2EE8FA-A564-3041-A61C-6CE160F1502D}.Release|Win32.Build.0 = Release|Win32
		{EE2EE8FA-A564-3041-A61C-6CE160F1502D}.MinSizeRel|Win32.ActiveCfg = MinSizeRel|Win32
		{EE2EE8FA-A564-3041-A61C-6CE160F1502D}.MinSizeRel|Win32.Build.0 = MinSizeRel|Win32
		{EE2EE8FA-A564-3041-A61C-6CE160F1502D}.RelWithDebInfo|Win32.ActiveCfg = RelWithDebInfo|Win32
		{EE2EE8FA-A564-3041-A61C-6CE160F1502D}.RelWithDebInfo|Win32.Build.0 = RelWithDebInfo|Win32
		{9AA464A1-A5D5-368A-92D5-D5102A7C6D5B}.Debug|Win32.ActiveCfg = Debug|Win32
		{9AA464A1-A5D5-368A-92D5-D5102A7C6D5B}.Debug|Win32.Build.0 = Debug|Win32
		{9AA464A1-A5D5-368A-92D5-D5102A7C6D5B}.Release|Win32.ActiveCfg = Release|Win32
		{9AA464A1-A5D5-368A-92D5-D5102A7C6D5B}.Release|Win32.Build.0 = Release|Win32
		{9AA464A1-A5D5-368A-92D5-D5102A7C6D5B}.MinSizeRel|Win32.ActiveCfg = MinSizeRel|Win32
		{9AA464A1-A5D5-368A-92D5-D5102A7C6D5B}.MinSizeRel|Win32.Build.0 = MinSizeRel|Win32
		{9AA464A1-A5D5-368A-92D5-D5102A7C6D5B}.RelWithDebInfo|Win32.ActiveCfg = RelWithDebInfo|Win32
		{9AA464A1-A5D5-368A-92D5-D5102A7C6D5B}.RelWithDebInfo|Win32.Build.0 = RelWithDebInfo|Win32
		{D8410735-42C5-34F2-AB57-C96F4909C477}.Debug|Win32.ActiveCfg = Debug|Win32
		{D8410735-42C5-34F2-AB57-C96F4909C477}.Debug|Win32.Build.0 = Debug|Win32
		{D8410735-42C5-34F2-AB57-C96F4909C477}.Release|Win32.ActiveCfg = Release|Win32
		{D8410735-42C5-34F2-AB57-C96F4909C477}.Release|Win32.Build.0 = Release|Win32
		{D8410735-42C5-34F2-AB57-C96F4909C477}.MinSizeRel|Win32.ActiveCfg = MinSizeRel|Win32
		{D8410735-42C5-34F2-AB57-C96F4909C477}.MinSizeRel|Win32.Build.0 = MinSizeRel|Win32
		{D8410735-42C5-34F2-AB57-C96F4909C477}.RelWithDebInfo|Win32.ActiveCfg = RelWithDebInfo|Win32
		{D8410735-42C5-34F2-AB57-C96F4909C477}.RelWithDebInfo|Win32.Build.0 = RelWithDebInfo|Win32
		{3A5F84CA-061A-301C-89A0-9EEC6DA0EBD2}.Debug|Win32.ActiveCfg = Debug|Win32
		{3A5F84CA-061A-301C-89A0-9EEC6DA0EBD2}.Debug|Win32.Build.0 = Debug|Win32
		{3A5F84CA-061A-301C-89A0-9EEC6DA0EBD2}.Release|Win32.ActiveCfg = Release|Win32
		{3A5F84CA-061A-301C-89A0-9EEC6DA0EBD2}.Release|Win32.Build.0 = Release|Win32
		{3A5F84CA-061A-301C-89A0-9EEC6DA0EBD2}.MinSizeRel|Win32.ActiveCfg = MinSizeRel|Win32
		{3A5F84CA-061A-301C-89A0-9EEC6DA0EBD2}.MinSizeRel|Win32.Build.0 = MinSizeRel|Win32
		{3A5F84CA-061A-301C-89A0-9EEC6DA0EBD2}.RelWithDebInfo|Win32.ActiveCfg = RelWithDebInfo|Win32
		{3A5F84CA-061A-301C-89A0-9EEC6DA0EBD2}.RelWithDebInfo|Win32.Build.0 = RelWithDebInfo|Win32
		{B7BF92B8-035F-39F2-9546-4AB0EA898A86}.Debug|Win32.ActiveCfg = Debug|Win32
		{B7BF92B8-035F-39F2-9546-4AB0EA898A86}.Debug|Win32.Build.0 = Debug|Win32
		{B7BF92B8-035F-39F2-9546-4AB0EA898A86}.Release|Win32.ActiveCfg = Release|Win32
		{B7BF92B8-035F-39F2-9546-4AB0EA898A86}.Release|Win32.Build.0 = Release|Win32
		{B7BF92B8-035F-39F2-9546-4AB0EA898A86}.MinSizeRel|Win32.ActiveCfg = MinSizeRel|Win32
		{B7BF92B8-035F-39F2-9546-4AB0EA898A86}.MinSizeRel|Win32.Build.0 = MinSizeRel|Win32
		{B7BF92B8-035F-39F2-9546-4AB0EA898A86}.RelWithDebInfo|Win32.ActiveCfg = RelWithDebInfo|Win32
		{B7BF92B8-035F-39F2-9546-4AB0EA898A86}.RelWithDebInfo|Win32.Build.0 = RelWithDebInfo|Win32
		{629E81B1-4C44-3BB8-B7FB-0C00F7A4BB10}.Debug|Win32.ActiveCfg = Debug|Win32
		{629E81B1-4C44-3BB8-B7FB-0C00F7A4BB10}.Debug|Win32.Build.0 = Debug|Win32
		{629E81B1-4C44-3BB8-B7FB-0C00F7A4BB10}.Release|Win32.ActiveCfg = Release|Win32
		{629E81B1-4C44-3BB8-B7FB-0C00F7A4BB10}.Release|Win32.Build.0 = Release|Win32
		{629E81B1-4C44-3BB8-B7FB-0C00F7A4BB10}.MinSizeRel|Win32.ActiveCfg = MinSizeRel|Win32
		{629E81B1-4C44-3BB8-B7FB-0C00F7A4BB10}.MinSizeRel|Win32.Build.0 = MinSizeRel|Win32
		{629E81B1-4C44-3BB8-B7FB-0C00F7A4BB10}.RelWithDebInfo|Win32.ActiveCfg = RelWithDebInfo|Win32
		{629E81B1-4C44-3BB8-B7FB-0C00F7A4BB10}.RelWithDebInfo|Win32.Build.0 = RelWithDebInfo|Win32
		{6774B1D1-3C3B-38FB-A3AF-9DCA1A845257}.Debug|Win32.ActiveCfg = Debug|Win32
		{6774B1D1-3C3B-38FB-A3AF-9DCA1A845257}.Debug|Win32.Build.0 = Debug|Win32
		{6774B1D1-3C3B-38FB-A3AF-9DCA1A845257}.Release|Win32.ActiveCfg = Release|Win32
		{6774B1D1-3C3B-38FB-A3AF-9DCA1A845257}.Release|Win32.Build.0 = Release|Win32
		{6774B1D1-3C3B-38FB-A3AF-9DCA1A845257}.MinSizeRel|Win32.ActiveCfg = MinSizeRel|Win32
		{6774B1D1-3C3B-38FB-A3AF-9DCA1A845257}.MinSizeRel|Win32.Build.0 = MinSizeRel|Win32
		{6774B1D1-3C3B-38FB-A3AF-9DCA1A845257}.RelWithDebInfo|Win32.ActiveCfg = RelWithDebInfo|Win32
		{6774B1D1-3C3B-38FB-A3AF-9DCA1A845257}.RelWithDebInfo|Win32.Build.0 = RelWithDebInfo|Win32
	EndGlobalSection
	GlobalSection(ExtensibilityGlobals) = postSolution
	EndGlobalSection
	GlobalSection(ExtensibilityAddIns) = postSolution
	EndGlobalSection
EndGlobal
