<?xml version="1.0" encoding="UTF-8"?>
<Project ToolsVersion="12.0" xmlns="http://schemas.microsoft.com/developer/msbuild/2003">
  <ItemGroup>
    <CustomBuild Include="E:\B\MITK\CMakeLists.txt" />
    <CustomBuild Include="E:\B\MITK-superbuild\CMakeFiles\e4381020a178c39a4201c2abf2b0ef1c\CTK-mkdir.rule">
      <Filter>CMake Rules</Filter>
    </CustomBuild>
    <CustomBuild Include="E:\B\MITK-superbuild\CMakeFiles\e4381020a178c39a4201c2abf2b0ef1c\CTK-download.rule">
      <Filter>CMake Rules</Filter>
    </CustomBuild>
    <CustomBuild Include="E:\B\MITK-superbuild\CMakeFiles\e4381020a178c39a4201c2abf2b0ef1c\CTK-update.rule">
      <Filter>CMake Rules</Filter>
    </CustomBuild>
    <CustomBuild Include="E:\B\MITK-superbuild\CMakeFiles\e4381020a178c39a4201c2abf2b0ef1c\CTK-patch.rule">
      <Filter>CMake Rules</Filter>
    </CustomBuild>
    <CustomBuild Include="E:\B\MITK-superbuild\CMakeFiles\e4381020a178c39a4201c2abf2b0ef1c\CTK-configure.rule">
      <Filter>CMake Rules</Filter>
    </CustomBuild>
    <CustomBuild Include="E:\B\MITK-superbuild\CMakeFiles\e4381020a178c39a4201c2abf2b0ef1c\CTK-build.rule">
      <Filter>CMake Rules</Filter>
    </CustomBuild>
    <CustomBuild Include="E:\B\MITK-superbuild\CMakeFiles\e4381020a178c39a4201c2abf2b0ef1c\CTK-install.rule">
      <Filter>CMake Rules</Filter>
    </CustomBuild>
    <CustomBuild Include="E:\B\MITK-superbuild\CMakeFiles\0b39df59f477f465f443171dd9825b7c\CTK-complete.rule">
      <Filter>CMake Rules</Filter>
    </CustomBuild>
    <CustomBuild Include="E:\B\MITK-superbuild\CMakeFiles\b99173ec862025cfd82fb2e53ddcb808\CTK.rule">
      <Filter>CMake Rules</Filter>
    </CustomBuild>
  </ItemGroup>
  <ItemGroup>
    <None Include="E:\B\MITK-superbuild\CMakeFiles\CTK" />
  </ItemGroup>
  <ItemGroup>
    <Filter Include="CMake Rules">
      <UniqueIdentifier>{4CF2ED73-2218-37F1-9FC4-4A73C7697E5D}</UniqueIdentifier>
    </Filter>
  </ItemGroup>
</Project>
