<?xml version="1.0" encoding="UTF-8"?>
<Project ToolsVersion="12.0" xmlns="http://schemas.microsoft.com/developer/msbuild/2003">
  <ItemGroup>
    <CustomBuild Include="E:\B\MITK\CMakeLists.txt" />
    <CustomBuild Include="E:\B\MITK-superbuild\CMakeFiles\17d8167d793bbf9e98ad793c22df794d\MITK-Utilities-mkdir.rule">
      <Filter>CMake Rules</Filter>
    </CustomBuild>
    <CustomBuild Include="E:\B\MITK-superbuild\CMakeFiles\17d8167d793bbf9e98ad793c22df794d\MITK-Utilities-download.rule">
      <Filter>CMake Rules</Filter>
    </CustomBuild>
    <CustomBuild Include="E:\B\MITK-superbuild\CMakeFiles\17d8167d793bbf9e98ad793c22df794d\MITK-Utilities-update.rule">
      <Filter>CMake Rules</Filter>
    </CustomBuild>
    <CustomBuild Include="E:\B\MITK-superbuild\CMakeFiles\17d8167d793bbf9e98ad793c22df794d\MITK-Utilities-patch.rule">
      <Filter>CMake Rules</Filter>
    </CustomBuild>
    <CustomBuild Include="E:\B\MITK-superbuild\CMakeFiles\17d8167d793bbf9e98ad793c22df794d\MITK-Utilities-configure.rule">
      <Filter>CMake Rules</Filter>
    </CustomBuild>
    <CustomBuild Include="E:\B\MITK-superbuild\CMakeFiles\17d8167d793bbf9e98ad793c22df794d\MITK-Utilities-build.rule">
      <Filter>CMake Rules</Filter>
    </CustomBuild>
    <CustomBuild Include="E:\B\MITK-superbuild\CMakeFiles\17d8167d793bbf9e98ad793c22df794d\MITK-Utilities-install.rule">
      <Filter>CMake Rules</Filter>
    </CustomBuild>
    <CustomBuild Include="E:\B\MITK-superbuild\CMakeFiles\0b39df59f477f465f443171dd9825b7c\MITK-Utilities-complete.rule">
      <Filter>CMake Rules</Filter>
    </CustomBuild>
    <CustomBuild Include="E:\B\MITK-superbuild\CMakeFiles\b99173ec862025cfd82fb2e53ddcb808\MITK-Utilities.rule">
      <Filter>CMake Rules</Filter>
    </CustomBuild>
  </ItemGroup>
  <ItemGroup>
    <None Include="E:\B\MITK-superbuild\CMakeFiles\MITK-Utilities" />
  </ItemGroup>
  <ItemGroup>
    <Filter Include="CMake Rules">
      <UniqueIdentifier>{4CF2ED73-2218-37F1-9FC4-4A73C7697E5D}</UniqueIdentifier>
    </Filter>
  </ItemGroup>
</Project>
