<?xml version="1.0" encoding="UTF-8"?>
<Project ToolsVersion="12.0" xmlns="http://schemas.microsoft.com/developer/msbuild/2003">
  <ItemGroup>
    <ClCompile Include="E:\B\MITK-superbuild\ep\src\VTK\IO\XMLParser\vtkXMLDataParser.cxx">
      <Filter>Source Files</Filter>
    </ClCompile>
    <ClCompile Include="E:\B\MITK-superbuild\ep\src\VTK\IO\XMLParser\vtkXMLParser.cxx">
      <Filter>Source Files</Filter>
    </ClCompile>
    <ClCompile Include="E:\B\MITK-superbuild\ep\src\VTK\IO\XMLParser\vtkXMLUtilities.cxx">
      <Filter>Source Files</Filter>
    </ClCompile>
    <ClCompile Include="E:\B\MITK-superbuild\ep\src\VTK-build\IO\XMLParser\vtkIOXMLParserInstantiator.cxx">
      <Filter>Source Files</Filter>
    </ClCompile>
  </ItemGroup>
  <ItemGroup>
    <ClInclude Include="E:\B\MITK-superbuild\ep\src\VTK\IO\XMLParser\vtkXMLDataParser.h">
      <Filter>Header Files</Filter>
    </ClInclude>
    <ClInclude Include="E:\B\MITK-superbuild\ep\src\VTK\IO\XMLParser\vtkXMLParser.h">
      <Filter>Header Files</Filter>
    </ClInclude>
    <ClInclude Include="E:\B\MITK-superbuild\ep\src\VTK\IO\XMLParser\vtkXMLUtilities.h">
      <Filter>Header Files</Filter>
    </ClInclude>
    <ClInclude Include="E:\B\MITK-superbuild\ep\src\VTK-build\IO\XMLParser\vtkIOXMLParserModule.h">
      <Filter>Header Files</Filter>
    </ClInclude>
    <ClInclude Include="E:\B\MITK-superbuild\ep\src\VTK-build\IO\XMLParser\vtkIOXMLParserInstantiator.h">
      <Filter>Header Files</Filter>
    </ClInclude>
  </ItemGroup>
  <ItemGroup>
    <CustomBuild Include="E:\B\MITK-superbuild\ep\src\VTK\IO\XMLParser\CMakeLists.txt" />
  </ItemGroup>
  <ItemGroup>
    <Filter Include="Source Files">
      <UniqueIdentifier>{600A26B5-F89A-37EA-9908-FE6BF3F03878}</UniqueIdentifier>
    </Filter>
    <Filter Include="Header Files">
      <UniqueIdentifier>{A7EEA7A8-D9C7-33D9-A983-4D5FA2209263}</UniqueIdentifier>
    </Filter>
  </ItemGroup>
</Project>
