<?xml version="1.0" encoding="UTF-8"?>
<Project ToolsVersion="12.0" xmlns="http://schemas.microsoft.com/developer/msbuild/2003">
  <ItemGroup>
    <ClCompile Include="E:\B\MITK\Utilities\mbilog\mbilog.cpp">
      <Filter>== Source Files ==</Filter>
    </ClCompile>
    <ClCompile Include="E:\B\MITK\Utilities\mbilog\mbilogLogMessage.cpp">
      <Filter>== Source Files ==</Filter>
    </ClCompile>
    <ClCompile Include="E:\B\MITK\Utilities\mbilog\mbilogBackendCout.cpp">
      <Filter>== Source Files ==</Filter>
    </ClCompile>
    <ClCompile Include="E:\B\MITK\Utilities\mbilog\mbilogBackendBase.cpp">
      <Filter>== Source Files ==</Filter>
    </ClCompile>
    <ClCompile Include="E:\B\MITK\Utilities\mbilog\mbilogTextBackendBase.cpp">
      <Filter>== Source Files ==</Filter>
    </ClCompile>
  </ItemGroup>
  <ItemGroup>
    <ClInclude Include="E:\B\MITK\Utilities\mbilog\mbilog.h">
      <Filter>== Header Files ==</Filter>
    </ClInclude>
    <ClInclude Include="E:\B\MITK\Utilities\mbilog\mbilogLoggingTypes.h">
      <Filter>== Header Files ==</Filter>
    </ClInclude>
    <ClInclude Include="E:\B\MITK\Utilities\mbilog\mbilogTextDictionary.h">
      <Filter>== Header Files ==</Filter>
    </ClInclude>
    <ClInclude Include="E:\B\MITK-superbuild\MITK-build\Utilities\mbilog\mbilogExports.h">
      <Filter>Header Files</Filter>
    </ClInclude>
    <ClInclude Include="E:\B\MITK\Utilities\mbilog\mbilogLogMessage.h">
      <Filter>== Header Files ==</Filter>
    </ClInclude>
    <ClInclude Include="E:\B\MITK\Utilities\mbilog\mbilogBackendBase.h">
      <Filter>== Header Files ==</Filter>
    </ClInclude>
    <ClInclude Include="E:\B\MITK\Utilities\mbilog\mbilogTextBackendBase.h">
      <Filter>== Header Files ==</Filter>
    </ClInclude>
    <ClInclude Include="E:\B\MITK\Utilities\mbilog\mbilogBackendCout.h">
      <Filter>== Header Files ==</Filter>
    </ClInclude>
  </ItemGroup>
  <ItemGroup>
    <CustomBuild Include="E:\B\MITK\Utilities\mbilog\CMakeLists.txt" />
  </ItemGroup>
  <ItemGroup>
    <Filter Include="Header Files">
      <UniqueIdentifier>{C2E34AB9-48F1-3417-91D6-FCEF82BEB943}</UniqueIdentifier>
    </Filter>
    <Filter Include="== Source Files ==">
      <UniqueIdentifier>{F74E9849-2BD8-37FC-AB16-9CC15E842EFB}</UniqueIdentifier>
    </Filter>
    <Filter Include="== Header Files ==">
      <UniqueIdentifier>{5CB12AE6-547A-3229-B71A-F7731BC56B56}</UniqueIdentifier>
    </Filter>
  </ItemGroup>
</Project>
