<?xml version="1.0" encoding="UTF-8"?>
<Project ToolsVersion="12.0" xmlns="http://schemas.microsoft.com/developer/msbuild/2003">
  <ItemGroup>
    <ClCompile Include="E:\B\MITK-superbuild\ep\src\GDCM\Utilities\socketxx\socket++\sockstream.cpp">
      <Filter>Source Files</Filter>
    </ClCompile>
    <ClCompile Include="E:\B\MITK-superbuild\ep\src\GDCM\Utilities\socketxx\socket++\sockinet.cpp">
      <Filter>Source Files</Filter>
    </ClCompile>
    <ClCompile Include="E:\B\MITK-superbuild\ep\src\GDCM\Utilities\socketxx\socket++\fork.cpp">
      <Filter>Source Files</Filter>
    </ClCompile>
    <ClCompile Include="E:\B\MITK-superbuild\ep\src\GDCM\Utilities\socketxx\socket++\protocol.cpp">
      <Filter>Source Files</Filter>
    </ClCompile>
    <ClCompile Include="E:\B\MITK-superbuild\ep\src\GDCM\Utilities\socketxx\socket++\echo.cpp">
      <Filter>Source Files</Filter>
    </ClCompile>
  </ItemGroup>
  <ItemGroup>
    <ClInclude Include="E:\B\MITK-superbuild\ep\src\GDCM\Utilities\socketxx\socket++\sockstream.h">
      <Filter>Header Files</Filter>
    </ClInclude>
    <ClInclude Include="E:\B\MITK-superbuild\ep\src\GDCM\Utilities\socketxx\socket++\sockinet.h">
      <Filter>Header Files</Filter>
    </ClInclude>
    <ClInclude Include="E:\B\MITK-superbuild\ep\src\GDCM\Utilities\socketxx\socket++\fork.h">
      <Filter>Header Files</Filter>
    </ClInclude>
    <ClInclude Include="E:\B\MITK-superbuild\ep\src\GDCM\Utilities\socketxx\socket++\protocol.h">
      <Filter>Header Files</Filter>
    </ClInclude>
    <ClInclude Include="E:\B\MITK-superbuild\ep\src\GDCM\Utilities\socketxx\socket++\echo.h">
      <Filter>Header Files</Filter>
    </ClInclude>
  </ItemGroup>
  <ItemGroup>
    <CustomBuild Include="E:\B\MITK-superbuild\ep\src\GDCM\Utilities\socketxx\socket++\CMakeLists.txt" />
  </ItemGroup>
  <ItemGroup>
    <Filter Include="Source Files">
      <UniqueIdentifier>{1B52BB29-75BB-3285-A5B9-32582A393EEF}</UniqueIdentifier>
    </Filter>
    <Filter Include="Header Files">
      <UniqueIdentifier>{39574017-C40C-3D11-955B-354FD9EA9FC1}</UniqueIdentifier>
    </Filter>
  </ItemGroup>
</Project>
