<?xml version="1.0" encoding="UTF-8"?>
<Project ToolsVersion="12.0" xmlns="http://schemas.microsoft.com/developer/msbuild/2003">
  <ItemGroup>
    <ClCompile Include="E:\B\MITK\Plugins\org.blueberry.core.commands\src\berryAbstractHandler.cpp">
      <Filter>== Source Files ==</Filter>
    </ClCompile>
    <ClCompile Include="E:\B\MITK\Plugins\org.blueberry.core.commands\src\berryAbstractHandlerWithState.cpp">
      <Filter>== Source Files ==</Filter>
    </ClCompile>
    <ClCompile Include="E:\B\MITK\Plugins\org.blueberry.core.commands\src\berryCommand.cpp">
      <Filter>== Source Files ==</Filter>
    </ClCompile>
    <ClCompile Include="E:\B\MITK\Plugins\org.blueberry.core.commands\src\berryCommandCategory.cpp">
      <Filter>== Source Files ==</Filter>
    </ClCompile>
    <ClCompile Include="E:\B\MITK\Plugins\org.blueberry.core.commands\src\berryCommandCategoryEvent.cpp">
      <Filter>== Source Files ==</Filter>
    </ClCompile>
    <ClCompile Include="E:\B\MITK\Plugins\org.blueberry.core.commands\src\berryCommandEvent.cpp">
      <Filter>== Source Files ==</Filter>
    </ClCompile>
    <ClCompile Include="E:\B\MITK\Plugins\org.blueberry.core.commands\src\berryCommandManager.cpp">
      <Filter>== Source Files ==</Filter>
    </ClCompile>
    <ClCompile Include="E:\B\MITK\Plugins\org.blueberry.core.commands\src\berryCommandManagerEvent.cpp">
      <Filter>== Source Files ==</Filter>
    </ClCompile>
    <ClCompile Include="E:\B\MITK\Plugins\org.blueberry.core.commands\src\berryExecutionEvent.cpp">
      <Filter>== Source Files ==</Filter>
    </ClCompile>
    <ClCompile Include="E:\B\MITK\Plugins\org.blueberry.core.commands\src\berryHandlerEvent.cpp">
      <Filter>== Source Files ==</Filter>
    </ClCompile>
    <ClCompile Include="E:\B\MITK\Plugins\org.blueberry.core.commands\src\berryICommandCategoryListener.cpp">
      <Filter>== Source Files ==</Filter>
    </ClCompile>
    <ClCompile Include="E:\B\MITK\Plugins\org.blueberry.core.commands\src\berryICommandListener.cpp">
      <Filter>== Source Files ==</Filter>
    </ClCompile>
    <ClCompile Include="E:\B\MITK\Plugins\org.blueberry.core.commands\src\berryICommandManagerListener.cpp">
      <Filter>== Source Files ==</Filter>
    </ClCompile>
    <ClCompile Include="E:\B\MITK\Plugins\org.blueberry.core.commands\src\berryIExecutionListener.cpp">
      <Filter>== Source Files ==</Filter>
    </ClCompile>
    <ClCompile Include="E:\B\MITK\Plugins\org.blueberry.core.commands\src\berryIExecutionListenerWithChecks.cpp">
      <Filter>== Source Files ==</Filter>
    </ClCompile>
    <ClCompile Include="E:\B\MITK\Plugins\org.blueberry.core.commands\src\berryIHandlerListener.cpp">
      <Filter>== Source Files ==</Filter>
    </ClCompile>
    <ClCompile Include="E:\B\MITK\Plugins\org.blueberry.core.commands\src\berryINamedHandleStateIds.cpp">
      <Filter>== Source Files ==</Filter>
    </ClCompile>
    <ClCompile Include="E:\B\MITK\Plugins\org.blueberry.core.commands\src\berryIParameterTypeListener.cpp">
      <Filter>== Source Files ==</Filter>
    </ClCompile>
    <ClCompile Include="E:\B\MITK\Plugins\org.blueberry.core.commands\src\berryIParameterValueConverter.cpp">
      <Filter>== Source Files ==</Filter>
    </ClCompile>
    <ClCompile Include="E:\B\MITK\Plugins\org.blueberry.core.commands\src\berryIParameterValues.cpp">
      <Filter>== Source Files ==</Filter>
    </ClCompile>
    <ClCompile Include="E:\B\MITK\Plugins\org.blueberry.core.commands\src\berryIStateListener.cpp">
      <Filter>== Source Files ==</Filter>
    </ClCompile>
    <ClCompile Include="E:\B\MITK\Plugins\org.blueberry.core.commands\src\berryNamedHandleObjectWithState.cpp">
      <Filter>== Source Files ==</Filter>
    </ClCompile>
    <ClCompile Include="E:\B\MITK\Plugins\org.blueberry.core.commands\src\berryParameterization.cpp">
      <Filter>== Source Files ==</Filter>
    </ClCompile>
    <ClCompile Include="E:\B\MITK\Plugins\org.blueberry.core.commands\src\berryParameterizedCommand.cpp">
      <Filter>== Source Files ==</Filter>
    </ClCompile>
    <ClCompile Include="E:\B\MITK\Plugins\org.blueberry.core.commands\src\berryParameterType.cpp">
      <Filter>== Source Files ==</Filter>
    </ClCompile>
    <ClCompile Include="E:\B\MITK\Plugins\org.blueberry.core.commands\src\berryParameterTypeEvent.cpp">
      <Filter>== Source Files ==</Filter>
    </ClCompile>
    <ClCompile Include="E:\B\MITK\Plugins\org.blueberry.core.commands\src\berryState.cpp">
      <Filter>== Source Files ==</Filter>
    </ClCompile>
    <ClCompile Include="E:\B\MITK\Plugins\org.blueberry.core.commands\src\util\berryCommandTracing.cpp">
      <Filter>== Source Files ==</Filter>
    </ClCompile>
    <ClCompile Include="E:\B\MITK\Plugins\org.blueberry.core.commands\src\common\berryAbstractBitSetEvent.cpp">
      <Filter>== Source Files ==</Filter>
    </ClCompile>
    <ClCompile Include="E:\B\MITK\Plugins\org.blueberry.core.commands\src\common\berryAbstractHandleObjectEvent.cpp">
      <Filter>== Source Files ==</Filter>
    </ClCompile>
    <ClCompile Include="E:\B\MITK\Plugins\org.blueberry.core.commands\src\common\berryAbstractNamedHandleEvent.cpp">
      <Filter>== Source Files ==</Filter>
    </ClCompile>
    <ClCompile Include="E:\B\MITK\Plugins\org.blueberry.core.commands\src\common\berryCommandExceptions.cpp">
      <Filter>== Source Files ==</Filter>
    </ClCompile>
    <ClCompile Include="E:\B\MITK\Plugins\org.blueberry.core.commands\src\common\berryHandleObject.cpp">
      <Filter>== Source Files ==</Filter>
    </ClCompile>
    <ClCompile Include="E:\B\MITK\Plugins\org.blueberry.core.commands\src\common\berryHandleObjectManager.cpp">
      <Filter>== Source Files ==</Filter>
    </ClCompile>
    <ClCompile Include="E:\B\MITK\Plugins\org.blueberry.core.commands\src\common\berryNamedHandleObject.cpp">
      <Filter>== Source Files ==</Filter>
    </ClCompile>
    <ClCompile Include="E:\B\MITK\Plugins\org.blueberry.core.commands\src\internal\berryCommandUtils.cpp">
      <Filter>== Source Files ==</Filter>
    </ClCompile>
    <ClCompile Include="E:\B\MITK\Plugins\org.blueberry.core.commands\src\internal\berryPluginActivator.cpp">
      <Filter>== Source Files ==</Filter>
    </ClCompile>
    <ClCompile Include="E:\B\MITK-superbuild\MITK-build\Plugins\org.blueberry.core.commands\src\moc_berryAbstractHandler.cpp">
      <Filter>Generated</Filter>
    </ClCompile>
    <ClCompile Include="E:\B\MITK-superbuild\MITK-build\Plugins\org.blueberry.core.commands\src\internal\moc_berryPluginActivator.cpp">
      <Filter>Generated</Filter>
    </ClCompile>
    <ClCompile Include="E:\B\MITK-superbuild\MITK-build\Plugins\org.blueberry.core.commands\qrc_org_blueberry_core_commands_manifest.cpp">
      <Filter>Generated</Filter>
    </ClCompile>
  </ItemGroup>
  <ItemGroup>
    <ClInclude Include="E:\B\MITK\Plugins\org.blueberry.core.commands\src\berryIHandler.h">
      <Filter>== Header Files ==</Filter>
    </ClInclude>
    <ClInclude Include="E:\B\MITK\Plugins\org.blueberry.core.commands\src\berryIObjectWithState.h">
      <Filter>== Header Files ==</Filter>
    </ClInclude>
    <ClInclude Include="E:\B\MITK\Plugins\org.blueberry.core.commands\src\berryIParameter.h">
      <Filter>== Header Files ==</Filter>
    </ClInclude>
    <ClInclude Include="E:\B\MITK\Plugins\org.blueberry.core.commands\src\berryAbstractHandler.h">
      <Filter>== Header Files ==</Filter>
    </ClInclude>
    <ClInclude Include="E:\B\MITK\Plugins\org.blueberry.core.commands\src\berryAbstractHandlerWithState.h">
      <Filter>== Header Files ==</Filter>
    </ClInclude>
    <ClInclude Include="E:\B\MITK\Plugins\org.blueberry.core.commands\src\berryCommand.h">
      <Filter>== Header Files ==</Filter>
    </ClInclude>
    <ClInclude Include="E:\B\MITK\Plugins\org.blueberry.core.commands\src\berryCommandCategory.h">
      <Filter>== Header Files ==</Filter>
    </ClInclude>
    <ClInclude Include="E:\B\MITK\Plugins\org.blueberry.core.commands\src\berryCommandCategoryEvent.h">
      <Filter>== Header Files ==</Filter>
    </ClInclude>
    <ClInclude Include="E:\B\MITK\Plugins\org.blueberry.core.commands\src\berryCommandEvent.h">
      <Filter>== Header Files ==</Filter>
    </ClInclude>
    <ClInclude Include="E:\B\MITK\Plugins\org.blueberry.core.commands\src\berryCommandManager.h">
      <Filter>== Header Files ==</Filter>
    </ClInclude>
    <ClInclude Include="E:\B\MITK\Plugins\org.blueberry.core.commands\src\berryCommandManagerEvent.h">
      <Filter>== Header Files ==</Filter>
    </ClInclude>
    <ClInclude Include="E:\B\MITK\Plugins\org.blueberry.core.commands\src\berryExecutionEvent.h">
      <Filter>== Header Files ==</Filter>
    </ClInclude>
    <ClInclude Include="E:\B\MITK\Plugins\org.blueberry.core.commands\src\berryHandlerEvent.h">
      <Filter>== Header Files ==</Filter>
    </ClInclude>
    <ClInclude Include="E:\B\MITK\Plugins\org.blueberry.core.commands\src\berryICommandCategoryListener.h">
      <Filter>== Header Files ==</Filter>
    </ClInclude>
    <ClInclude Include="E:\B\MITK\Plugins\org.blueberry.core.commands\src\berryICommandListener.h">
      <Filter>== Header Files ==</Filter>
    </ClInclude>
    <ClInclude Include="E:\B\MITK\Plugins\org.blueberry.core.commands\src\berryICommandManagerListener.h">
      <Filter>== Header Files ==</Filter>
    </ClInclude>
    <ClInclude Include="E:\B\MITK\Plugins\org.blueberry.core.commands\src\berryIExecutionListener.h">
      <Filter>== Header Files ==</Filter>
    </ClInclude>
    <ClInclude Include="E:\B\MITK\Plugins\org.blueberry.core.commands\src\berryIExecutionListenerWithChecks.h">
      <Filter>== Header Files ==</Filter>
    </ClInclude>
    <ClInclude Include="E:\B\MITK\Plugins\org.blueberry.core.commands\src\berryIHandlerListener.h">
      <Filter>== Header Files ==</Filter>
    </ClInclude>
    <ClInclude Include="E:\B\MITK\Plugins\org.blueberry.core.commands\src\berryINamedHandleStateIds.h">
      <Filter>== Header Files ==</Filter>
    </ClInclude>
    <ClInclude Include="E:\B\MITK\Plugins\org.blueberry.core.commands\src\berryIParameterTypeListener.h">
      <Filter>== Header Files ==</Filter>
    </ClInclude>
    <ClInclude Include="E:\B\MITK\Plugins\org.blueberry.core.commands\src\berryIParameterValueConverter.h">
      <Filter>== Header Files ==</Filter>
    </ClInclude>
    <ClInclude Include="E:\B\MITK\Plugins\org.blueberry.core.commands\src\berryIParameterValues.h">
      <Filter>== Header Files ==</Filter>
    </ClInclude>
    <ClInclude Include="E:\B\MITK\Plugins\org.blueberry.core.commands\src\berryIStateListener.h">
      <Filter>== Header Files ==</Filter>
    </ClInclude>
    <ClInclude Include="E:\B\MITK\Plugins\org.blueberry.core.commands\src\berryNamedHandleObjectWithState.h">
      <Filter>== Header Files ==</Filter>
    </ClInclude>
    <ClInclude Include="E:\B\MITK\Plugins\org.blueberry.core.commands\src\berryParameterization.h">
      <Filter>== Header Files ==</Filter>
    </ClInclude>
    <ClInclude Include="E:\B\MITK\Plugins\org.blueberry.core.commands\src\berryParameterizedCommand.h">
      <Filter>== Header Files ==</Filter>
    </ClInclude>
    <ClInclude Include="E:\B\MITK\Plugins\org.blueberry.core.commands\src\berryParameterType.h">
      <Filter>== Header Files ==</Filter>
    </ClInclude>
    <ClInclude Include="E:\B\MITK\Plugins\org.blueberry.core.commands\src\berryParameterTypeEvent.h">
      <Filter>== Header Files ==</Filter>
    </ClInclude>
    <ClInclude Include="E:\B\MITK\Plugins\org.blueberry.core.commands\src\berryState.h">
      <Filter>== Header Files ==</Filter>
    </ClInclude>
    <ClInclude Include="E:\B\MITK\Plugins\org.blueberry.core.commands\src\util\berryCommandTracing.h">
      <Filter>== Header Files ==</Filter>
    </ClInclude>
    <ClInclude Include="E:\B\MITK\Plugins\org.blueberry.core.commands\src\common\berryAbstractBitSetEvent.h">
      <Filter>== Header Files ==</Filter>
    </ClInclude>
    <ClInclude Include="E:\B\MITK\Plugins\org.blueberry.core.commands\src\common\berryAbstractHandleObjectEvent.h">
      <Filter>== Header Files ==</Filter>
    </ClInclude>
    <ClInclude Include="E:\B\MITK\Plugins\org.blueberry.core.commands\src\common\berryAbstractNamedHandleEvent.h">
      <Filter>== Header Files ==</Filter>
    </ClInclude>
    <ClInclude Include="E:\B\MITK\Plugins\org.blueberry.core.commands\src\common\berryCommandExceptions.h">
      <Filter>== Header Files ==</Filter>
    </ClInclude>
    <ClInclude Include="E:\B\MITK\Plugins\org.blueberry.core.commands\src\common\berryHandleObject.h">
      <Filter>== Header Files ==</Filter>
    </ClInclude>
    <ClInclude Include="E:\B\MITK\Plugins\org.blueberry.core.commands\src\common\berryHandleObjectManager.h">
      <Filter>== Header Files ==</Filter>
    </ClInclude>
    <ClInclude Include="E:\B\MITK\Plugins\org.blueberry.core.commands\src\common\berryNamedHandleObject.h">
      <Filter>== Header Files ==</Filter>
    </ClInclude>
    <ClInclude Include="E:\B\MITK\Plugins\org.blueberry.core.commands\src\internal\berryCommandUtils.h">
      <Filter>== Header Files ==</Filter>
    </ClInclude>
    <ClInclude Include="E:\B\MITK\Plugins\org.blueberry.core.commands\src\internal\berryPluginActivator.h">
      <Filter>== Header Files ==</Filter>
    </ClInclude>
  </ItemGroup>
  <ItemGroup>
    <CustomBuild Include="E:\B\MITK\Plugins\org.blueberry.core.commands\CMakeLists.txt" />
    <CustomBuild Include="E:\B\MITK-superbuild\MITK-build\CMakeFiles\59e45e18bda6aba9fd33406bb0db4f22\moc_berryAbstractHandler.cpp.rule">
      <Filter>CMake Rules</Filter>
    </CustomBuild>
    <CustomBuild Include="E:\B\MITK-superbuild\MITK-build\CMakeFiles\0f99a64e6ae569172a765e9bad6cd468\moc_berryPluginActivator.cpp.rule">
      <Filter>CMake Rules</Filter>
    </CustomBuild>
    <CustomBuild Include="E:\B\MITK-superbuild\MITK-build\Plugins\org.blueberry.core.commands\org_blueberry_core_commands_manifest.qrc" />
  </ItemGroup>
  <ItemGroup>
    <Filter Include="CMake Rules">
      <UniqueIdentifier>{F9D7BD44-F46A-3074-94FA-ACB39BC09607}</UniqueIdentifier>
    </Filter>
    <Filter Include="== Source Files ==">
      <UniqueIdentifier>{F74E9849-2BD8-37FC-AB16-9CC15E842EFB}</UniqueIdentifier>
    </Filter>
    <Filter Include="== Header Files ==">
      <UniqueIdentifier>{5CB12AE6-547A-3229-B71A-F7731BC56B56}</UniqueIdentifier>
    </Filter>
    <Filter Include="Generated">
      <UniqueIdentifier>{B6896CC9-2DEA-38D0-826B-A636B6701822}</UniqueIdentifier>
    </Filter>
  </ItemGroup>
</Project>
