Microsoft Visual Studio Solution File, Format Version 12.00
# Visual Studio 2013
Project("{8BC9CEB8-8B4A-11D0-8D11-00A0C91BC942}") = "ALL_BUILD", "ALL_BUILD.vcxproj", "{1FA9D5EF-6E70-3395-A5D0-7DC083280670}"
	ProjectSection(ProjectDependencies) = postProject
		{11522B6F-7FCB-3AC7-A3FA-DA3ED4B4CA87} = {11522B6F-7FCB-3AC7-A3FA-DA3ED4B4CA87}
		{A6483A33-2031-3222-8A75-8A1A96BDA952} = {A6483A33-2031-3222-8A75-8A1A96BDA952}
		{01EA713C-745A-36D2-943C-E31EE5DC77F2} = {01EA713C-745A-36D2-943C-E31EE5DC77F2}
		{E779ACC5-87DB-3A51-87F5-859487F707B2} = {E779ACC5-87DB-3A51-87F5-859487F707B2}
		{68BF4632-A826-3F30-A907-A5D9027624EF} = {68BF4632-A826-3F30-A907-A5D9027624EF}
		{0D9E0026-63F2-3CAF-B14A-54194F862A36} = {0D9E0026-63F2-3CAF-B14A-54194F862A36}
		{B6E155AB-F71A-3B4D-A061-C3B5E6749D3E} = {B6E155AB-F71A-3B4D-A061-C3B5E6749D3E}
		{C804D518-1FB8-3DFB-A8A7-D2DD860E77ED} = {C804D518-1FB8-3DFB-A8A7-D2DD860E77ED}
		{83BBC85A-5069-3AE4-B9C4-C2419A150ABB} = {83BBC85A-5069-3AE4-B9C4-C2419A150ABB}
	EndProjectSection
EndProject
Project("{8BC9CEB8-8B4A-11D0-8D11-00A0C91BC942}") = "INSTALL", "INSTALL.vcxproj", "{FA9E2517-6467-36BF-A239-6564330ED7D1}"
	ProjectSection(ProjectDependencies) = postProject
		{1FA9D5EF-6E70-3395-A5D0-7DC083280670} = {1FA9D5EF-6E70-3395-A5D0-7DC083280670}
		{11522B6F-7FCB-3AC7-A3FA-DA3ED4B4CA87} = {11522B6F-7FCB-3AC7-A3FA-DA3ED4B4CA87}
	EndProjectSection
EndProject
Project("{8BC9CEB8-8B4A-11D0-8D11-00A0C91BC942}") = "RUN_TESTS", "RUN_TESTS.vcxproj", "{69D8ECED-BBD0-3B5D-8422-94009EBC1C73}"
	ProjectSection(ProjectDependencies) = postProject
		{11522B6F-7FCB-3AC7-A3FA-DA3ED4B4CA87} = {11522B6F-7FCB-3AC7-A3FA-DA3ED4B4CA87}
	EndProjectSection
EndProject
Project("{8BC9CEB8-8B4A-11D0-8D11-00A0C91BC942}") = "ZERO_CHECK", "..\\ZERO_CHECK.vcxproj", "{11522B6F-7FCB-3AC7-A3FA-DA3ED4B4CA87}"
	ProjectSection(ProjectDependencies) = postProject
	EndProjectSection
EndProject
Project("{8BC9CEB8-8B4A-11D0-8D11-00A0C91BC942}") = "dcmcjpeg", "apps\dcmcjpeg.vcxproj", "{A6483A33-2031-3222-8A75-8A1A96BDA952}"
	ProjectSection(ProjectDependencies) = postProject
		{11522B6F-7FCB-3AC7-A3FA-DA3ED4B4CA87} = {11522B6F-7FCB-3AC7-A3FA-DA3ED4B4CA87}
		{EE2EE8FA-A564-3041-A61C-6CE160F1502D} = {EE2EE8FA-A564-3041-A61C-6CE160F1502D}
		{285DC978-D927-3F17-B442-B67B853B944B} = {285DC978-D927-3F17-B442-B67B853B944B}
		{D8410735-42C5-34F2-AB57-C96F4909C477} = {D8410735-42C5-34F2-AB57-C96F4909C477}
		{68BF4632-A826-3F30-A907-A5D9027624EF} = {68BF4632-A826-3F30-A907-A5D9027624EF}
		{B6E155AB-F71A-3B4D-A061-C3B5E6749D3E} = {B6E155AB-F71A-3B4D-A061-C3B5E6749D3E}
		{C804D518-1FB8-3DFB-A8A7-D2DD860E77ED} = {C804D518-1FB8-3DFB-A8A7-D2DD860E77ED}
		{83BBC85A-5069-3AE4-B9C4-C2419A150ABB} = {83BBC85A-5069-3AE4-B9C4-C2419A150ABB}
		{629E81B1-4C44-3BB8-B7FB-0C00F7A4BB10} = {629E81B1-4C44-3BB8-B7FB-0C00F7A4BB10}
		{6774B1D1-3C3B-38FB-A3AF-9DCA1A845257} = {6774B1D1-3C3B-38FB-A3AF-9DCA1A845257}
	EndProjectSection
EndProject
Project("{8BC9CEB8-8B4A-11D0-8D11-00A0C91BC942}") = "dcmdata", "..\dcmdata\libsrc\dcmdata.vcxproj", "{EE2EE8FA-A564-3041-A61C-6CE160F1502D}"
	ProjectSection(ProjectDependencies) = postProject
		{11522B6F-7FCB-3AC7-A3FA-DA3ED4B4CA87} = {11522B6F-7FCB-3AC7-A3FA-DA3ED4B4CA87}
		{629E81B1-4C44-3BB8-B7FB-0C00F7A4BB10} = {629E81B1-4C44-3BB8-B7FB-0C00F7A4BB10}
		{6774B1D1-3C3B-38FB-A3AF-9DCA1A845257} = {6774B1D1-3C3B-38FB-A3AF-9DCA1A845257}
	EndProjectSection
EndProject
Project("{8BC9CEB8-8B4A-11D0-8D11-00A0C91BC942}") = "dcmdjpeg", "apps\dcmdjpeg.vcxproj", "{01EA713C-745A-36D2-943C-E31EE5DC77F2}"
	ProjectSection(ProjectDependencies) = postProject
		{11522B6F-7FCB-3AC7-A3FA-DA3ED4B4CA87} = {11522B6F-7FCB-3AC7-A3FA-DA3ED4B4CA87}
		{EE2EE8FA-A564-3041-A61C-6CE160F1502D} = {EE2EE8FA-A564-3041-A61C-6CE160F1502D}
		{285DC978-D927-3F17-B442-B67B853B944B} = {285DC978-D927-3F17-B442-B67B853B944B}
		{D8410735-42C5-34F2-AB57-C96F4909C477} = {D8410735-42C5-34F2-AB57-C96F4909C477}
		{68BF4632-A826-3F30-A907-A5D9027624EF} = {68BF4632-A826-3F30-A907-A5D9027624EF}
		{B6E155AB-F71A-3B4D-A061-C3B5E6749D3E} = {B6E155AB-F71A-3B4D-A061-C3B5E6749D3E}
		{C804D518-1FB8-3DFB-A8A7-D2DD860E77ED} = {C804D518-1FB8-3DFB-A8A7-D2DD860E77ED}
		{83BBC85A-5069-3AE4-B9C4-C2419A150ABB} = {83BBC85A-5069-3AE4-B9C4-C2419A150ABB}
		{629E81B1-4C44-3BB8-B7FB-0C00F7A4BB10} = {629E81B1-4C44-3BB8-B7FB-0C00F7A4BB10}
		{6774B1D1-3C3B-38FB-A3AF-9DCA1A845257} = {6774B1D1-3C3B-38FB-A3AF-9DCA1A845257}
	EndProjectSection
EndProject
Project("{8BC9CEB8-8B4A-11D0-8D11-00A0C91BC942}") = "dcmimage", "..\dcmimage\libsrc\dcmimage.vcxproj", "{285DC978-D927-3F17-B442-B67B853B944B}"
	ProjectSection(ProjectDependencies) = postProject
		{11522B6F-7FCB-3AC7-A3FA-DA3ED4B4CA87} = {11522B6F-7FCB-3AC7-A3FA-DA3ED4B4CA87}
		{EE2EE8FA-A564-3041-A61C-6CE160F1502D} = {EE2EE8FA-A564-3041-A61C-6CE160F1502D}
		{D8410735-42C5-34F2-AB57-C96F4909C477} = {D8410735-42C5-34F2-AB57-C96F4909C477}
		{629E81B1-4C44-3BB8-B7FB-0C00F7A4BB10} = {629E81B1-4C44-3BB8-B7FB-0C00F7A4BB10}
		{6774B1D1-3C3B-38FB-A3AF-9DCA1A845257} = {6774B1D1-3C3B-38FB-A3AF-9DCA1A845257}
	EndProjectSection
EndProject
Project("{8BC9CEB8-8B4A-11D0-8D11-00A0C91BC942}") = "dcmimgle", "..\dcmimgle\libsrc\dcmimgle.vcxproj", "{D8410735-42C5-34F2-AB57-C96F4909C477}"
	ProjectSection(ProjectDependencies) = postProject
		{11522B6F-7FCB-3AC7-A3FA-DA3ED4B4CA87} = {11522B6F-7FCB-3AC7-A3FA-DA3ED4B4CA87}
		{EE2EE8FA-A564-3041-A61C-6CE160F1502D} = {EE2EE8FA-A564-3041-A61C-6CE160F1502D}
		{629E81B1-4C44-3BB8-B7FB-0C00F7A4BB10} = {629E81B1-4C44-3BB8-B7FB-0C00F7A4BB10}
		{6774B1D1-3C3B-38FB-A3AF-9DCA1A845257} = {6774B1D1-3C3B-38FB-A3AF-9DCA1A845257}
	EndProjectSection
EndProject
Project("{8BC9CEB8-8B4A-11D0-8D11-00A0C91BC942}") = "dcmj2pnm", "apps\dcmj2pnm.vcxproj", "{E779ACC5-87DB-3A51-87F5-859487F707B2}"
	ProjectSection(ProjectDependencies) = postProject
		{11522B6F-7FCB-3AC7-A3FA-DA3ED4B4CA87} = {11522B6F-7FCB-3AC7-A3FA-DA3ED4B4CA87}
		{EE2EE8FA-A564-3041-A61C-6CE160F1502D} = {EE2EE8FA-A564-3041-A61C-6CE160F1502D}
		{285DC978-D927-3F17-B442-B67B853B944B} = {285DC978-D927-3F17-B442-B67B853B944B}
		{D8410735-42C5-34F2-AB57-C96F4909C477} = {D8410735-42C5-34F2-AB57-C96F4909C477}
		{68BF4632-A826-3F30-A907-A5D9027624EF} = {68BF4632-A826-3F30-A907-A5D9027624EF}
		{B6E155AB-F71A-3B4D-A061-C3B5E6749D3E} = {B6E155AB-F71A-3B4D-A061-C3B5E6749D3E}
		{C804D518-1FB8-3DFB-A8A7-D2DD860E77ED} = {C804D518-1FB8-3DFB-A8A7-D2DD860E77ED}
		{83BBC85A-5069-3AE4-B9C4-C2419A150ABB} = {83BBC85A-5069-3AE4-B9C4-C2419A150ABB}
		{629E81B1-4C44-3BB8-B7FB-0C00F7A4BB10} = {629E81B1-4C44-3BB8-B7FB-0C00F7A4BB10}
		{6774B1D1-3C3B-38FB-A3AF-9DCA1A845257} = {6774B1D1-3C3B-38FB-A3AF-9DCA1A845257}
	EndProjectSection
EndProject
Project("{8BC9CEB8-8B4A-11D0-8D11-00A0C91BC942}") = "dcmjpeg", "libsrc\dcmjpeg.vcxproj", "{68BF4632-A826-3F30-A907-A5D9027624EF}"
	ProjectSection(ProjectDependencies) = postProject
		{11522B6F-7FCB-3AC7-A3FA-DA3ED4B4CA87} = {11522B6F-7FCB-3AC7-A3FA-DA3ED4B4CA87}
		{EE2EE8FA-A564-3041-A61C-6CE160F1502D} = {EE2EE8FA-A564-3041-A61C-6CE160F1502D}
		{285DC978-D927-3F17-B442-B67B853B944B} = {285DC978-D927-3F17-B442-B67B853B944B}
		{D8410735-42C5-34F2-AB57-C96F4909C477} = {D8410735-42C5-34F2-AB57-C96F4909C477}
		{B6E155AB-F71A-3B4D-A061-C3B5E6749D3E} = {B6E155AB-F71A-3B4D-A061-C3B5E6749D3E}
		{C804D518-1FB8-3DFB-A8A7-D2DD860E77ED} = {C804D518-1FB8-3DFB-A8A7-D2DD860E77ED}
		{83BBC85A-5069-3AE4-B9C4-C2419A150ABB} = {83BBC85A-5069-3AE4-B9C4-C2419A150ABB}
		{629E81B1-4C44-3BB8-B7FB-0C00F7A4BB10} = {629E81B1-4C44-3BB8-B7FB-0C00F7A4BB10}
		{6774B1D1-3C3B-38FB-A3AF-9DCA1A845257} = {6774B1D1-3C3B-38FB-A3AF-9DCA1A845257}
	EndProjectSection
EndProject
Project("{8BC9CEB8-8B4A-11D0-8D11-00A0C91BC942}") = "dcmmkdir", "apps\dcmmkdir.vcxproj", "{0D9E0026-63F2-3CAF-B14A-54194F862A36}"
	ProjectSection(ProjectDependencies) = postProject
		{11522B6F-7FCB-3AC7-A3FA-DA3ED4B4CA87} = {11522B6F-7FCB-3AC7-A3FA-DA3ED4B4CA87}
		{EE2EE8FA-A564-3041-A61C-6CE160F1502D} = {EE2EE8FA-A564-3041-A61C-6CE160F1502D}
		{285DC978-D927-3F17-B442-B67B853B944B} = {285DC978-D927-3F17-B442-B67B853B944B}
		{D8410735-42C5-34F2-AB57-C96F4909C477} = {D8410735-42C5-34F2-AB57-C96F4909C477}
		{68BF4632-A826-3F30-A907-A5D9027624EF} = {68BF4632-A826-3F30-A907-A5D9027624EF}
		{B6E155AB-F71A-3B4D-A061-C3B5E6749D3E} = {B6E155AB-F71A-3B4D-A061-C3B5E6749D3E}
		{C804D518-1FB8-3DFB-A8A7-D2DD860E77ED} = {C804D518-1FB8-3DFB-A8A7-D2DD860E77ED}
		{83BBC85A-5069-3AE4-B9C4-C2419A150ABB} = {83BBC85A-5069-3AE4-B9C4-C2419A150ABB}
		{629E81B1-4C44-3BB8-B7FB-0C00F7A4BB10} = {629E81B1-4C44-3BB8-B7FB-0C00F7A4BB10}
		{6774B1D1-3C3B-38FB-A3AF-9DCA1A845257} = {6774B1D1-3C3B-38FB-A3AF-9DCA1A845257}
	EndProjectSection
EndProject
Project("{8BC9CEB8-8B4A-11D0-8D11-00A0C91BC942}") = "ijg12", "libijg12\ijg12.vcxproj", "{B6E155AB-F71A-3B4D-A061-C3B5E6749D3E}"
	ProjectSection(ProjectDependencies) = postProject
		{11522B6F-7FCB-3AC7-A3FA-DA3ED4B4CA87} = {11522B6F-7FCB-3AC7-A3FA-DA3ED4B4CA87}
	EndProjectSection
EndProject
Project("{8BC9CEB8-8B4A-11D0-8D11-00A0C91BC942}") = "ijg16", "libijg16\ijg16.vcxproj", "{C804D518-1FB8-3DFB-A8A7-D2DD860E77ED}"
	ProjectSection(ProjectDependencies) = postProject
		{11522B6F-7FCB-3AC7-A3FA-DA3ED4B4CA87} = {11522B6F-7FCB-3AC7-A3FA-DA3ED4B4CA87}
	EndProjectSection
EndProject
Project("{8BC9CEB8-8B4A-11D0-8D11-00A0C91BC942}") = "ijg8", "libijg8\ijg8.vcxproj", "{83BBC85A-5069-3AE4-B9C4-C2419A150ABB}"
	ProjectSection(ProjectDependencies) = postProject
		{11522B6F-7FCB-3AC7-A3FA-DA3ED4B4CA87} = {11522B6F-7FCB-3AC7-A3FA-DA3ED4B4CA87}
	EndProjectSection
EndProject
Project("{8BC9CEB8-8B4A-11D0-8D11-00A0C91BC942}") = "oflog", "..\oflog\libsrc\oflog.vcxproj", "{629E81B1-4C44-3BB8-B7FB-0C00F7A4BB10}"
	ProjectSection(ProjectDependencies) = postProject
		{11522B6F-7FCB-3AC7-A3FA-DA3ED4B4CA87} = {11522B6F-7FCB-3AC7-A3FA-DA3ED4B4CA87}
		{6774B1D1-3C3B-38FB-A3AF-9DCA1A845257} = {6774B1D1-3C3B-38FB-A3AF-9DCA1A845257}
	EndProjectSection
EndProject
Project("{8BC9CEB8-8B4A-11D0-8D11-00A0C91BC942}") = "ofstd", "..\ofstd\libsrc\ofstd.vcxproj", "{6774B1D1-3C3B-38FB-A3AF-9DCA1A845257}"
	ProjectSection(ProjectDependencies) = postProject
		{11522B6F-7FCB-3AC7-A3FA-DA3ED4B4CA87} = {11522B6F-7FCB-3AC7-A3FA-DA3ED4B4CA87}
	EndProjectSection
EndProject
Global
	GlobalSection(SolutionConfigurationPlatforms) = preSolution
		Debug|Win32 = Debug|Win32
		Release|Win32 = Release|Win32
		MinSizeRel|Win32 = MinSizeRel|Win32
		RelWithDebInfo|Win32 = RelWithDebInfo|Win32
	EndGlobalSection
	GlobalSection(ProjectConfigurationPlatforms) = postSolution
		{1FA9D5EF-6E70-3395-A5D0-7DC083280670}.Debug|Win32.ActiveCfg = Debug|Win32
		{1FA9D5EF-6E70-3395-A5D0-7DC083280670}.Debug|Win32.Build.0 = Debug|Win32
		{1FA9D5EF-6E70-3395-A5D0-7DC083280670}.Release|Win32.ActiveCfg = Release|Win32
		{1FA9D5EF-6E70-3395-A5D0-7DC083280670}.Release|Win32.Build.0 = Release|Win32
		{1FA9D5EF-6E70-3395-A5D0-7DC083280670}.MinSizeRel|Win32.ActiveCfg = MinSizeRel|Win32
		{1FA9D5EF-6E70-3395-A5D0-7DC083280670}.MinSizeRel|Win32.Build.0 = MinSizeRel|Win32
		{1FA9D5EF-6E70-3395-A5D0-7DC083280670}.RelWithDebInfo|Win32.ActiveCfg = RelWithDebInfo|Win32
		{1FA9D5EF-6E70-3395-A5D0-7DC083280670}.RelWithDebInfo|Win32.Build.0 = RelWithDebInfo|Win32
		{FA9E2517-6467-36BF-A239-6564330ED7D1}.Debug|Win32.ActiveCfg = Debug|Win32
		{FA9E2517-6467-36BF-A239-6564330ED7D1}.Release|Win32.ActiveCfg = Release|Win32
		{FA9E2517-6467-36BF-A239-6564330ED7D1}.MinSizeRel|Win32.ActiveCfg = MinSizeRel|Win32
		{FA9E2517-6467-36BF-A239-6564330ED7D1}.RelWithDebInfo|Win32.ActiveCfg = RelWithDebInfo|Win32
		{69D8ECED-BBD0-3B5D-8422-94009EBC1C73}.Debug|Win32.ActiveCfg = Debug|Win32
		{69D8ECED-BBD0-3B5D-8422-94009EBC1C73}.Release|Win32.ActiveCfg = Release|Win32
		{69D8ECED-BBD0-3B5D-8422-94009EBC1C73}.MinSizeRel|Win32.ActiveCfg = MinSizeRel|Win32
		{69D8ECED-BBD0-3B5D-8422-94009EBC1C73}.RelWithDebInfo|Win32.ActiveCfg = RelWithDebInfo|Win32
		{11522B6F-7FCB-3AC7-A3FA-DA3ED4B4CA87}.Debug|Win32.ActiveCfg = Debug|Win32
		{11522B6F-7FCB-3AC7-A3FA-DA3ED4B4CA87}.Debug|Win32.Build.0 = Debug|Win32
		{11522B6F-7FCB-3AC7-A3FA-DA3ED4B4CA87}.Release|Win32.ActiveCfg = Release|Win32
		{11522B6F-7FCB-3AC7-A3FA-DA3ED4B4CA87}.Release|Win32.Build.0 = Release|Win32
		{11522B6F-7FCB-3AC7-A3FA-DA3ED4B4CA87}.MinSizeRel|Win32.ActiveCfg = MinSizeRel|Win32
		{11522B6F-7FCB-3AC7-A3FA-DA3ED4B4CA87}.MinSizeRel|Win32.Build.0 = MinSizeRel|Win32
		{11522B6F-7FCB-3AC7-A3FA-DA3ED4B4CA87}.RelWithDebInfo|Win32.ActiveCfg = RelWithDebInfo|Win32
		{11522B6F-7FCB-3AC7-A3FA-DA3ED4B4CA87}.RelWithDebInfo|Win32.Build.0 = RelWithDebInfo|Win32
		{A6483A33-2031-3222-8A75-8A1A96BDA952}.Debug|Win32.ActiveCfg = Debug|Win32
		{A6483A33-2031-3222-8A75-8A1A96BDA952}.Debug|Win32.Build.0 = Debug|Win32
		{A6483A33-2031-3222-8A75-8A1A96BDA952}.Release|Win32.ActiveCfg = Release|Win32
		{A6483A33-2031-3222-8A75-8A1A96BDA952}.Release|Win32.Build.0 = Release|Win32
		{A6483A33-2031-3222-8A75-8A1A96BDA952}.MinSizeRel|Win32.ActiveCfg = MinSizeRel|Win32
		{A6483A33-2031-3222-8A75-8A1A96BDA952}.MinSizeRel|Win32.Build.0 = MinSizeRel|Win32
		{A6483A33-2031-3222-8A75-8A1A96BDA952}.RelWithDebInfo|Win32.ActiveCfg = RelWithDebInfo|Win32
		{A6483A33-2031-3222-8A75-8A1A96BDA952}.RelWithDebInfo|Win32.Build.0 = RelWithDebInfo|Win32
		{EE2EE8FA-A564-3041-A61C-6CE160F1502D}.Debug|Win32.ActiveCfg = Debug|Win32
		{EE2EE8FA-A564-3041-A61C-6CE160F1502D}.Debug|Win32.Build.0 = Debug|Win32
		{EE2EE8FA-A564-3041-A61C-6CE160F1502D}.Release|Win32.ActiveCfg = Release|Win32
		{EE2EE8FA-A564-3041-A61C-6CE160F1502D}.Release|Win32.Build.0 = Release|Win32
		{EE2EE8FA-A564-3041-A61C-6CE160F1502D}.MinSizeRel|Win32.ActiveCfg = MinSizeRel|Win32
		{EE2EE8FA-A564-3041-A61C-6CE160F1502D}.MinSizeRel|Win32.Build.0 = MinSizeRel|Win32
		{EE2EE8FA-A564-3041-A61C-6CE160F1502D}.RelWithDebInfo|Win32.ActiveCfg = RelWithDebInfo|Win32
		{EE2EE8FA-A564-3041-A61C-6CE160F1502D}.RelWithDebInfo|Win32.Build.0 = RelWithDebInfo|Win32
		{01EA713C-745A-36D2-943C-E31EE5DC77F2}.Debug|Win32.ActiveCfg = Debug|Win32
		{01EA713C-745A-36D2-943C-E31EE5DC77F2}.Debug|Win32.Build.0 = Debug|Win32
		{01EA713C-745A-36D2-943C-E31EE5DC77F2}.Release|Win32.ActiveCfg = Release|Win32
		{01EA713C-745A-36D2-943C-E31EE5DC77F2}.Release|Win32.Build.0 = Release|Win32
		{01EA713C-745A-36D2-943C-E31EE5DC77F2}.MinSizeRel|Win32.ActiveCfg = MinSizeRel|Win32
		{01EA713C-745A-36D2-943C-E31EE5DC77F2}.MinSizeRel|Win32.Build.0 = MinSizeRel|Win32
		{01EA713C-745A-36D2-943C-E31EE5DC77F2}.RelWithDebInfo|Win32.ActiveCfg = RelWithDebInfo|Win32
		{01EA713C-745A-36D2-943C-E31EE5DC77F2}.RelWithDebInfo|Win32.Build.0 = RelWithDebInfo|Win32
		{285DC978-D927-3F17-B442-B67B853B944B}.Debug|Win32.ActiveCfg = Debug|Win32
		{285DC978-D927-3F17-B442-B67B853B944B}.Debug|Win32.Build.0 = Debug|Win32
		{285DC978-D927-3F17-B442-B67B853B944B}.Release|Win32.ActiveCfg = Release|Win32
		{285DC978-D927-3F17-B442-B67B853B944B}.Release|Win32.Build.0 = Release|Win32
		{285DC978-D927-3F17-B442-B67B853B944B}.MinSizeRel|Win32.ActiveCfg = MinSizeRel|Win32
		{285DC978-D927-3F17-B442-B67B853B944B}.MinSizeRel|Win32.Build.0 = MinSizeRel|Win32
		{285DC978-D927-3F17-B442-B67B853B944B}.RelWithDebInfo|Win32.ActiveCfg = RelWithDebInfo|Win32
		{285DC978-D927-3F17-B442-B67B853B944B}.RelWithDebInfo|Win32.Build.0 = RelWithDebInfo|Win32
		{D8410735-42C5-34F2-AB57-C96F4909C477}.Debug|Win32.ActiveCfg = Debug|Win32
		{D8410735-42C5-34F2-AB57-C96F4909C477}.Debug|Win32.Build.0 = Debug|Win32
		{D8410735-42C5-34F2-AB57-C96F4909C477}.Release|Win32.ActiveCfg = Release|Win32
		{D8410735-42C5-34F2-AB57-C96F4909C477}.Release|Win32.Build.0 = Release|Win32
		{D8410735-42C5-34F2-AB57-C96F4909C477}.MinSizeRel|Win32.ActiveCfg = MinSizeRel|Win32
		{D8410735-42C5-34F2-AB57-C96F4909C477}.MinSizeRel|Win32.Build.0 = MinSizeRel|Win32
		{D8410735-42C5-34F2-AB57-C96F4909C477}.RelWithDebInfo|Win32.ActiveCfg = RelWithDebInfo|Win32
		{D8410735-42C5-34F2-AB57-C96F4909C477}.RelWithDebInfo|Win32.Build.0 = RelWithDebInfo|Win32
		{E779ACC5-87DB-3A51-87F5-859487F707B2}.Debug|Win32.ActiveCfg = Debug|Win32
		{E779ACC5-87DB-3A51-87F5-859487F707B2}.Debug|Win32.Build.0 = Debug|Win32
		{E779ACC5-87DB-3A51-87F5-859487F707B2}.Release|Win32.ActiveCfg = Release|Win32
		{E779ACC5-87DB-3A51-87F5-859487F707B2}.Release|Win32.Build.0 = Release|Win32
		{E779ACC5-87DB-3A51-87F5-859487F707B2}.MinSizeRel|Win32.ActiveCfg = MinSizeRel|Win32
		{E779ACC5-87DB-3A51-87F5-859487F707B2}.MinSizeRel|Win32.Build.0 = MinSizeRel|Win32
		{E779ACC5-87DB-3A51-87F5-859487F707B2}.RelWithDebInfo|Win32.ActiveCfg = RelWithDebInfo|Win32
		{E779ACC5-87DB-3A51-87F5-859487F707B2}.RelWithDebInfo|Win32.Build.0 = RelWithDebInfo|Win32
		{68BF4632-A826-3F30-A907-A5D9027624EF}.Debug|Win32.ActiveCfg = Debug|Win32
		{68BF4632-A826-3F30-A907-A5D9027624EF}.Debug|Win32.Build.0 = Debug|Win32
		{68BF4632-A826-3F30-A907-A5D9027624EF}.Release|Win32.ActiveCfg = Release|Win32
		{68BF4632-A826-3F30-A907-A5D9027624EF}.Release|Win32.Build.0 = Release|Win32
		{68BF4632-A826-3F30-A907-A5D9027624EF}.MinSizeRel|Win32.ActiveCfg = MinSizeRel|Win32
		{68BF4632-A826-3F30-A907-A5D9027624EF}.MinSizeRel|Win32.Build.0 = MinSizeRel|Win32
		{68BF4632-A826-3F30-A907-A5D9027624EF}.RelWithDebInfo|Win32.ActiveCfg = RelWithDebInfo|Win32
		{68BF4632-A826-3F30-A907-A5D9027624EF}.RelWithDebInfo|Win32.Build.0 = RelWithDebInfo|Win32
		{0D9E0026-63F2-3CAF-B14A-54194F862A36}.Debug|Win32.ActiveCfg = Debug|Win32
		{0D9E0026-63F2-3CAF-B14A-54194F862A36}.Debug|Win32.Build.0 = Debug|Win32
		{0D9E0026-63F2-3CAF-B14A-54194F862A36}.Release|Win32.ActiveCfg = Release|Win32
		{0D9E0026-63F2-3CAF-B14A-54194F862A36}.Release|Win32.Build.0 = Release|Win32
		{0D9E0026-63F2-3CAF-B14A-54194F862A36}.MinSizeRel|Win32.ActiveCfg = MinSizeRel|Win32
		{0D9E0026-63F2-3CAF-B14A-54194F862A36}.MinSizeRel|Win32.Build.0 = MinSizeRel|Win32
		{0D9E0026-63F2-3CAF-B14A-54194F862A36}.RelWithDebInfo|Win32.ActiveCfg = RelWithDebInfo|Win32
		{0D9E0026-63F2-3CAF-B14A-54194F862A36}.RelWithDebInfo|Win32.Build.0 = RelWithDebInfo|Win32
		{B6E155AB-F71A-3B4D-A061-C3B5E6749D3E}.Debug|Win32.ActiveCfg = Debug|Win32
		{B6E155AB-F71A-3B4D-A061-C3B5E6749D3E}.Debug|Win32.Build.0 = Debug|Win32
		{B6E155AB-F71A-3B4D-A061-C3B5E6749D3E}.Release|Win32.ActiveCfg = Release|Win32
		{B6E155AB-F71A-3B4D-A061-C3B5E6749D3E}.Release|Win32.Build.0 = Release|Win32
		{B6E155AB-F71A-3B4D-A061-C3B5E6749D3E}.MinSizeRel|Win32.ActiveCfg = MinSizeRel|Win32
		{B6E155AB-F71A-3B4D-A061-C3B5E6749D3E}.MinSizeRel|Win32.Build.0 = MinSizeRel|Win32
		{B6E155AB-F71A-3B4D-A061-C3B5E6749D3E}.RelWithDebInfo|Win32.ActiveCfg = RelWithDebInfo|Win32
		{B6E155AB-F71A-3B4D-A061-C3B5E6749D3E}.RelWithDebInfo|Win32.Build.0 = RelWithDebInfo|Win32
		{C804D518-1FB8-3DFB-A8A7-D2DD860E77ED}.Debug|Win32.ActiveCfg = Debug|Win32
		{C804D518-1FB8-3DFB-A8A7-D2DD860E77ED}.Debug|Win32.Build.0 = Debug|Win32
		{C804D518-1FB8-3DFB-A8A7-D2DD860E77ED}.Release|Win32.ActiveCfg = Release|Win32
		{C804D518-1FB8-3DFB-A8A7-D2DD860E77ED}.Release|Win32.Build.0 = Release|Win32
		{C804D518-1FB8-3DFB-A8A7-D2DD860E77ED}.MinSizeRel|Win32.ActiveCfg = MinSizeRel|Win32
		{C804D518-1FB8-3DFB-A8A7-D2DD860E77ED}.MinSizeRel|Win32.Build.0 = MinSizeRel|Win32
		{C804D518-1FB8-3DFB-A8A7-D2DD860E77ED}.RelWithDebInfo|Win32.ActiveCfg = RelWithDebInfo|Win32
		{C804D518-1FB8-3DFB-A8A7-D2DD860E77ED}.RelWithDebInfo|Win32.Build.0 = RelWithDebInfo|Win32
		{83BBC85A-5069-3AE4-B9C4-C2419A150ABB}.Debug|Win32.ActiveCfg = Debug|Win32
		{83BBC85A-5069-3AE4-B9C4-C2419A150ABB}.Debug|Win32.Build.0 = Debug|Win32
		{83BBC85A-5069-3AE4-B9C4-C2419A150ABB}.Release|Win32.ActiveCfg = Release|Win32
		{83BBC85A-5069-3AE4-B9C4-C2419A150ABB}.Release|Win32.Build.0 = Release|Win32
		{83BBC85A-5069-3AE4-B9C4-C2419A150ABB}.MinSizeRel|Win32.ActiveCfg = MinSizeRel|Win32
		{83BBC85A-5069-3AE4-B9C4-C2419A150ABB}.MinSizeRel|Win32.Build.0 = MinSizeRel|Win32
		{83BBC85A-5069-3AE4-B9C4-C2419A150ABB}.RelWithDebInfo|Win32.ActiveCfg = RelWithDebInfo|Win32
		{83BBC85A-5069-3AE4-B9C4-C2419A150ABB}.RelWithDebInfo|Win32.Build.0 = RelWithDebInfo|Win32
		{629E81B1-4C44-3BB8-B7FB-0C00F7A4BB10}.Debug|Win32.ActiveCfg = Debug|Win32
		{629E81B1-4C44-3BB8-B7FB-0C00F7A4BB10}.Debug|Win32.Build.0 = Debug|Win32
		{629E81B1-4C44-3BB8-B7FB-0C00F7A4BB10}.Release|Win32.ActiveCfg = Release|Win32
		{629E81B1-4C44-3BB8-B7FB-0C00F7A4BB10}.Release|Win32.Build.0 = Release|Win32
		{629E81B1-4C44-3BB8-B7FB-0C00F7A4BB10}.MinSizeRel|Win32.ActiveCfg = MinSizeRel|Win32
		{629E81B1-4C44-3BB8-B7FB-0C00F7A4BB10}.MinSizeRel|Win32.Build.0 = MinSizeRel|Win32
		{629E81B1-4C44-3BB8-B7FB-0C00F7A4BB10}.RelWithDebInfo|Win32.ActiveCfg = RelWithDebInfo|Win32
		{629E81B1-4C44-3BB8-B7FB-0C00F7A4BB10}.RelWithDebInfo|Win32.Build.0 = RelWithDebInfo|Win32
		{6774B1D1-3C3B-38FB-A3AF-9DCA1A845257}.Debug|Win32.ActiveCfg = Debug|Win32
		{6774B1D1-3C3B-38FB-A3AF-9DCA1A845257}.Debug|Win32.Build.0 = Debug|Win32
		{6774B1D1-3C3B-38FB-A3AF-9DCA1A845257}.Release|Win32.ActiveCfg = Release|Win32
		{6774B1D1-3C3B-38FB-A3AF-9DCA1A845257}.Release|Win32.Build.0 = Release|Win32
		{6774B1D1-3C3B-38FB-A3AF-9DCA1A845257}.MinSizeRel|Win32.ActiveCfg = MinSizeRel|Win32
		{6774B1D1-3C3B-38FB-A3AF-9DCA1A845257}.MinSizeRel|Win32.Build.0 = MinSizeRel|Win32
		{6774B1D1-3C3B-38FB-A3AF-9DCA1A845257}.RelWithDebInfo|Win32.ActiveCfg = RelWithDebInfo|Win32
		{6774B1D1-3C3B-38FB-A3AF-9DCA1A845257}.RelWithDebInfo|Win32.Build.0 = RelWithDebInfo|Win32
	EndGlobalSection
	GlobalSection(ExtensibilityGlobals) = postSolution
	EndGlobalSection
	GlobalSection(ExtensibilityAddIns) = postSolution
	EndGlobalSection
EndGlobal
