<?xml version="1.0" encoding="UTF-8"?>
<Project ToolsVersion="12.0" xmlns="http://schemas.microsoft.com/developer/msbuild/2003">
  <ItemGroup>
    <ClCompile Include="E:\B\MITK-superbuild\MITK-build\Modules\QmlItems\us_init.cpp">
      <Filter>== Source Files ==</Filter>
    </ClCompile>
    <ClCompile Include="E:\B\MITK\Modules\QmlItems\QmlMitkRenderWindowItem.cpp">
      <Filter>== Source Files ==</Filter>
    </ClCompile>
    <ClCompile Include="E:\B\MITK\Modules\QmlItems\QmlMitkRenderingManager.cpp">
      <Filter>== Source Files ==</Filter>
    </ClCompile>
    <ClCompile Include="E:\B\MITK\Modules\QmlItems\QmlMitkRenderingManagerFactory.cpp">
      <Filter>== Source Files ==</Filter>
    </ClCompile>
    <ClCompile Include="E:\B\MITK\Modules\QmlItems\QmlMitkBigRenderLock.cpp">
      <Filter>== Source Files ==</Filter>
    </ClCompile>
    <ClCompile Include="E:\B\MITK\Modules\QmlItems\QmlMitkFourRenderWindowWidget.cpp">
      <Filter>== Source Files ==</Filter>
    </ClCompile>
    <ClCompile Include="E:\B\MITK-superbuild\MITK-build\Modules\QmlItems\moc_QmlMitkRenderWindowItem.cpp">
      <Filter>Generated\Qt MOC Source Files</Filter>
    </ClCompile>
    <ClCompile Include="E:\B\MITK-superbuild\MITK-build\Modules\QmlItems\moc_QmlMitkRenderingManager.cpp">
      <Filter>Generated\Qt MOC Source Files</Filter>
    </ClCompile>
    <ClCompile Include="E:\B\MITK-superbuild\MITK-build\Modules\QmlItems\moc_QmlMitkBigRenderLock.cpp">
      <Filter>Generated\Qt MOC Source Files</Filter>
    </ClCompile>
    <ClCompile Include="E:\B\MITK-superbuild\MITK-build\Modules\QmlItems\moc_QmlMitkFourRenderWindowWidget.cpp">
      <Filter>Generated\Qt MOC Source Files</Filter>
    </ClCompile>
  </ItemGroup>
  <ItemGroup>
    <ClInclude Include="E:\B\MITK\Modules\QmlItems\QmlMitkRenderWindowItem.h">
      <Filter>== Header Files ==</Filter>
    </ClInclude>
    <ClInclude Include="E:\B\MITK\Modules\QmlItems\QmlMitkRenderingManager.h">
      <Filter>== Header Files ==</Filter>
    </ClInclude>
    <ClInclude Include="E:\B\MITK\Modules\QmlItems\QmlMitkRenderingManagerFactory.h">
      <Filter>== Header Files ==</Filter>
    </ClInclude>
    <ClInclude Include="E:\B\MITK\Modules\QmlItems\QmlMitkBigRenderLock.h">
      <Filter>== Header Files ==</Filter>
    </ClInclude>
    <ClInclude Include="E:\B\MITK\Modules\QmlItems\QmlMitkFourRenderWindowWidget.h">
      <Filter>== Header Files ==</Filter>
    </ClInclude>
  </ItemGroup>
  <ItemGroup>
    <CustomBuild Include="E:\B\MITK\Modules\QmlItems\CMakeLists.txt" />
    <CustomBuild Include="E:\B\MITK-superbuild\MITK-build\CMakeFiles\8b2287c68085b715b15bb078714f59f3\moc_QmlMitkRenderWindowItem.cpp.rule">
      <Filter>CMake Rules</Filter>
    </CustomBuild>
    <CustomBuild Include="E:\B\MITK-superbuild\MITK-build\CMakeFiles\8b2287c68085b715b15bb078714f59f3\moc_QmlMitkRenderingManager.cpp.rule">
      <Filter>CMake Rules</Filter>
    </CustomBuild>
    <CustomBuild Include="E:\B\MITK-superbuild\MITK-build\CMakeFiles\8b2287c68085b715b15bb078714f59f3\moc_QmlMitkBigRenderLock.cpp.rule">
      <Filter>CMake Rules</Filter>
    </CustomBuild>
    <CustomBuild Include="E:\B\MITK-superbuild\MITK-build\CMakeFiles\8b2287c68085b715b15bb078714f59f3\moc_QmlMitkFourRenderWindowWidget.cpp.rule">
      <Filter>CMake Rules</Filter>
    </CustomBuild>
  </ItemGroup>
  <ItemGroup>
    <Filter Include="Generated\Qt MOC Source Files">
      <UniqueIdentifier>{0F85BD35-5644-37EF-8300-16D1D198A25B}</UniqueIdentifier>
    </Filter>
    <Filter Include="CMake Rules">
      <UniqueIdentifier>{F9D7BD44-F46A-3074-94FA-ACB39BC09607}</UniqueIdentifier>
    </Filter>
    <Filter Include="Generated">
      <UniqueIdentifier>{B6896CC9-2DEA-38D0-826B-A636B6701822}</UniqueIdentifier>
    </Filter>
    <Filter Include="== Source Files ==">
      <UniqueIdentifier>{F74E9849-2BD8-37FC-AB16-9CC15E842EFB}</UniqueIdentifier>
    </Filter>
    <Filter Include="== Header Files ==">
      <UniqueIdentifier>{5CB12AE6-547A-3229-B71A-F7731BC56B56}</UniqueIdentifier>
    </Filter>
  </ItemGroup>
</Project>
