<?xml version="1.0" encoding="UTF-8"?>
<Project ToolsVersion="12.0" xmlns="http://schemas.microsoft.com/developer/msbuild/2003">
  <ItemGroup>
    <ClCompile Include="E:\B\MITK-superbuild\ep\src\VTK\Imaging\Stencil\vtkImageStencil.cxx">
      <Filter>Source Files</Filter>
    </ClCompile>
    <ClCompile Include="E:\B\MITK-superbuild\ep\src\VTK\Imaging\Stencil\vtkImageStencilToImage.cxx">
      <Filter>Source Files</Filter>
    </ClCompile>
    <ClCompile Include="E:\B\MITK-superbuild\ep\src\VTK\Imaging\Stencil\vtkImageToImageStencil.cxx">
      <Filter>Source Files</Filter>
    </ClCompile>
    <ClCompile Include="E:\B\MITK-superbuild\ep\src\VTK\Imaging\Stencil\vtkImplicitFunctionToImageStencil.cxx">
      <Filter>Source Files</Filter>
    </ClCompile>
    <ClCompile Include="E:\B\MITK-superbuild\ep\src\VTK\Imaging\Stencil\vtkLassoStencilSource.cxx">
      <Filter>Source Files</Filter>
    </ClCompile>
    <ClCompile Include="E:\B\MITK-superbuild\ep\src\VTK\Imaging\Stencil\vtkPolyDataToImageStencil.cxx">
      <Filter>Source Files</Filter>
    </ClCompile>
    <ClCompile Include="E:\B\MITK-superbuild\ep\src\VTK\Imaging\Stencil\vtkROIStencilSource.cxx">
      <Filter>Source Files</Filter>
    </ClCompile>
    <ClCompile Include="E:\B\MITK-superbuild\ep\src\VTK-build\Imaging\Stencil\vtkImagingStencilInstantiator.cxx">
      <Filter>Source Files</Filter>
    </ClCompile>
  </ItemGroup>
  <ItemGroup>
    <ClInclude Include="E:\B\MITK-superbuild\ep\src\VTK\Imaging\Stencil\vtkImageStencil.h">
      <Filter>Header Files</Filter>
    </ClInclude>
    <ClInclude Include="E:\B\MITK-superbuild\ep\src\VTK\Imaging\Stencil\vtkImageStencilToImage.h">
      <Filter>Header Files</Filter>
    </ClInclude>
    <ClInclude Include="E:\B\MITK-superbuild\ep\src\VTK\Imaging\Stencil\vtkImageToImageStencil.h">
      <Filter>Header Files</Filter>
    </ClInclude>
    <ClInclude Include="E:\B\MITK-superbuild\ep\src\VTK\Imaging\Stencil\vtkImplicitFunctionToImageStencil.h">
      <Filter>Header Files</Filter>
    </ClInclude>
    <ClInclude Include="E:\B\MITK-superbuild\ep\src\VTK\Imaging\Stencil\vtkLassoStencilSource.h">
      <Filter>Header Files</Filter>
    </ClInclude>
    <ClInclude Include="E:\B\MITK-superbuild\ep\src\VTK\Imaging\Stencil\vtkPolyDataToImageStencil.h">
      <Filter>Header Files</Filter>
    </ClInclude>
    <ClInclude Include="E:\B\MITK-superbuild\ep\src\VTK\Imaging\Stencil\vtkROIStencilSource.h">
      <Filter>Header Files</Filter>
    </ClInclude>
    <ClInclude Include="E:\B\MITK-superbuild\ep\src\VTK-build\Imaging\Stencil\vtkImagingStencilModule.h">
      <Filter>Header Files</Filter>
    </ClInclude>
    <ClInclude Include="E:\B\MITK-superbuild\ep\src\VTK-build\Imaging\Stencil\vtkImagingStencilInstantiator.h">
      <Filter>Header Files</Filter>
    </ClInclude>
  </ItemGroup>
  <ItemGroup>
    <CustomBuild Include="E:\B\MITK-superbuild\ep\src\VTK\Imaging\Stencil\CMakeLists.txt" />
  </ItemGroup>
  <ItemGroup>
    <Filter Include="Source Files">
      <UniqueIdentifier>{600A26B5-F89A-37EA-9908-FE6BF3F03878}</UniqueIdentifier>
    </Filter>
    <Filter Include="Header Files">
      <UniqueIdentifier>{A7EEA7A8-D9C7-33D9-A983-4D5FA2209263}</UniqueIdentifier>
    </Filter>
  </ItemGroup>
</Project>
